{
  "version": 4,
  "terraform_version": "1.14.8",
  "serial": 16,
  "lineage": "772f1814-7c56-19c8-b972-9541f54b35a4",
  "outputs": {
    "acr_admin_username": {
      "value": "chillphimacr2026phat",
      "type": "string"
    },
    "acr_login_server": {
      "value": "chillphimacr2026phat.azurecr.io",
      "type": "string"
    },
    "aks_cluster_name": {
      "value": "chillphim-aks",
      "type": "string"
    },
    "aks_kube_config_command": {
      "value": "az aks get-credentials --resource-group chillphim-rg --name chillphim-aks",
      "type": "string"
    },
    "resource_group_name": {
      "value": "chillphim-rg",
      "type": "string"
    }
  },
  "resources": [
    {
      "mode": "managed",
      "type": "azurerm_container_registry",
      "name": "acr",
      "provider": "provider[\"registry.terraform.io/hashicorp/azurerm\"]",
      "instances": [
        {
          "schema_version": 2,
          "attributes": {
            "admin_enabled": true,
            "admin_password": "8x1cqVsLFXIwFeluIQwyG1NH5jGAnbJ03o0K0VIrm60t2G4GmGU2JQQJ99CDACi0881Eqg7NAAACAZCRjV0K",
            "admin_username": "chillphimacr2026phat",
            "anonymous_pull_enabled": false,
            "data_endpoint_enabled": false,
            "encryption": [
              {
                "enabled": false,
                "identity_client_id": "",
                "key_vault_key_id": ""
              }
            ],
            "export_policy_enabled": true,
            "georeplications": [],
            "id": "/subscriptions/fb89bb2a-64ce-44b2-8261-680f1192d822/resourceGroups/chillphim-rg/providers/Microsoft.ContainerRegistry/registries/chillphimacr2026phat",
            "identity": [],
            "location": "japaneast",
            "login_server": "chillphimacr2026phat.azurecr.io",
            "name": "chillphimacr2026phat",
            "network_rule_bypass_option": "AzureServices",
            "network_rule_set": [],
            "public_network_access_enabled": true,
            "quarantine_policy_enabled": false,
            "resource_group_name": "chillphim-rg",
            "retention_policy": [
              {
                "days": 7,
                "enabled": false
              }
            ],
            "sku": "Basic",
            "tags": {},
            "timeouts": null,
            "trust_policy": [
              {
                "enabled": false
              }
            ],
            "zone_redundancy_enabled": false
          },
          "sensitive_attributes": [
            [
              {
                "type": "get_attr",
                "value": "admin_password"
              }
            ]
          ],
          "identity_schema_version": 0,
          "private": "eyJlMmJmYjczMC1lY2FhLTExZTYtOGY4OC0zNDM2M2JjN2M0YzAiOnsiY3JlYXRlIjoxODAwMDAwMDAwMDAwLCJkZWxldGUiOjE4MDAwMDAwMDAwMDAsInJlYWQiOjMwMDAwMDAwMDAwMCwidXBkYXRlIjoxODAwMDAwMDAwMDAwfSwic2NoZW1hX3ZlcnNpb24iOiIyIn0=",
          "dependencies": [
            "azurerm_resource_group.rg"
          ]
        }
      ]
    },
    {
      "mode": "managed",
      "type": "azurerm_kubernetes_cluster",
      "name": "aks",
      "provider": "provider[\"registry.terraform.io/hashicorp/azurerm\"]",
      "instances": [
        {
          "schema_version": 2,
          "attributes": {
            "aci_connector_linux": [],
            "api_server_access_profile": [],
            "api_server_authorized_ip_ranges": [],
            "auto_scaler_profile": [],
            "automatic_channel_upgrade": "",
            "azure_active_directory_role_based_access_control": [],
            "azure_policy_enabled": false,
            "confidential_computing": [],
            "cost_analysis_enabled": false,
            "current_kubernetes_version": "1.34.4",
            "custom_ca_trust_certificates_base64": [],
            "default_node_pool": [
              {
                "capacity_reservation_group_id": "",
                "custom_ca_trust_enabled": false,
                "enable_auto_scaling": false,
                "enable_host_encryption": false,
                "enable_node_public_ip": false,
                "fips_enabled": false,
                "gpu_instance": "",
                "host_group_id": "",
                "kubelet_config": [],
                "kubelet_disk_type": "OS",
                "linux_os_config": [],
                "max_count": 0,
                "max_pods": 30,
                "message_of_the_day": "",
                "min_count": 0,
                "name": "default",
                "node_count": 1,
                "node_labels": {},
                "node_network_profile": [],
                "node_public_ip_prefix_id": "",
                "node_taints": [],
                "only_critical_addons_enabled": false,
                "orchestrator_version": "1.34.4",
                "os_disk_size_gb": 128,
                "os_disk_type": "Managed",
                "os_sku": "Ubuntu",
                "pod_subnet_id": "",
                "proximity_placement_group_id": "",
                "scale_down_mode": "Delete",
                "snapshot_id": "",
                "tags": {},
                "temporary_name_for_rotation": "",
                "type": "VirtualMachineScaleSets",
                "ultra_ssd_enabled": false,
                "upgrade_settings": [
                  {
                    "drain_timeout_in_minutes": 0,
                    "max_surge": "10%",
                    "node_soak_duration_in_minutes": 0
                  }
                ],
                "vm_size": "Standard_D2s_v3",
                "vnet_subnet_id": "/subscriptions/fb89bb2a-64ce-44b2-8261-680f1192d822/resourceGroups/chillphim-rg/providers/Microsoft.Network/virtualNetworks/chillphim-vnet/subnets/chillphim-subnet",
                "workload_runtime": "",
                "zones": []
              }
            ],
            "disk_encryption_set_id": "",
            "dns_prefix": "chillphimaks",
            "dns_prefix_private_cluster": "",
            "edge_zone": "",
            "enable_pod_security_policy": false,
            "fqdn": "chillphimaks-2m8xjdhr.hcp.japaneast.azmk8s.io",
            "http_application_routing_enabled": false,
            "http_application_routing_zone_name": "",
            "http_proxy_config": [],
            "id": "/subscriptions/fb89bb2a-64ce-44b2-8261-680f1192d822/resourceGroups/chillphim-rg/providers/Microsoft.ContainerService/managedClusters/chillphim-aks",
            "identity": [
              {
                "identity_ids": [],
                "principal_id": "105f05df-7a53-4802-88cf-18fe05520e89",
                "tenant_id": "14d5de2b-d212-4175-92d5-156ea5b7c037",
                "type": "SystemAssigned"
              }
            ],
            "image_cleaner_enabled": false,
            "image_cleaner_interval_hours": 48,
            "ingress_application_gateway": [
              {
                "effective_gateway_id": "/subscriptions/fb89bb2a-64ce-44b2-8261-680f1192d822/resourceGroups/MC_chillphim-rg_chillphim-aks_japaneast/providers/Microsoft.Network/applicationGateways/chillphim-appgw",
                "gateway_id": "",
                "gateway_name": "chillphim-appgw",
                "ingress_application_gateway_identity": [
                  {
                    "client_id": "aa727c15-7855-40e7-80d1-061e720a438d",
                    "object_id": "53d7aa24-ec62-4859-a983-c4b59c63faff",
                    "user_assigned_identity_id": "/subscriptions/fb89bb2a-64ce-44b2-8261-680f1192d822/resourcegroups/MC_chillphim-rg_chillphim-aks_japaneast/providers/Microsoft.ManagedIdentity/userAssignedIdentities/ingressapplicationgateway-chillphim-aks"
                  }
                ],
                "subnet_cidr": "",
                "subnet_id": "/subscriptions/fb89bb2a-64ce-44b2-8261-680f1192d822/resourceGroups/chillphim-rg/providers/Microsoft.Network/virtualNetworks/chillphim-vnet/subnets/gateway-subnet"
              }
            ],
            "key_management_service": [],
            "key_vault_secrets_provider": [],
            "kube_admin_config": [],
            "kube_admin_config_raw": "",
            "kube_config": [
              {
                "client_certificate": "LS0tLS1CRUdJTiBDRVJUSUZJQ0FURS0tLS0tCk1JSUZIVENDQXdXZ0F3SUJBZ0lRR0p4ZXdhdDdrWmV4M1QzR1FQTHBOekFOQmdrcWhraUc5dzBCQVFzRkFEQU4KTVFzd0NRWURWUVFERXdKallUQWVGdzB5TmpBME1qUXdPREF6TWpkYUZ3MHlPREEwTWpRd09ERXpNamRhTURBeApGekFWQmdOVkJBb1REbk41YzNSbGJUcHRZWE4wWlhKek1SVXdFd1lEVlFRREV3eHRZWE4wWlhKamJHbGxiblF3CmdnSWlNQTBHQ1NxR1NJYjNEUUVCQVFVQUE0SUNEd0F3Z2dJS0FvSUNBUUNwazBuMzJKd2VIcm4ybDR0RXA3Q2EKNHFUTEZxU0RIdWNyNjZPUk11UGxDZjA3UkZELzlQVEpWbVM2alZjVmJhbitwSTgyZzZqUnBlOHU4MVlJSWNxbQowazJjUEhjcXV4RWE4WmttSCs5SzhNTVNZaVZMSWhua05XTTVqdWhUcU9UWFhzUy9jTkczZjBmbnJNcFhYeEhFCm9PSndkaysxZ3ZSODBTQnE5TnZuWTNMOVFkQUZFakZITHNBVnhnb1RWSUxKQjllY1Zod0NUbGJZZEJRK3ZvY04KRk9BTXI2TEo0RWdNZmN0UWtIREQ3TzU4NFc5WnRTM3haZHJqVVFKeGw4NitnQ3hSS3dUNGZ3ZkVBMHpnRDVUTAp3dDUzc2R4d1JrUmJSVURqS0NEYkEydzg0dWZjYnJ4NzNaQW4zTktuWHhyd2JYLzBaZ0psUTJUOFB3MTV4cWplCktucC9rRmpHUURRZVdyalJGZFFOZ3VldXZHUXVpa2NpZllNc3I3SUIwbTRJY0tFaWJRY0J3UmpiNUtLZzUyZjEKRlVzYktWcW8zYkhsT1duRU0yaGNRdnEzUHhSSk5wRWV2RWQ1TXVBM0R4VGJCZS9rNm96bnhaTURXaEhPM0R4Vwo0UnIrUGVhS2Q1R0ZSV0dEMnlqYmxxVmhndFV4UUZwMG1WV1NrdVRSelVmMVk0Q1JpUDRmTzhLcDBnVlF5bWt5ClAzdGt2c1lLekFTcFVBaENseEpkSVdCYlhJMDN6TXNGSHozSnJKTmRpK0xNdTh6OUpQV2RKaDB3Y2doQzRkRkIKanF0UUVZSDNZNS9UeXF1RG52dS9CeGhwbW0xQnhZM3gxSW1jdGxIUVJyZlNhcDlGTi8yWVB3SFQ1L2NnYlR0bQpvbFF1dm4wUklraVl5RUIwQUoxKzdRSURBUUFCbzFZd1ZEQU9CZ05WSFE4QkFmOEVCQU1DQmFBd0V3WURWUjBsCkJBd3dDZ1lJS3dZQkJRVUhBd0l3REFZRFZSMFRBUUgvQkFJd0FEQWZCZ05WSFNNRUdEQVdnQlNTT2xuZXpLU1EKRXFxQWhiTFdHSkF3RFYvYllEQU5CZ2txaGtpRzl3MEJBUXNGQUFPQ0FnRUFBQTBwaUVaT1ZmV1pZQWRaTTBJawo0ZDF3ekZaeEI5OFI5NW9FRFJkNi90cTJhaGpUdUI4bTBGcHJHemUxTXNkdXJMV2NBSENDaGlaVEI3NjI3bmF1CnNMU2NESXBjUmdKYWpPNzRlLzB2SDNHdWxMK2FTSmtmdThyWlRRUVAwT0dRQ3pRMDlRd0EzcU5VSzZ1b0ZTT3QKUWYyQVJlME93V0NXbWhwWGdHUDkxbFpmRGo3SURHOWNFNzcvZ0RCcUkvSVFDVXQ1QmRkeTM5VmVzVU1GMk4xYgpocjE5djBrVzdoMUhERXkzemREVi8ySVhuaHZuTFpnUDBXYWI4UDk5OElWbHZSZVgyNUFIQTZEcUtSKytyNXhkCktYSFM3NXpNdS9FTEE5aEVTcXZFY3N0VEVGZnF3WnA2ek5hamp1ZWhlekd1U0kva21WMTh5L20xdVhURmtjUGkKOHN1Wm8vbEJ0R2x4Zko1MWxDLzRBZkhmaGxYUGFWSkRWS1ZhRk9BZ1c1SnlZYzVTUVhhQW5US3c4RHJDUHdYVQo4MVFpSTJZOVFxQkNldkJIbm9aSVkxOE9lUjZObzF4dlBsU2owQ3pLRVpHMW9EQjh5LzR2Skp6US9uKzJzUmV5Ck1tdzQ1VHBuTy9lMG9vVzdiQ0kxTFJrQ3lwRzgxYlpOQTFvNnlwWmJFS296dlVkNU9yYTl0cEhEMGtaaTkwZHIKUUx6YkhVS0MzaWF0a3NxUHdML3ZKeEV3SW9PTWk1UmJ4TkgvSlE2M1pyQUIrYTdjbHpHbURVWEgrV0JXdzYzOAo3N3czeTMwdUlla3NycXlxdzJkR2dLdDNLU1hieCthRnJnMHVlWVJQTlFOQ2JjZDF3Y2FtNjh0dXl1aTd6aUk4Clk5OHFnWDhyT05PSEZYYnBSOXN1dnd3PQotLS0tLUVORCBDRVJUSUZJQ0FURS0tLS0tCg==",
                "client_key": "LS0tLS1CRUdJTiBSU0EgUFJJVkFURSBLRVktLS0tLQpNSUlKSndJQkFBS0NBZ0VBcVpOSjk5aWNIaDY1OXBlTFJLZXdtdUtreXhha2d4N25LK3Vqa1RMajVRbjlPMFJRCi8vVDB5VlprdW8xWEZXMnAvcVNQTm9PbzBhWHZMdk5XQ0NIS3B0Sk5uRHgzS3JzUkd2R1pKaC92U3ZEREVtSWwKU3lJWjVEVmpPWTdvVTZqazExN0V2M0RSdDM5SDU2ektWMThSeEtEaWNIWlB0WUwwZk5FZ2F2VGI1Mk55L1VIUQpCUkl4Unk3QUZjWUtFMVNDeVFmWG5GWWNBazVXMkhRVVByNkhEUlRnREsraXllQklESDNMVUpCd3crenVmT0Z2CldiVXQ4V1hhNDFFQ2NaZk92b0FzVVNzRStIOEh4QU5NNEErVXk4TGVkN0hjY0VaRVcwVkE0eWdnMndOc1BPTG4KM0c2OGU5MlFKOXpTcDE4YThHMS85R1lDWlVOay9EOE5lY2FvM2lwNmY1Qll4a0EwSGxxNDBSWFVEWUxucnJ4awpMb3BISW4yRExLK3lBZEp1Q0hDaEltMEhBY0VZMitTaW9PZG45UlZMR3lsYXFOMng1VGxweEROb1hFTDZ0ejhVClNUYVJIcnhIZVRMZ053OFUyd1h2NU9xTTU4V1RBMW9SenR3OFZ1RWEvajNtaW5lUmhVVmhnOXNvMjVhbFlZTFYKTVVCYWRKbFZrcExrMGMxSDlXT0FrWWorSHp2Q3FkSUZVTXBwTWo5N1pMN0dDc3dFcVZBSVFwY1NYU0ZnVzF5TgpOOHpMQlI4OXlheVRYWXZpekx2TS9TVDFuU1lkTUhJSVF1SFJRWTZyVUJHQjkyT2YwOHFyZzU3N3Z3Y1lhWnB0ClFjV044ZFNKbkxaUjBFYTMwbXFmUlRmOW1EOEIwK2YzSUcwN1pxSlVMcjU5RVNKSW1NaEFkQUNkZnUwQ0F3RUEKQVFLQ0FnQW93UWZCWTVNZG9BZlVibFpmc1NkK0NlTk9GY3FDNHIzdkxjb1pQdEJMZnV1WHYxTHlPT1pOcnhBMQpUM3V5NERDL1RNQkllenJxNjhUQWxXWERQWS9OS1BUVERDc2RuMmk4ZjN6dGp6WTgzZ0ViM1crV0Q0T0dkNWc1CndKRXdiZ0pWaW1haGxkVXBFeE51Wi9ZWEtuZUVPS0JESkFRREhRNXlJdloyRGhQOWw4YU9mQzhvME5iOEF3M1MKRGM3bEYyWDVONFBIaEdCbDQzcjJ1V3NXSzBjY3l6d1BnSFNRclBEVDQ3V2x6cGp6VlhGNW5OcGNobkVjdDN4MApMa2Qya21Qekg2M0c4aDVYTkh4aXpPSkFaUzQvREQzWUtXeFBwV3VQUGVVYTBzMldwVXR4bEp6aHV0RmN1WUtJCk9nZDhoeHhiMVEwdjZRWkJYUUdicC9HdXB5SjFJanVST3l3Zy9aWGdGTTE1ZUVMdjlnbmVWb2tYMkhvU3lqNDUKbUtRQXBHTW1XNWV4RVBtSGIrK1RKUWM4UmVTK21iakZuVGNtKzljc1R0VnZIS1c1bmdpUWhDQnhrTitkTnRXMAo0bThKOVlMUi9zWXZNSDAwOTVsVEtzOUxvSjRBNHIzSzhObUJsNFVPb0xpdmE3c3IvMUp3bWVnTzVoa2VRL3RGCm9CQjFDSnRyWCt0bDZPWlQvUFVhNldmUzhFM1NsUENSQUI0NlVZcndaZUR1eFFaSHVFQ2xHNkRrRnZ5MXJJL2cKNklkYWJxdjBKSjdNdXYyS1RidTJsbW9Mb1ZLTWtsWHc3OVhHRmZsNnNhdnhYNS9XK3I1cS85VlV1Sm5uYThmeAoxWi9DUlduK1V4VzQ3aFI3c09hRVF5cnpRRlVoLytoQmplNVJBamYxZ3lJSGpGTVhGd0tDQVFFQXpmV0lsMCtECjhBZkFTaEt3ai94ZmZYWDhIMlNSd2RLU3lOOFhicE5LRFoxNkloN0hRUXQ4WEdDZXloUmJGYzRZbEQ4SW1WU3IKVTVLcmcycThJcmhuS25YRVZqVndieW1ESzV3Ny9XVytxUUE5Mmc3d3J1RU5WOXY5cDhrdTFLSFVaaVdkZ0tqdApEaTNUeC9ud3RYMzEwdTR3YlR4aWpVUVNMeEt5ZjM2Q2liZzJ6cFZTbE8ybzJsenlod3ppaHBvVlU0RjdidlJyClJvK09yeGlGVzI1NjZmMlUvd1JaKzJCQUczeittQUpETk43RWZBZkRyclcySlV2RGdyQnkxMms5SzFHbjVKQWcKVEdObjcyZWkwWnNBSVpiSUJYZzlPUG1lTUhiU2I0ckpkeG40TGlQdndwNS82UWVzeUZlK0h4Z2lmUEw0eTYzUQpia3JVclczZ0RFNW9rd0tDQVFFQTBzYTMrb2lrajlMeVJPMWd0RERUaXZIVFg2aTVNV09RWkNsbmtubWNWYk9LCkcvNGZwQTJuT2I3UDJLcU1nTDk0MEdnZVZJNUo0ZEt6cHYrY0FMWjhxM1NwZjNGeEVaRDRwa05OaG12OWYxbWcKUWcyN25wZHNZUzNFQVlNQ0w0dFdTSDhyOUMyZldHMHc2Wk1Jd2l1cGFtRW53L2d2azJLQ2UwVVZndnlEcWZ1Lwp1dTVyQ1RqeGh6bkk5K01YckNzUGhEeDBPQXRoZkZHZGxlK0doa2lKQ0hzRy9CSWhwMTlsemo3eDV6azZyeElZCkx6V0ZvUVk0NGpacFFGOVliTzZNZHIrZVdJcUkxN1ZXRE0vRFFyRWVDT1JOUzZZT3Y5RCtEQmJzdmFWREFzK0oKRUxQTVRwTnRRUCtyRU9qbVViMWlXQ0tXT1FiTzJ1OWd3eDVHaEdLcWZ3S0NBUUJVZmpSSkR0L3JxdUppQVFUYQpMUWpucVcyRFczakljU0N5czRNalk5MXZkSGxVWWhnUVFTd0ZvY1hDMVZNQXdRb29WeXVwNjZoVm9zZ21JN1dHCjhPdXg2WnBnVzVBQ3FwOGJWdjd0Vjc0K0N0RlZFZWYvZG1oSThRRkF3aklxSFRITHJnYk5iMy9BMzJBUW5DTDUKOGZEVlZjNGNJamUwQ0ljRk5NQnh1VzdJSFFDdkEyZGJuWncxNlFlK0M3VXF6eStNa0lRWTRzRFhzN0V2ZC9uTgpwcWRhTXlQYTh1Z1BUazgrZDZyaXBacjRwNk1uMXUrYVR3V29pMHByNVFOWUI5NkdWUHR4c3didEQ2TGwvamczCmtVVWVnb01RYTJHQ2JEVlBZSSs0SHRIRHdLMm1FQ3dlUlhQb0g3UHNoTUtFY3h4QzhsTExERVdEMmNNaVd2OGQKVFZWdEFvSUJBQ3VyTkM3WjVJNVB2Qlgvd0V0VTJsOHRId2Z3b3YzU2pQWFRoanZZcWtVdlAydnhTSWpxc3p6SgpoYkowRTB3UlgyeCtSZHBxNkcrN0FiR1Z2N0orSEhKQloyU2FFano3ZGlpc1JRR1dtaHlxYXdPRWFOekFycG1yCnE3Sk1mRVZ4YnR6eVRCNzQzTXlyUXJrQjE0eXpFeFNSTUhYdms1dkxpeEVURFJQb1VUY0VpNEtsSnRQd1Vrb2IKOU1FMjhZNmdGVVRtYVlXN0JlV0YyMHBYSjkzbVpVMjJmNG4yRDdibmt1WWFNSEFoY1VFWVZKNWpUbDVBTmNUWQpWUkliTHV6U3Q1TmF1K25JT2ZYSEFoOEJaSWtLdlJoR2hLVXBzR0NaWWlrTER0MXp3ZUJ4TXdxYzFiVnA0ZmJYCmdZK3RVUnFhVENmS2NxazUrZDF1UHZQdDc5bzV2dTBDZ2dFQWU2b3EvZVROd1JYeW5tdUkxemdMTlM5aWtjRUsKdVI1RWRLYS9va09YQnNXRDFsNHdMdGY3QTBBV1Zkcm11OEYzTndjM0E1aGwxMnBTc2tQb0ZVTXdyOHBXVTFpMwpLd0NiakRRSkZHVFRUNFFEQlIxQ2dKaTZVYlhON1I3QU1XbjhHSWJLeEh3cnA4RkhEOHZlaXZnQmFXd2JWVHVGCi9BZWdQTEdvNFhiYnJ0OG81YnREQS95SkVFRVNCL3BrY1QxdmF0SFQybmpxZ3E2NVB3a0duMDZ3eXZKYnp1eDgKbEgxRkx5NHRvQjgvRGtQdXdwV0c2Q1RxVjl0WHA1VGhZSEtpWTl4Mmo3c0w4eUR3eUFueGQ5dmsyWkxKZVpWVwoxRnp5UmlGUGNEUC9ZOXdlR0Q5YU02Q1FpWlZBL2hRVlQ5ckltMTluNFd6ZG81MGkvWk56RTBJNFZRPT0KLS0tLS1FTkQgUlNBIFBSSVZBVEUgS0VZLS0tLS0K",
                "cluster_ca_certificate": "LS0tLS1CRUdJTiBDRVJUSUZJQ0FURS0tLS0tCk1JSUU2VENDQXRHZ0F3SUJBZ0lSQUo3UXo4RFJFa3JHK0xldVhxUnM3QkF3RFFZSktvWklodmNOQVFFTEJRQXcKRFRFTE1Ba0dBMVVFQXhNQ1kyRXdJQmNOTWpZd05ESTBNRGd3TXpJM1doZ1BNakExTmpBME1qUXdPREV6TWpkYQpNQTB4Q3pBSkJnTlZCQU1UQW1OaE1JSUNJakFOQmdrcWhraUc5dzBCQVFFRkFBT0NBZzhBTUlJQ0NnS0NBZ0VBCjdncW9OYnFOUUhOSFV5ZkFyMVdWTytNSWUrWlNqNDJYUWpCakprUDFrRVdxNmE4M2VJbzdHcWtldmgzVW11WnEKejRQcyt6d2JaeVpLTXNvZkxBUEtKT0g2K3VCYmUrSTlHSUdVbndpM0VVVkpySXpNL1MzbGtaTDhORTUrSnVtdgpZc0k1UHVpWmVYNHltMXdtdVNUajMvMWdJWHJOV3huQ2hkRUFLZ0VxMHo3cmR5YmxUY3hqMUM5c3dXMkQyazh3CndBdFVDL1hwbTFneHhYMFZ2QUoxUzUrNFplN1VnV1Z5THJSTnBocXdiMmlRbmhHTmRJdUlqN0JUcDh3WW9TcjkKQU5lTk82RldIOXMzUm0zdmhzMitnVk5BT2xGaVArQW1ZWWduL0p1M1Nsd0tNVHZvM2R2dmRCRUtKQTZ2VDZ0VQpXdVpIcW0vUVdNR0I1Rk9peEpycHUrc1ZMeEZJKzBEMkxsb3FXT2xqblNETStoOVhGcExRcnhwcG5Rb3h4YzUwClgxeGNGNjBXYXZBa2t2WExvRXNYU2NkcGwvVHZJMDA1a29JZGtIS2VxMEZoTXQxeEJCUnlSRFE0OHdsa2R1Y1AKMXhQUFBYSmtxSmpCRHZlSmwrUXk4VDl2Yyt0ZDBXdkgzOTRGdWc2Q2VIdzBXMk9RMnJyL0R5QWQ3NFJLZFRZYgpCeWZYUS9QVWcvb1drSUpKektVQytaWnBkRS9haU1NZVAvSkx4dnJLYUJrOGp0NnZMUWtFZHNnckNGREZpOU1zCjR5bkdib3gyYUJrS1dFelcyaXRObGN0WGd4dXdOY3N6RWJmbVRIYUsybDRuU2Z4bWdtYll4TU4xU3QrSFA0d0gKTDk1aUtEYzB5RTJkOWltRC9LYmRvc0xpbVFZMlc4WDRKdFVoVUNNVjUvOENBd0VBQWFOQ01FQXdEZ1lEVlIwUApBUUgvQkFRREFnS2tNQThHQTFVZEV3RUIvd1FGTUFNQkFmOHdIUVlEVlIwT0JCWUVGSkk2V2Q3TXBKQVNxb0NGCnN0WVlrREFOWDl0Z01BMEdDU3FHU0liM0RRRUJDd1VBQTRJQ0FRQ1Eza09tVFIyK01vUkdQUnBqWG9TVlAwMmgKOFVPdnFZRjRCR1VrNjRkR1gwbi9SSjZ6NHNlcEkxdVdLbnl2MGxjZXl2dVlVTVh4V0RBTWx2QUpVRXA0d2lodgpnR3VuZXBvMmhwdkc5NERsQmFxemhCK1lOb2tBaVQ1YjZJMVJ0bUtyRHZCTENidVpuckxBejBBK2hsbjdBZjZqCkxnR2J5LzQzR1dIT1dPTXpTZkdQRm44KytNbXBDNzg0bGdaYlFzS1FoRDNicnF0K2RzbWtHbDBoWGZDL3NGcEMKSW0zeS9scGhGblVEVlJpL2h6d3BVTjZpdExaVFlOenBRTDVzS0ttR2M5M25mKzVZS1Q5Z2l1ZGdxNzJ3L0JXQQo2bEJaNVVqNHNJUFJzcGdvN01oYktIdHpOeWhpNmtQckxPa21VU2NWVHVuUVRlVjZZWGFNbVdkcmV6aHB6Q0x5CmVyRVdQdGNnTk5uaW5Kd3l5MEpRdUpFUWhDbnNLT1YrSHgwbGx1NisxcWt1Sml5Zy9SeG1hYTIwRkdmcExCb2gKbVBwTkRFcUdoMDJ4MDJ5RCtpTkVLYTU5cmpCZC96d2c3cy81L2IvREU2WmhraU9uenBDWFpmc2pTVEFpRUVZUgpDYUUwVUhLZ01ZZmUxS2pYdFJNZmFrbDdxdE01S2k2VTRvVFhoZ0FZVm00V1ZIbGo1a2Q3LzBqWjlnRFZjZGp6CjlwUGhSMnhsUXJFY2dLZUZ0ZlNLMDlQMmlqSmkwNnhyK1p0czJUd0loNDhWY0VMM3FEZjAvS1RsbTRMV0tRajYKZXVZWDFZTkxHTForalBDaU5odXJJU20yeXRDZDlaRGtTaGZJN1lSNmlhNDlCbW8xUXQvTkE5VWVrNlBRcXViZQp3MEhjQ1Z3VVZwOXdLSDRzbFE9PQotLS0tLUVORCBDRVJUSUZJQ0FURS0tLS0tCg==",
                "host": "https://chillphimaks-2m8xjdhr.hcp.japaneast.azmk8s.io:443",
                "password": "imcltcjk3gr5m6w21ghvy1sw9z6goxd59w7vmwgth2ys9kzifv8lmuyqfvm11b23yd2xtpn8rb74xy7ad1fb4qf4o0ofhmtii8u3uah4dkxtivm075qnvwn1g6qxrq9k",
                "username": "clusterUser_chillphim-rg_chillphim-aks"
              }
            ],
            "kube_config_raw": "apiVersion: v1\nclusters:\n- cluster:\n    certificate-authority-data: LS0tLS1CRUdJTiBDRVJUSUZJQ0FURS0tLS0tCk1JSUU2VENDQXRHZ0F3SUJBZ0lSQUo3UXo4RFJFa3JHK0xldVhxUnM3QkF3RFFZSktvWklodmNOQVFFTEJRQXcKRFRFTE1Ba0dBMVVFQXhNQ1kyRXdJQmNOTWpZd05ESTBNRGd3TXpJM1doZ1BNakExTmpBME1qUXdPREV6TWpkYQpNQTB4Q3pBSkJnTlZCQU1UQW1OaE1JSUNJakFOQmdrcWhraUc5dzBCQVFFRkFBT0NBZzhBTUlJQ0NnS0NBZ0VBCjdncW9OYnFOUUhOSFV5ZkFyMVdWTytNSWUrWlNqNDJYUWpCakprUDFrRVdxNmE4M2VJbzdHcWtldmgzVW11WnEKejRQcyt6d2JaeVpLTXNvZkxBUEtKT0g2K3VCYmUrSTlHSUdVbndpM0VVVkpySXpNL1MzbGtaTDhORTUrSnVtdgpZc0k1UHVpWmVYNHltMXdtdVNUajMvMWdJWHJOV3huQ2hkRUFLZ0VxMHo3cmR5YmxUY3hqMUM5c3dXMkQyazh3CndBdFVDL1hwbTFneHhYMFZ2QUoxUzUrNFplN1VnV1Z5THJSTnBocXdiMmlRbmhHTmRJdUlqN0JUcDh3WW9TcjkKQU5lTk82RldIOXMzUm0zdmhzMitnVk5BT2xGaVArQW1ZWWduL0p1M1Nsd0tNVHZvM2R2dmRCRUtKQTZ2VDZ0VQpXdVpIcW0vUVdNR0I1Rk9peEpycHUrc1ZMeEZJKzBEMkxsb3FXT2xqblNETStoOVhGcExRcnhwcG5Rb3h4YzUwClgxeGNGNjBXYXZBa2t2WExvRXNYU2NkcGwvVHZJMDA1a29JZGtIS2VxMEZoTXQxeEJCUnlSRFE0OHdsa2R1Y1AKMXhQUFBYSmtxSmpCRHZlSmwrUXk4VDl2Yyt0ZDBXdkgzOTRGdWc2Q2VIdzBXMk9RMnJyL0R5QWQ3NFJLZFRZYgpCeWZYUS9QVWcvb1drSUpKektVQytaWnBkRS9haU1NZVAvSkx4dnJLYUJrOGp0NnZMUWtFZHNnckNGREZpOU1zCjR5bkdib3gyYUJrS1dFelcyaXRObGN0WGd4dXdOY3N6RWJmbVRIYUsybDRuU2Z4bWdtYll4TU4xU3QrSFA0d0gKTDk1aUtEYzB5RTJkOWltRC9LYmRvc0xpbVFZMlc4WDRKdFVoVUNNVjUvOENBd0VBQWFOQ01FQXdEZ1lEVlIwUApBUUgvQkFRREFnS2tNQThHQTFVZEV3RUIvd1FGTUFNQkFmOHdIUVlEVlIwT0JCWUVGSkk2V2Q3TXBKQVNxb0NGCnN0WVlrREFOWDl0Z01BMEdDU3FHU0liM0RRRUJDd1VBQTRJQ0FRQ1Eza09tVFIyK01vUkdQUnBqWG9TVlAwMmgKOFVPdnFZRjRCR1VrNjRkR1gwbi9SSjZ6NHNlcEkxdVdLbnl2MGxjZXl2dVlVTVh4V0RBTWx2QUpVRXA0d2lodgpnR3VuZXBvMmhwdkc5NERsQmFxemhCK1lOb2tBaVQ1YjZJMVJ0bUtyRHZCTENidVpuckxBejBBK2hsbjdBZjZqCkxnR2J5LzQzR1dIT1dPTXpTZkdQRm44KytNbXBDNzg0bGdaYlFzS1FoRDNicnF0K2RzbWtHbDBoWGZDL3NGcEMKSW0zeS9scGhGblVEVlJpL2h6d3BVTjZpdExaVFlOenBRTDVzS0ttR2M5M25mKzVZS1Q5Z2l1ZGdxNzJ3L0JXQQo2bEJaNVVqNHNJUFJzcGdvN01oYktIdHpOeWhpNmtQckxPa21VU2NWVHVuUVRlVjZZWGFNbVdkcmV6aHB6Q0x5CmVyRVdQdGNnTk5uaW5Kd3l5MEpRdUpFUWhDbnNLT1YrSHgwbGx1NisxcWt1Sml5Zy9SeG1hYTIwRkdmcExCb2gKbVBwTkRFcUdoMDJ4MDJ5RCtpTkVLYTU5cmpCZC96d2c3cy81L2IvREU2WmhraU9uenBDWFpmc2pTVEFpRUVZUgpDYUUwVUhLZ01ZZmUxS2pYdFJNZmFrbDdxdE01S2k2VTRvVFhoZ0FZVm00V1ZIbGo1a2Q3LzBqWjlnRFZjZGp6CjlwUGhSMnhsUXJFY2dLZUZ0ZlNLMDlQMmlqSmkwNnhyK1p0czJUd0loNDhWY0VMM3FEZjAvS1RsbTRMV0tRajYKZXVZWDFZTkxHTForalBDaU5odXJJU20yeXRDZDlaRGtTaGZJN1lSNmlhNDlCbW8xUXQvTkE5VWVrNlBRcXViZQp3MEhjQ1Z3VVZwOXdLSDRzbFE9PQotLS0tLUVORCBDRVJUSUZJQ0FURS0tLS0tCg==\n    server: https://chillphimaks-2m8xjdhr.hcp.japaneast.azmk8s.io:443\n  name: chillphim-aks\ncontexts:\n- context:\n    cluster: chillphim-aks\n    user: clusterUser_chillphim-rg_chillphim-aks\n  name: chillphim-aks\ncurrent-context: chillphim-aks\nkind: Config\nusers:\n- name: clusterUser_chillphim-rg_chillphim-aks\n  user:\n    client-certificate-data: LS0tLS1CRUdJTiBDRVJUSUZJQ0FURS0tLS0tCk1JSUZIVENDQXdXZ0F3SUJBZ0lRR0p4ZXdhdDdrWmV4M1QzR1FQTHBOekFOQmdrcWhraUc5dzBCQVFzRkFEQU4KTVFzd0NRWURWUVFERXdKallUQWVGdzB5TmpBME1qUXdPREF6TWpkYUZ3MHlPREEwTWpRd09ERXpNamRhTURBeApGekFWQmdOVkJBb1REbk41YzNSbGJUcHRZWE4wWlhKek1SVXdFd1lEVlFRREV3eHRZWE4wWlhKamJHbGxiblF3CmdnSWlNQTBHQ1NxR1NJYjNEUUVCQVFVQUE0SUNEd0F3Z2dJS0FvSUNBUUNwazBuMzJKd2VIcm4ybDR0RXA3Q2EKNHFUTEZxU0RIdWNyNjZPUk11UGxDZjA3UkZELzlQVEpWbVM2alZjVmJhbitwSTgyZzZqUnBlOHU4MVlJSWNxbQowazJjUEhjcXV4RWE4WmttSCs5SzhNTVNZaVZMSWhua05XTTVqdWhUcU9UWFhzUy9jTkczZjBmbnJNcFhYeEhFCm9PSndkaysxZ3ZSODBTQnE5TnZuWTNMOVFkQUZFakZITHNBVnhnb1RWSUxKQjllY1Zod0NUbGJZZEJRK3ZvY04KRk9BTXI2TEo0RWdNZmN0UWtIREQ3TzU4NFc5WnRTM3haZHJqVVFKeGw4NitnQ3hSS3dUNGZ3ZkVBMHpnRDVUTAp3dDUzc2R4d1JrUmJSVURqS0NEYkEydzg0dWZjYnJ4NzNaQW4zTktuWHhyd2JYLzBaZ0psUTJUOFB3MTV4cWplCktucC9rRmpHUURRZVdyalJGZFFOZ3VldXZHUXVpa2NpZllNc3I3SUIwbTRJY0tFaWJRY0J3UmpiNUtLZzUyZjEKRlVzYktWcW8zYkhsT1duRU0yaGNRdnEzUHhSSk5wRWV2RWQ1TXVBM0R4VGJCZS9rNm96bnhaTURXaEhPM0R4Vwo0UnIrUGVhS2Q1R0ZSV0dEMnlqYmxxVmhndFV4UUZwMG1WV1NrdVRSelVmMVk0Q1JpUDRmTzhLcDBnVlF5bWt5ClAzdGt2c1lLekFTcFVBaENseEpkSVdCYlhJMDN6TXNGSHozSnJKTmRpK0xNdTh6OUpQV2RKaDB3Y2doQzRkRkIKanF0UUVZSDNZNS9UeXF1RG52dS9CeGhwbW0xQnhZM3gxSW1jdGxIUVJyZlNhcDlGTi8yWVB3SFQ1L2NnYlR0bQpvbFF1dm4wUklraVl5RUIwQUoxKzdRSURBUUFCbzFZd1ZEQU9CZ05WSFE4QkFmOEVCQU1DQmFBd0V3WURWUjBsCkJBd3dDZ1lJS3dZQkJRVUhBd0l3REFZRFZSMFRBUUgvQkFJd0FEQWZCZ05WSFNNRUdEQVdnQlNTT2xuZXpLU1EKRXFxQWhiTFdHSkF3RFYvYllEQU5CZ2txaGtpRzl3MEJBUXNGQUFPQ0FnRUFBQTBwaUVaT1ZmV1pZQWRaTTBJawo0ZDF3ekZaeEI5OFI5NW9FRFJkNi90cTJhaGpUdUI4bTBGcHJHemUxTXNkdXJMV2NBSENDaGlaVEI3NjI3bmF1CnNMU2NESXBjUmdKYWpPNzRlLzB2SDNHdWxMK2FTSmtmdThyWlRRUVAwT0dRQ3pRMDlRd0EzcU5VSzZ1b0ZTT3QKUWYyQVJlME93V0NXbWhwWGdHUDkxbFpmRGo3SURHOWNFNzcvZ0RCcUkvSVFDVXQ1QmRkeTM5VmVzVU1GMk4xYgpocjE5djBrVzdoMUhERXkzemREVi8ySVhuaHZuTFpnUDBXYWI4UDk5OElWbHZSZVgyNUFIQTZEcUtSKytyNXhkCktYSFM3NXpNdS9FTEE5aEVTcXZFY3N0VEVGZnF3WnA2ek5hamp1ZWhlekd1U0kva21WMTh5L20xdVhURmtjUGkKOHN1Wm8vbEJ0R2x4Zko1MWxDLzRBZkhmaGxYUGFWSkRWS1ZhRk9BZ1c1SnlZYzVTUVhhQW5US3c4RHJDUHdYVQo4MVFpSTJZOVFxQkNldkJIbm9aSVkxOE9lUjZObzF4dlBsU2owQ3pLRVpHMW9EQjh5LzR2Skp6US9uKzJzUmV5Ck1tdzQ1VHBuTy9lMG9vVzdiQ0kxTFJrQ3lwRzgxYlpOQTFvNnlwWmJFS296dlVkNU9yYTl0cEhEMGtaaTkwZHIKUUx6YkhVS0MzaWF0a3NxUHdML3ZKeEV3SW9PTWk1UmJ4TkgvSlE2M1pyQUIrYTdjbHpHbURVWEgrV0JXdzYzOAo3N3czeTMwdUlla3NycXlxdzJkR2dLdDNLU1hieCthRnJnMHVlWVJQTlFOQ2JjZDF3Y2FtNjh0dXl1aTd6aUk4Clk5OHFnWDhyT05PSEZYYnBSOXN1dnd3PQotLS0tLUVORCBDRVJUSUZJQ0FURS0tLS0tCg==\n    client-key-data: LS0tLS1CRUdJTiBSU0EgUFJJVkFURSBLRVktLS0tLQpNSUlKSndJQkFBS0NBZ0VBcVpOSjk5aWNIaDY1OXBlTFJLZXdtdUtreXhha2d4N25LK3Vqa1RMajVRbjlPMFJRCi8vVDB5VlprdW8xWEZXMnAvcVNQTm9PbzBhWHZMdk5XQ0NIS3B0Sk5uRHgzS3JzUkd2R1pKaC92U3ZEREVtSWwKU3lJWjVEVmpPWTdvVTZqazExN0V2M0RSdDM5SDU2ektWMThSeEtEaWNIWlB0WUwwZk5FZ2F2VGI1Mk55L1VIUQpCUkl4Unk3QUZjWUtFMVNDeVFmWG5GWWNBazVXMkhRVVByNkhEUlRnREsraXllQklESDNMVUpCd3crenVmT0Z2CldiVXQ4V1hhNDFFQ2NaZk92b0FzVVNzRStIOEh4QU5NNEErVXk4TGVkN0hjY0VaRVcwVkE0eWdnMndOc1BPTG4KM0c2OGU5MlFKOXpTcDE4YThHMS85R1lDWlVOay9EOE5lY2FvM2lwNmY1Qll4a0EwSGxxNDBSWFVEWUxucnJ4awpMb3BISW4yRExLK3lBZEp1Q0hDaEltMEhBY0VZMitTaW9PZG45UlZMR3lsYXFOMng1VGxweEROb1hFTDZ0ejhVClNUYVJIcnhIZVRMZ053OFUyd1h2NU9xTTU4V1RBMW9SenR3OFZ1RWEvajNtaW5lUmhVVmhnOXNvMjVhbFlZTFYKTVVCYWRKbFZrcExrMGMxSDlXT0FrWWorSHp2Q3FkSUZVTXBwTWo5N1pMN0dDc3dFcVZBSVFwY1NYU0ZnVzF5TgpOOHpMQlI4OXlheVRYWXZpekx2TS9TVDFuU1lkTUhJSVF1SFJRWTZyVUJHQjkyT2YwOHFyZzU3N3Z3Y1lhWnB0ClFjV044ZFNKbkxaUjBFYTMwbXFmUlRmOW1EOEIwK2YzSUcwN1pxSlVMcjU5RVNKSW1NaEFkQUNkZnUwQ0F3RUEKQVFLQ0FnQW93UWZCWTVNZG9BZlVibFpmc1NkK0NlTk9GY3FDNHIzdkxjb1pQdEJMZnV1WHYxTHlPT1pOcnhBMQpUM3V5NERDL1RNQkllenJxNjhUQWxXWERQWS9OS1BUVERDc2RuMmk4ZjN6dGp6WTgzZ0ViM1crV0Q0T0dkNWc1CndKRXdiZ0pWaW1haGxkVXBFeE51Wi9ZWEtuZUVPS0JESkFRREhRNXlJdloyRGhQOWw4YU9mQzhvME5iOEF3M1MKRGM3bEYyWDVONFBIaEdCbDQzcjJ1V3NXSzBjY3l6d1BnSFNRclBEVDQ3V2x6cGp6VlhGNW5OcGNobkVjdDN4MApMa2Qya21Qekg2M0c4aDVYTkh4aXpPSkFaUzQvREQzWUtXeFBwV3VQUGVVYTBzMldwVXR4bEp6aHV0RmN1WUtJCk9nZDhoeHhiMVEwdjZRWkJYUUdicC9HdXB5SjFJanVST3l3Zy9aWGdGTTE1ZUVMdjlnbmVWb2tYMkhvU3lqNDUKbUtRQXBHTW1XNWV4RVBtSGIrK1RKUWM4UmVTK21iakZuVGNtKzljc1R0VnZIS1c1bmdpUWhDQnhrTitkTnRXMAo0bThKOVlMUi9zWXZNSDAwOTVsVEtzOUxvSjRBNHIzSzhObUJsNFVPb0xpdmE3c3IvMUp3bWVnTzVoa2VRL3RGCm9CQjFDSnRyWCt0bDZPWlQvUFVhNldmUzhFM1NsUENSQUI0NlVZcndaZUR1eFFaSHVFQ2xHNkRrRnZ5MXJJL2cKNklkYWJxdjBKSjdNdXYyS1RidTJsbW9Mb1ZLTWtsWHc3OVhHRmZsNnNhdnhYNS9XK3I1cS85VlV1Sm5uYThmeAoxWi9DUlduK1V4VzQ3aFI3c09hRVF5cnpRRlVoLytoQmplNVJBamYxZ3lJSGpGTVhGd0tDQVFFQXpmV0lsMCtECjhBZkFTaEt3ai94ZmZYWDhIMlNSd2RLU3lOOFhicE5LRFoxNkloN0hRUXQ4WEdDZXloUmJGYzRZbEQ4SW1WU3IKVTVLcmcycThJcmhuS25YRVZqVndieW1ESzV3Ny9XVytxUUE5Mmc3d3J1RU5WOXY5cDhrdTFLSFVaaVdkZ0tqdApEaTNUeC9ud3RYMzEwdTR3YlR4aWpVUVNMeEt5ZjM2Q2liZzJ6cFZTbE8ybzJsenlod3ppaHBvVlU0RjdidlJyClJvK09yeGlGVzI1NjZmMlUvd1JaKzJCQUczeittQUpETk43RWZBZkRyclcySlV2RGdyQnkxMms5SzFHbjVKQWcKVEdObjcyZWkwWnNBSVpiSUJYZzlPUG1lTUhiU2I0ckpkeG40TGlQdndwNS82UWVzeUZlK0h4Z2lmUEw0eTYzUQpia3JVclczZ0RFNW9rd0tDQVFFQTBzYTMrb2lrajlMeVJPMWd0RERUaXZIVFg2aTVNV09RWkNsbmtubWNWYk9LCkcvNGZwQTJuT2I3UDJLcU1nTDk0MEdnZVZJNUo0ZEt6cHYrY0FMWjhxM1NwZjNGeEVaRDRwa05OaG12OWYxbWcKUWcyN25wZHNZUzNFQVlNQ0w0dFdTSDhyOUMyZldHMHc2Wk1Jd2l1cGFtRW53L2d2azJLQ2UwVVZndnlEcWZ1Lwp1dTVyQ1RqeGh6bkk5K01YckNzUGhEeDBPQXRoZkZHZGxlK0doa2lKQ0hzRy9CSWhwMTlsemo3eDV6azZyeElZCkx6V0ZvUVk0NGpacFFGOVliTzZNZHIrZVdJcUkxN1ZXRE0vRFFyRWVDT1JOUzZZT3Y5RCtEQmJzdmFWREFzK0oKRUxQTVRwTnRRUCtyRU9qbVViMWlXQ0tXT1FiTzJ1OWd3eDVHaEdLcWZ3S0NBUUJVZmpSSkR0L3JxdUppQVFUYQpMUWpucVcyRFczakljU0N5czRNalk5MXZkSGxVWWhnUVFTd0ZvY1hDMVZNQXdRb29WeXVwNjZoVm9zZ21JN1dHCjhPdXg2WnBnVzVBQ3FwOGJWdjd0Vjc0K0N0RlZFZWYvZG1oSThRRkF3aklxSFRITHJnYk5iMy9BMzJBUW5DTDUKOGZEVlZjNGNJamUwQ0ljRk5NQnh1VzdJSFFDdkEyZGJuWncxNlFlK0M3VXF6eStNa0lRWTRzRFhzN0V2ZC9uTgpwcWRhTXlQYTh1Z1BUazgrZDZyaXBacjRwNk1uMXUrYVR3V29pMHByNVFOWUI5NkdWUHR4c3didEQ2TGwvamczCmtVVWVnb01RYTJHQ2JEVlBZSSs0SHRIRHdLMm1FQ3dlUlhQb0g3UHNoTUtFY3h4QzhsTExERVdEMmNNaVd2OGQKVFZWdEFvSUJBQ3VyTkM3WjVJNVB2Qlgvd0V0VTJsOHRId2Z3b3YzU2pQWFRoanZZcWtVdlAydnhTSWpxc3p6SgpoYkowRTB3UlgyeCtSZHBxNkcrN0FiR1Z2N0orSEhKQloyU2FFano3ZGlpc1JRR1dtaHlxYXdPRWFOekFycG1yCnE3Sk1mRVZ4YnR6eVRCNzQzTXlyUXJrQjE0eXpFeFNSTUhYdms1dkxpeEVURFJQb1VUY0VpNEtsSnRQd1Vrb2IKOU1FMjhZNmdGVVRtYVlXN0JlV0YyMHBYSjkzbVpVMjJmNG4yRDdibmt1WWFNSEFoY1VFWVZKNWpUbDVBTmNUWQpWUkliTHV6U3Q1TmF1K25JT2ZYSEFoOEJaSWtLdlJoR2hLVXBzR0NaWWlrTER0MXp3ZUJ4TXdxYzFiVnA0ZmJYCmdZK3RVUnFhVENmS2NxazUrZDF1UHZQdDc5bzV2dTBDZ2dFQWU2b3EvZVROd1JYeW5tdUkxemdMTlM5aWtjRUsKdVI1RWRLYS9va09YQnNXRDFsNHdMdGY3QTBBV1Zkcm11OEYzTndjM0E1aGwxMnBTc2tQb0ZVTXdyOHBXVTFpMwpLd0NiakRRSkZHVFRUNFFEQlIxQ2dKaTZVYlhON1I3QU1XbjhHSWJLeEh3cnA4RkhEOHZlaXZnQmFXd2JWVHVGCi9BZWdQTEdvNFhiYnJ0OG81YnREQS95SkVFRVNCL3BrY1QxdmF0SFQybmpxZ3E2NVB3a0duMDZ3eXZKYnp1eDgKbEgxRkx5NHRvQjgvRGtQdXdwV0c2Q1RxVjl0WHA1VGhZSEtpWTl4Mmo3c0w4eUR3eUFueGQ5dmsyWkxKZVpWVwoxRnp5UmlGUGNEUC9ZOXdlR0Q5YU02Q1FpWlZBL2hRVlQ5ckltMTluNFd6ZG81MGkvWk56RTBJNFZRPT0KLS0tLS1FTkQgUlNBIFBSSVZBVEUgS0VZLS0tLS0K\n    token: imcltcjk3gr5m6w21ghvy1sw9z6goxd59w7vmwgth2ys9kzifv8lmuyqfvm11b23yd2xtpn8rb74xy7ad1fb4qf4o0ofhmtii8u3uah4dkxtivm075qnvwn1g6qxrq9k\n",
            "kubelet_identity": [
              {
                "client_id": "a8c02058-5e24-4aa8-a1fc-af680e9c3157",
                "object_id": "fe6dd939-f68b-45ba-8e3a-90071a349eb4",
                "user_assigned_identity_id": "/subscriptions/fb89bb2a-64ce-44b2-8261-680f1192d822/resourceGroups/MC_chillphim-rg_chillphim-aks_japaneast/providers/Microsoft.ManagedIdentity/userAssignedIdentities/chillphim-aks-agentpool"
              }
            ],
            "kubernetes_version": "1.34.4",
            "linux_profile": [],
            "local_account_disabled": false,
            "location": "japaneast",
            "maintenance_window": [],
            "maintenance_window_auto_upgrade": [],
            "maintenance_window_node_os": [],
            "microsoft_defender": [],
            "monitor_metrics": [],
            "name": "chillphim-aks",
            "network_profile": [
              {
                "dns_service_ip": "10.1.0.10",
                "docker_bridge_cidr": "",
                "ebpf_data_plane": "",
                "ip_versions": [
                  "IPv4"
                ],
                "load_balancer_profile": [
                  {
                    "effective_outbound_ips": [
                      "/subscriptions/fb89bb2a-64ce-44b2-8261-680f1192d822/resourceGroups/MC_chillphim-rg_chillphim-aks_japaneast/providers/Microsoft.Network/publicIPAddresses/abae6df1-c61b-45f1-adb4-01f133a657de"
                    ],
                    "idle_timeout_in_minutes": 0,
                    "managed_outbound_ip_count": 1,
                    "managed_outbound_ipv6_count": 0,
                    "outbound_ip_address_ids": [],
                    "outbound_ip_prefix_ids": [],
                    "outbound_ports_allocated": 0
                  }
                ],
                "load_balancer_sku": "standard",
                "nat_gateway_profile": [],
                "network_data_plane": "azure",
                "network_mode": "",
                "network_plugin": "azure",
                "network_plugin_mode": "",
                "network_policy": "azure",
                "outbound_ip_address_ids": [],
                "outbound_ip_prefix_ids": [],
                "outbound_type": "loadBalancer",
                "pod_cidr": "",
                "pod_cidrs": [],
                "service_cidr": "10.1.0.0/16",
                "service_cidrs": [
                  "10.1.0.0/16"
                ]
              }
            ],
            "node_os_channel_upgrade": null,
            "node_resource_group": "MC_chillphim-rg_chillphim-aks_japaneast",
            "node_resource_group_id": "/subscriptions/fb89bb2a-64ce-44b2-8261-680f1192d822/resourceGroups/MC_chillphim-rg_chillphim-aks_japaneast",
            "oidc_issuer_enabled": true,
            "oidc_issuer_url": "https://japaneast.oic.prod-aks.azure.com/14d5de2b-d212-4175-92d5-156ea5b7c037/972172a3-2102-4dd7-a627-9d153928dab7/",
            "oms_agent": [
              {
                "log_analytics_workspace_id": "/subscriptions/fb89bb2a-64ce-44b2-8261-680f1192d822/resourceGroups/chillphim-rg/providers/Microsoft.OperationalInsights/workspaces/chillphim-log",
                "msi_auth_for_monitoring_enabled": false,
                "oms_agent_identity": [
                  {
                    "client_id": "7098f0f4-747e-40cf-b0a1-d3601b33a4eb",
                    "object_id": "b9780afe-f260-4d69-99c7-bb19f0f5330d",
                    "user_assigned_identity_id": "/subscriptions/fb89bb2a-64ce-44b2-8261-680f1192d822/resourcegroups/MC_chillphim-rg_chillphim-aks_japaneast/providers/Microsoft.ManagedIdentity/userAssignedIdentities/omsagent-chillphim-aks"
                  }
                ]
              }
            ],
            "open_service_mesh_enabled": false,
            "portal_fqdn": "chillphimaks-2m8xjdhr.portal.hcp.japaneast.azmk8s.io",
            "private_cluster_enabled": false,
            "private_cluster_public_fqdn_enabled": false,
            "private_dns_zone_id": "",
            "private_fqdn": "",
            "public_network_access_enabled": true,
            "resource_group_name": "chillphim-rg",
            "role_based_access_control_enabled": true,
            "run_command_enabled": true,
            "service_mesh_profile": [],
            "service_principal": [],
            "sku_tier": "Free",
            "storage_profile": [],
            "support_plan": "KubernetesOfficial",
            "tags": {
              "Environment": "Development",
              "Project": "chillphim"
            },
            "timeouts": null,
            "web_app_routing": [],
            "windows_profile": [
              {
                "admin_password": "",
                "admin_username": "azureuser",
                "gmsa": [],
                "license": ""
              }
            ],
            "workload_autoscaler_profile": [],
            "workload_identity_enabled": false
          },
          "sensitive_attributes": [
            [
              {
                "type": "get_attr",
                "value": "kube_admin_config"
              }
            ],
            [
              {
                "type": "get_attr",
                "value": "kube_admin_config_raw"
              }
            ],
            [
              {
                "type": "get_attr",
                "value": "kube_config"
              }
            ],
            [
              {
                "type": "get_attr",
                "value": "kube_config_raw"
              }
            ],
            [
              {
                "type": "get_attr",
                "value": "windows_profile"
              },
              {
                "type": "index",
                "value": {
                  "value": 0,
                  "type": "number"
                }
              },
              {
                "type": "get_attr",
                "value": "admin_password"
              }
            ]
          ],
          "identity_schema_version": 0,
          "private": "eyJlMmJmYjczMC1lY2FhLTExZTYtOGY4OC0zNDM2M2JjN2M0YzAiOnsiY3JlYXRlIjo1NDAwMDAwMDAwMDAwLCJkZWxldGUiOjU0MDAwMDAwMDAwMDAsInJlYWQiOjMwMDAwMDAwMDAwMCwidXBkYXRlIjo1NDAwMDAwMDAwMDAwfSwic2NoZW1hX3ZlcnNpb24iOiIyIn0=",
          "dependencies": [
            "azurerm_log_analytics_workspace.log",
            "azurerm_resource_group.rg",
            "azurerm_subnet.gw_subnet",
            "azurerm_subnet.subnet",
            "azurerm_virtual_network.vnet"
          ]
        }
      ]
    },
    {
      "mode": "managed",
      "type": "azurerm_log_analytics_workspace",
      "name": "log",
      "provider": "provider[\"registry.terraform.io/hashicorp/azurerm\"]",
      "instances": [
        {
          "schema_version": 3,
          "attributes": {
            "allow_resource_only_permissions": true,
            "cmk_for_query_forced": false,
            "daily_quota_gb": -1,
            "data_collection_rule_id": "",
            "id": "/subscriptions/fb89bb2a-64ce-44b2-8261-680f1192d822/resourceGroups/chillphim-rg/providers/Microsoft.OperationalInsights/workspaces/chillphim-log",
            "identity": [],
            "immediate_data_purge_on_30_days_enabled": false,
            "internet_ingestion_enabled": true,
            "internet_query_enabled": true,
            "local_authentication_disabled": false,
            "location": "japaneast",
            "name": "chillphim-log",
            "primary_shared_key": "b9unZuNA0ugurGka+S4HCdoylhQStpC9muPhBmykIfA62li8CvmCro1mSB9HmHT8ZobR8ICbPHD/9t8+yF9jUw==",
            "reservation_capacity_in_gb_per_day": null,
            "resource_group_name": "chillphim-rg",
            "retention_in_days": 30,
            "secondary_shared_key": "HmFHbhtR8W19eVvC48JkH3FNJ1C+EjK8udkdeWyBtwT+zjVsWEs/Y9RrCccykdl+W7PaUWx0XiVA+OavqCwipQ==",
            "sku": "PerGB2018",
            "tags": {},
            "timeouts": null,
            "workspace_id": "697a7f10-450b-41eb-9379-be2c89c81775"
          },
          "sensitive_attributes": [
            [
              {
                "type": "get_attr",
                "value": "primary_shared_key"
              }
            ],
            [
              {
                "type": "get_attr",
                "value": "secondary_shared_key"
              }
            ]
          ],
          "identity_schema_version": 0,
          "private": "eyJlMmJmYjczMC1lY2FhLTExZTYtOGY4OC0zNDM2M2JjN2M0YzAiOnsiY3JlYXRlIjoxODAwMDAwMDAwMDAwLCJkZWxldGUiOjE4MDAwMDAwMDAwMDAsInJlYWQiOjMwMDAwMDAwMDAwMCwidXBkYXRlIjoxODAwMDAwMDAwMDAwfSwic2NoZW1hX3ZlcnNpb24iOiIzIn0=",
          "dependencies": [
            "azurerm_resource_group.rg"
          ]
        }
      ]
    },
    {
      "mode": "managed",
      "type": "azurerm_network_security_group",
      "name": "aks_nsg",
      "provider": "provider[\"registry.terraform.io/hashicorp/azurerm\"]",
      "instances": [
        {
          "schema_version": 0,
          "attributes": {
            "id": "/subscriptions/fb89bb2a-64ce-44b2-8261-680f1192d822/resourceGroups/chillphim-rg/providers/Microsoft.Network/networkSecurityGroups/chillphim-aks-nsg",
            "location": "japaneast",
            "name": "chillphim-aks-nsg",
            "resource_group_name": "chillphim-rg",
            "security_rule": [
              {
                "access": "Allow",
                "description": "",
                "destination_address_prefix": "*",
                "destination_address_prefixes": [],
                "destination_application_security_group_ids": [],
                "destination_port_range": "*",
                "destination_port_ranges": [],
                "direction": "Inbound",
                "name": "AllowAzureLoadBalancerInbound",
                "priority": 110,
                "protocol": "*",
                "source_address_prefix": "AzureLoadBalancer",
                "source_address_prefixes": [],
                "source_application_security_group_ids": [],
                "source_port_range": "*",
                "source_port_ranges": []
              },
              {
                "access": "Allow",
                "description": "",
                "destination_address_prefix": "10.0.1.0/24",
                "destination_address_prefixes": [],
                "destination_application_security_group_ids": [],
                "destination_port_range": "*",
                "destination_port_ranges": [],
                "direction": "Inbound",
                "name": "AllowInternalSubnetInbound",
                "priority": 120,
                "protocol": "*",
                "source_address_prefix": "10.0.1.0/24",
                "source_address_prefixes": [],
                "source_application_security_group_ids": [],
                "source_port_range": "*",
                "source_port_ranges": []
              },
              {
                "access": "Allow",
                "description": "",
                "destination_address_prefix": "10.0.1.0/24",
                "destination_address_prefixes": [],
                "destination_application_security_group_ids": [],
                "destination_port_range": "3000",
                "destination_port_ranges": [],
                "direction": "Inbound",
                "name": "AllowAGWToAKS",
                "priority": 100,
                "protocol": "Tcp",
                "source_address_prefix": "10.0.2.0/24",
                "source_address_prefixes": [],
                "source_application_security_group_ids": [],
                "source_port_range": "*",
                "source_port_ranges": []
              },
              {
                "access": "Deny",
                "description": "",
                "destination_address_prefix": "*",
                "destination_address_prefixes": [],
                "destination_application_security_group_ids": [],
                "destination_port_range": "*",
                "destination_port_ranges": [],
                "direction": "Inbound",
                "name": "DenyInternetInbound",
                "priority": 1000,
                "protocol": "*",
                "source_address_prefix": "Internet",
                "source_address_prefixes": [],
                "source_application_security_group_ids": [],
                "source_port_range": "*",
                "source_port_ranges": []
              }
            ],
            "tags": {
              "Project": "chillphim",
              "Security": "ZeroTrust"
            },
            "timeouts": null
          },
          "sensitive_attributes": [],
          "identity_schema_version": 0,
          "private": "eyJlMmJmYjczMC1lY2FhLTExZTYtOGY4OC0zNDM2M2JjN2M0YzAiOnsiY3JlYXRlIjoxODAwMDAwMDAwMDAwLCJkZWxldGUiOjE4MDAwMDAwMDAwMDAsInJlYWQiOjMwMDAwMDAwMDAwMCwidXBkYXRlIjoxODAwMDAwMDAwMDAwfX0=",
          "dependencies": [
            "azurerm_resource_group.rg"
          ]
        }
      ]
    },
    {
      "mode": "managed",
      "type": "azurerm_public_ip",
      "name": "gw_pip",
      "provider": "provider[\"registry.terraform.io/hashicorp/azurerm\"]",
      "instances": [
        {
          "schema_version": 0,
          "attributes": {
            "allocation_method": "Static",
            "ddos_protection_mode": "VirtualNetworkInherited",
            "ddos_protection_plan_id": null,
            "domain_name_label": null,
            "edge_zone": "",
            "fqdn": null,
            "id": "/subscriptions/fb89bb2a-64ce-44b2-8261-680f1192d822/resourceGroups/chillphim-rg/providers/Microsoft.Network/publicIPAddresses/chillphim-gw-ip",
            "idle_timeout_in_minutes": 4,
            "ip_address": "20.210.233.182",
            "ip_tags": {},
            "ip_version": "IPv4",
            "location": "japaneast",
            "name": "chillphim-gw-ip",
            "public_ip_prefix_id": null,
            "resource_group_name": "chillphim-rg",
            "reverse_fqdn": null,
            "sku": "Standard",
            "sku_tier": "Regional",
            "tags": {},
            "timeouts": null,
            "zones": []
          },
          "sensitive_attributes": [],
          "identity_schema_version": 0,
          "private": "eyJlMmJmYjczMC1lY2FhLTExZTYtOGY4OC0zNDM2M2JjN2M0YzAiOnsiY3JlYXRlIjoxODAwMDAwMDAwMDAwLCJkZWxldGUiOjE4MDAwMDAwMDAwMDAsInJlYWQiOjMwMDAwMDAwMDAwMCwidXBkYXRlIjoxODAwMDAwMDAwMDAwfX0=",
          "dependencies": [
            "azurerm_resource_group.rg"
          ]
        }
      ]
    },
    {
      "mode": "managed",
      "type": "azurerm_resource_group",
      "name": "rg",
      "provider": "provider[\"registry.terraform.io/hashicorp/azurerm\"]",
      "instances": [
        {
          "schema_version": 0,
          "attributes": {
            "id": "/subscriptions/fb89bb2a-64ce-44b2-8261-680f1192d822/resourceGroups/chillphim-rg",
            "location": "japaneast",
            "managed_by": "",
            "name": "chillphim-rg",
            "tags": {
              "Owner": "Phat",
              "Project": "chillphim"
            },
            "timeouts": null
          },
          "sensitive_attributes": [],
          "identity_schema_version": 0,
          "private": "eyJlMmJmYjczMC1lY2FhLTExZTYtOGY4OC0zNDM2M2JjN2M0YzAiOnsiY3JlYXRlIjo1NDAwMDAwMDAwMDAwLCJkZWxldGUiOjU0MDAwMDAwMDAwMDAsInJlYWQiOjMwMDAwMDAwMDAwMCwidXBkYXRlIjo1NDAwMDAwMDAwMDAwfX0="
        }
      ]
    },
    {
      "mode": "managed",
      "type": "azurerm_subnet",
      "name": "gw_subnet",
      "provider": "provider[\"registry.terraform.io/hashicorp/azurerm\"]",
      "instances": [
        {
          "schema_version": 0,
          "attributes": {
            "address_prefixes": [
              "10.0.2.0/24"
            ],
            "default_outbound_access_enabled": true,
            "delegation": [],
            "enforce_private_link_endpoint_network_policies": false,
            "enforce_private_link_service_network_policies": false,
            "id": "/subscriptions/fb89bb2a-64ce-44b2-8261-680f1192d822/resourceGroups/chillphim-rg/providers/Microsoft.Network/virtualNetworks/chillphim-vnet/subnets/gateway-subnet",
            "name": "gateway-subnet",
            "private_endpoint_network_policies": "Enabled",
            "private_endpoint_network_policies_enabled": true,
            "private_link_service_network_policies_enabled": true,
            "resource_group_name": "chillphim-rg",
            "service_endpoint_policy_ids": [],
            "service_endpoints": [],
            "timeouts": null,
            "virtual_network_name": "chillphim-vnet"
          },
          "sensitive_attributes": [],
          "identity_schema_version": 0,
          "private": "eyJlMmJmYjczMC1lY2FhLTExZTYtOGY4OC0zNDM2M2JjN2M0YzAiOnsiY3JlYXRlIjoxODAwMDAwMDAwMDAwLCJkZWxldGUiOjE4MDAwMDAwMDAwMDAsInJlYWQiOjMwMDAwMDAwMDAwMCwidXBkYXRlIjoxODAwMDAwMDAwMDAwfX0=",
          "dependencies": [
            "azurerm_resource_group.rg",
            "azurerm_virtual_network.vnet"
          ]
        }
      ]
    },
    {
      "mode": "managed",
      "type": "azurerm_subnet",
      "name": "subnet",
      "provider": "provider[\"registry.terraform.io/hashicorp/azurerm\"]",
      "instances": [
        {
          "schema_version": 0,
          "attributes": {
            "address_prefixes": [
              "10.0.1.0/24"
            ],
            "default_outbound_access_enabled": true,
            "delegation": [],
            "enforce_private_link_endpoint_network_policies": false,
            "enforce_private_link_service_network_policies": false,
            "id": "/subscriptions/fb89bb2a-64ce-44b2-8261-680f1192d822/resourceGroups/chillphim-rg/providers/Microsoft.Network/virtualNetworks/chillphim-vnet/subnets/chillphim-subnet",
            "name": "chillphim-subnet",
            "private_endpoint_network_policies": "Enabled",
            "private_endpoint_network_policies_enabled": true,
            "private_link_service_network_policies_enabled": true,
            "resource_group_name": "chillphim-rg",
            "service_endpoint_policy_ids": [],
            "service_endpoints": [],
            "timeouts": null,
            "virtual_network_name": "chillphim-vnet"
          },
          "sensitive_attributes": [],
          "identity_schema_version": 0,
          "private": "eyJlMmJmYjczMC1lY2FhLTExZTYtOGY4OC0zNDM2M2JjN2M0YzAiOnsiY3JlYXRlIjoxODAwMDAwMDAwMDAwLCJkZWxldGUiOjE4MDAwMDAwMDAwMDAsInJlYWQiOjMwMDAwMDAwMDAwMCwidXBkYXRlIjoxODAwMDAwMDAwMDAwfX0=",
          "dependencies": [
            "azurerm_resource_group.rg",
            "azurerm_virtual_network.vnet"
          ]
        }
      ]
    },
    {
      "mode": "managed",
      "type": "azurerm_subnet_network_security_group_association",
      "name": "aks_nsg_assoc",
      "provider": "provider[\"registry.terraform.io/hashicorp/azurerm\"]",
      "instances": [
        {
          "schema_version": 0,
          "attributes": {
            "id": "/subscriptions/fb89bb2a-64ce-44b2-8261-680f1192d822/resourceGroups/chillphim-rg/providers/Microsoft.Network/virtualNetworks/chillphim-vnet/subnets/chillphim-subnet",
            "network_security_group_id": "/subscriptions/fb89bb2a-64ce-44b2-8261-680f1192d822/resourceGroups/chillphim-rg/providers/Microsoft.Network/networkSecurityGroups/chillphim-aks-nsg",
            "subnet_id": "/subscriptions/fb89bb2a-64ce-44b2-8261-680f1192d822/resourceGroups/chillphim-rg/providers/Microsoft.Network/virtualNetworks/chillphim-vnet/subnets/chillphim-subnet",
            "timeouts": null
          },
          "sensitive_attributes": [],
          "identity_schema_version": 0,
          "private": "eyJlMmJmYjczMC1lY2FhLTExZTYtOGY4OC0zNDM2M2JjN2M0YzAiOnsiY3JlYXRlIjoxODAwMDAwMDAwMDAwLCJkZWxldGUiOjE4MDAwMDAwMDAwMDAsInJlYWQiOjMwMDAwMDAwMDAwMH19",
          "dependencies": [
            "azurerm_network_security_group.aks_nsg",
            "azurerm_resource_group.rg",
            "azurerm_subnet.subnet",
            "azurerm_virtual_network.vnet"
          ]
        }
      ]
    },
    {
      "mode": "managed",
      "type": "azurerm_virtual_network",
      "name": "vnet",
      "provider": "provider[\"registry.terraform.io/hashicorp/azurerm\"]",
      "instances": [
        {
          "schema_version": 0,
          "attributes": {
            "address_space": [
              "10.0.0.0/16"
            ],
            "bgp_community": "",
            "ddos_protection_plan": [],
            "dns_servers": [],
            "edge_zone": "",
            "encryption": [],
            "flow_timeout_in_minutes": 0,
            "guid": "67f05400-767a-4365-8dfa-1c85eaf661e1",
            "id": "/subscriptions/fb89bb2a-64ce-44b2-8261-680f1192d822/resourceGroups/chillphim-rg/providers/Microsoft.Network/virtualNetworks/chillphim-vnet",
            "location": "japaneast",
            "name": "chillphim-vnet",
            "resource_group_name": "chillphim-rg",
            "subnet": [
              {
                "address_prefix": "10.0.1.0/24",
                "id": "/subscriptions/fb89bb2a-64ce-44b2-8261-680f1192d822/resourceGroups/chillphim-rg/providers/Microsoft.Network/virtualNetworks/chillphim-vnet/subnets/chillphim-subnet",
                "name": "chillphim-subnet",
                "security_group": "/subscriptions/fb89bb2a-64ce-44b2-8261-680f1192d822/resourceGroups/chillphim-rg/providers/Microsoft.Network/networkSecurityGroups/chillphim-aks-nsg"
              },
              {
                "address_prefix": "10.0.2.0/24",
                "id": "/subscriptions/fb89bb2a-64ce-44b2-8261-680f1192d822/resourceGroups/chillphim-rg/providers/Microsoft.Network/virtualNetworks/chillphim-vnet/subnets/gateway-subnet",
                "name": "gateway-subnet",
                "security_group": ""
              }
            ],
            "tags": {},
            "timeouts": null
          },
          "sensitive_attributes": [],
          "identity_schema_version": 0,
          "private": "eyJlMmJmYjczMC1lY2FhLTExZTYtOGY4OC0zNDM2M2JjN2M0YzAiOnsiY3JlYXRlIjoxODAwMDAwMDAwMDAwLCJkZWxldGUiOjE4MDAwMDAwMDAwMDAsInJlYWQiOjMwMDAwMDAwMDAwMCwidXBkYXRlIjoxODAwMDAwMDAwMDAwfX0=",
          "dependencies": [
            "azurerm_resource_group.rg"
          ]
        }
      ]
    }
  ],
  "check_results": null
}
