{
  "version": 4,
  "terraform_version": "1.14.8",
  "serial": 47,
  "lineage": "30a1d037-404c-86bf-4605-df2896d3081b",
  "outputs": {
    "acr_admin_username": {
      "value": "chillphimacr2026phat",
      "type": "string"
    },
    "acr_login_server": {
      "value": "chillphimacr2026phat.azurecr.io",
      "type": "string"
    },
    "aks_cluster_name": {
      "value": "chillphim-aks",
      "type": "string"
    },
    "aks_kube_config_command": {
      "value": "az aks get-credentials --resource-group chillphim-rg --name chillphim-aks",
      "type": "string"
    },
    "resource_group_name": {
      "value": "chillphim-rg",
      "type": "string"
    }
  },
  "resources": [
    {
      "mode": "managed",
      "type": "azurerm_container_registry",
      "name": "acr",
      "provider": "provider[\"registry.terraform.io/hashicorp/azurerm\"]",
      "instances": [
        {
          "schema_version": 2,
          "attributes": {
            "admin_enabled": true,
            "admin_password": "8f6TFeZnkEUuZHEUFUF7VrcVXcwdncF6z48SZDxofcLRZ55DVeRTJQQJ99CDACi0881Eqg7NAAACAZCRLPTb",
            "admin_username": "chillphimacr2026phat",
            "anonymous_pull_enabled": false,
            "data_endpoint_enabled": false,
            "encryption": [
              {
                "enabled": false,
                "identity_client_id": "",
                "key_vault_key_id": ""
              }
            ],
            "export_policy_enabled": true,
            "georeplications": [],
            "id": "/subscriptions/fb89bb2a-64ce-44b2-8261-680f1192d822/resourceGroups/chillphim-rg/providers/Microsoft.ContainerRegistry/registries/chillphimacr2026phat",
            "identity": [],
            "location": "japaneast",
            "login_server": "chillphimacr2026phat.azurecr.io",
            "name": "chillphimacr2026phat",
            "network_rule_bypass_option": "AzureServices",
            "network_rule_set": [],
            "public_network_access_enabled": true,
            "quarantine_policy_enabled": false,
            "resource_group_name": "chillphim-rg",
            "retention_policy": [
              {
                "days": 7,
                "enabled": false
              }
            ],
            "sku": "Basic",
            "tags": {},
            "timeouts": null,
            "trust_policy": [
              {
                "enabled": false
              }
            ],
            "zone_redundancy_enabled": false
          },
          "sensitive_attributes": [
            [
              {
                "type": "get_attr",
                "value": "admin_password"
              }
            ]
          ],
          "identity_schema_version": 0,
          "private": "eyJlMmJmYjczMC1lY2FhLTExZTYtOGY4OC0zNDM2M2JjN2M0YzAiOnsiY3JlYXRlIjoxODAwMDAwMDAwMDAwLCJkZWxldGUiOjE4MDAwMDAwMDAwMDAsInJlYWQiOjMwMDAwMDAwMDAwMCwidXBkYXRlIjoxODAwMDAwMDAwMDAwfSwic2NoZW1hX3ZlcnNpb24iOiIyIn0=",
          "dependencies": [
            "azurerm_resource_group.rg"
          ]
        }
      ]
    },
    {
      "mode": "managed",
      "type": "azurerm_log_analytics_workspace",
      "name": "log",
      "provider": "provider[\"registry.terraform.io/hashicorp/azurerm\"]",
      "instances": [
        {
          "schema_version": 3,
          "attributes": {
            "allow_resource_only_permissions": true,
            "cmk_for_query_forced": false,
            "daily_quota_gb": -1,
            "data_collection_rule_id": "",
            "id": "/subscriptions/fb89bb2a-64ce-44b2-8261-680f1192d822/resourceGroups/chillphim-rg/providers/Microsoft.OperationalInsights/workspaces/chillphim-log",
            "identity": [],
            "immediate_data_purge_on_30_days_enabled": false,
            "internet_ingestion_enabled": true,
            "internet_query_enabled": true,
            "local_authentication_disabled": false,
            "location": "japaneast",
            "name": "chillphim-log",
            "primary_shared_key": "b9unZuNA0ugurGka+S4HCdoylhQStpC9muPhBmykIfA62li8CvmCro1mSB9HmHT8ZobR8ICbPHD/9t8+yF9jUw==",
            "reservation_capacity_in_gb_per_day": null,
            "resource_group_name": "chillphim-rg",
            "retention_in_days": 30,
            "secondary_shared_key": "HmFHbhtR8W19eVvC48JkH3FNJ1C+EjK8udkdeWyBtwT+zjVsWEs/Y9RrCccykdl+W7PaUWx0XiVA+OavqCwipQ==",
            "sku": "PerGB2018",
            "tags": {},
            "timeouts": null,
            "workspace_id": "697a7f10-450b-41eb-9379-be2c89c81775"
          },
          "sensitive_attributes": [
            [
              {
                "type": "get_attr",
                "value": "primary_shared_key"
              }
            ],
            [
              {
                "type": "get_attr",
                "value": "secondary_shared_key"
              }
            ]
          ],
          "identity_schema_version": 0,
          "private": "eyJlMmJmYjczMC1lY2FhLTExZTYtOGY4OC0zNDM2M2JjN2M0YzAiOnsiY3JlYXRlIjoxODAwMDAwMDAwMDAwLCJkZWxldGUiOjE4MDAwMDAwMDAwMDAsInJlYWQiOjMwMDAwMDAwMDAwMCwidXBkYXRlIjoxODAwMDAwMDAwMDAwfSwic2NoZW1hX3ZlcnNpb24iOiIzIn0=",
          "dependencies": [
            "azurerm_resource_group.rg"
          ]
        }
      ]
    },
    {
      "mode": "managed",
      "type": "azurerm_resource_group",
      "name": "rg",
      "provider": "provider[\"registry.terraform.io/hashicorp/azurerm\"]",
      "instances": [
        {
          "schema_version": 0,
          "attributes": {
            "id": "/subscriptions/fb89bb2a-64ce-44b2-8261-680f1192d822/resourceGroups/chillphim-rg",
            "location": "japaneast",
            "managed_by": "",
            "name": "chillphim-rg",
            "tags": {
              "Owner": "Phat",
              "Project": "chillphim"
            },
            "timeouts": null
          },
          "sensitive_attributes": [],
          "identity_schema_version": 0,
          "private": "eyJlMmJmYjczMC1lY2FhLTExZTYtOGY4OC0zNDM2M2JjN2M0YzAiOnsiY3JlYXRlIjo1NDAwMDAwMDAwMDAwLCJkZWxldGUiOjU0MDAwMDAwMDAwMDAsInJlYWQiOjMwMDAwMDAwMDAwMCwidXBkYXRlIjo1NDAwMDAwMDAwMDAwfX0="
        }
      ]
    },
    {
      "mode": "managed",
      "type": "azurerm_subnet",
      "name": "subnet",
      "provider": "provider[\"registry.terraform.io/hashicorp/azurerm\"]",
      "instances": [
        {
          "schema_version": 0,
          "attributes": {
            "address_prefixes": [
              "10.0.1.0/24"
            ],
            "default_outbound_access_enabled": true,
            "delegation": [],
            "enforce_private_link_endpoint_network_policies": false,
            "enforce_private_link_service_network_policies": false,
            "id": "/subscriptions/fb89bb2a-64ce-44b2-8261-680f1192d822/resourceGroups/chillphim-rg/providers/Microsoft.Network/virtualNetworks/chillphim-vnet/subnets/chillphim-subnet",
            "name": "chillphim-subnet",
            "private_endpoint_network_policies": "Enabled",
            "private_endpoint_network_policies_enabled": true,
            "private_link_service_network_policies_enabled": true,
            "resource_group_name": "chillphim-rg",
            "service_endpoint_policy_ids": [],
            "service_endpoints": [],
            "timeouts": null,
            "virtual_network_name": "chillphim-vnet"
          },
          "sensitive_attributes": [],
          "identity_schema_version": 0,
          "private": "eyJlMmJmYjczMC1lY2FhLTExZTYtOGY4OC0zNDM2M2JjN2M0YzAiOnsiY3JlYXRlIjoxODAwMDAwMDAwMDAwLCJkZWxldGUiOjE4MDAwMDAwMDAwMDAsInJlYWQiOjMwMDAwMDAwMDAwMCwidXBkYXRlIjoxODAwMDAwMDAwMDAwfX0=",
          "dependencies": [
            "azurerm_resource_group.rg",
            "azurerm_virtual_network.vnet"
          ]
        }
      ]
    },
    {
      "mode": "managed",
      "type": "azurerm_virtual_network",
      "name": "vnet",
      "provider": "provider[\"registry.terraform.io/hashicorp/azurerm\"]",
      "instances": [
        {
          "schema_version": 0,
          "attributes": {
            "address_space": [
              "10.0.0.0/16"
            ],
            "bgp_community": "",
            "ddos_protection_plan": [],
            "dns_servers": [],
            "edge_zone": "",
            "encryption": [],
            "flow_timeout_in_minutes": 0,
            "guid": "01a08def-231a-4020-92ec-99bed612f366",
            "id": "/subscriptions/fb89bb2a-64ce-44b2-8261-680f1192d822/resourceGroups/chillphim-rg/providers/Microsoft.Network/virtualNetworks/chillphim-vnet",
            "location": "japaneast",
            "name": "chillphim-vnet",
            "resource_group_name": "chillphim-rg",
            "subnet": [
              {
                "address_prefix": "10.0.1.0/24",
                "id": "/subscriptions/fb89bb2a-64ce-44b2-8261-680f1192d822/resourceGroups/chillphim-rg/providers/Microsoft.Network/virtualNetworks/chillphim-vnet/subnets/chillphim-subnet",
                "name": "chillphim-subnet",
                "security_group": ""
              }
            ],
            "tags": {},
            "timeouts": null
          },
          "sensitive_attributes": [],
          "identity_schema_version": 0,
          "private": "eyJlMmJmYjczMC1lY2FhLTExZTYtOGY4OC0zNDM2M2JjN2M0YzAiOnsiY3JlYXRlIjoxODAwMDAwMDAwMDAwLCJkZWxldGUiOjE4MDAwMDAwMDAwMDAsInJlYWQiOjMwMDAwMDAwMDAwMCwidXBkYXRlIjoxODAwMDAwMDAwMDAwfX0=",
          "dependencies": [
            "azurerm_resource_group.rg"
          ]
        }
      ]
    }
  ],
  "check_results": null
}
