{
  "version": 4,
  "terraform_version": "1.14.8",
  "serial": 14,
  "lineage": "c4dd746f-5058-15d3-3bc7-bb33df5addb0",
  "outputs": {
    "acr_admin_username": {
      "value": "chillphimacr2026phat",
      "type": "string"
    },
    "acr_login_server": {
      "value": "chillphimacr2026phat.azurecr.io",
      "type": "string"
    },
    "aks_cluster_name": {
      "value": "chillphim-aks",
      "type": "string"
    },
    "aks_kube_config_command": {
      "value": "az aks get-credentials --resource-group chillphim-rg --name chillphim-aks",
      "type": "string"
    },
    "resource_group_name": {
      "value": "chillphim-rg",
      "type": "string"
    }
  },
  "resources": [
    {
      "mode": "managed",
      "type": "azurerm_container_registry",
      "name": "acr",
      "provider": "provider[\"registry.terraform.io/hashicorp/azurerm\"]",
      "instances": [
        {
          "schema_version": 2,
          "attributes": {
            "admin_enabled": true,
            "admin_password": "CJVcZdbPRgbOOjJdhhZPSdXI5UETMGLtArW81pjDnR6SIqeTk1tCJQQJ99CDACi0881Eqg7NAAACAZCRqVxX",
            "admin_username": "chillphimacr2026phat",
            "anonymous_pull_enabled": false,
            "data_endpoint_enabled": false,
            "encryption": [
              {
                "enabled": false,
                "identity_client_id": "",
                "key_vault_key_id": ""
              }
            ],
            "export_policy_enabled": true,
            "georeplications": [],
            "id": "/subscriptions/fb89bb2a-64ce-44b2-8261-680f1192d822/resourceGroups/chillphim-rg/providers/Microsoft.ContainerRegistry/registries/chillphimacr2026phat",
            "identity": [],
            "location": "japaneast",
            "login_server": "chillphimacr2026phat.azurecr.io",
            "name": "chillphimacr2026phat",
            "network_rule_bypass_option": "AzureServices",
            "network_rule_set": [],
            "public_network_access_enabled": true,
            "quarantine_policy_enabled": false,
            "resource_group_name": "chillphim-rg",
            "retention_policy": [
              {
                "days": 7,
                "enabled": false
              }
            ],
            "sku": "Basic",
            "tags": {},
            "timeouts": null,
            "trust_policy": [
              {
                "enabled": false
              }
            ],
            "zone_redundancy_enabled": false
          },
          "sensitive_attributes": [
            [
              {
                "type": "get_attr",
                "value": "admin_password"
              }
            ]
          ],
          "identity_schema_version": 0,
          "private": "eyJlMmJmYjczMC1lY2FhLTExZTYtOGY4OC0zNDM2M2JjN2M0YzAiOnsiY3JlYXRlIjoxODAwMDAwMDAwMDAwLCJkZWxldGUiOjE4MDAwMDAwMDAwMDAsInJlYWQiOjMwMDAwMDAwMDAwMCwidXBkYXRlIjoxODAwMDAwMDAwMDAwfSwic2NoZW1hX3ZlcnNpb24iOiIyIn0=",
          "dependencies": [
            "azurerm_resource_group.rg"
          ]
        }
      ]
    },
    {
      "mode": "managed",
      "type": "azurerm_kubernetes_cluster",
      "name": "aks",
      "provider": "provider[\"registry.terraform.io/hashicorp/azurerm\"]",
      "instances": [
        {
          "schema_version": 2,
          "attributes": {
            "aci_connector_linux": [],
            "api_server_access_profile": [],
            "api_server_authorized_ip_ranges": [],
            "auto_scaler_profile": [],
            "automatic_channel_upgrade": "",
            "azure_active_directory_role_based_access_control": [],
            "azure_policy_enabled": false,
            "confidential_computing": [],
            "cost_analysis_enabled": false,
            "current_kubernetes_version": "1.34.4",
            "custom_ca_trust_certificates_base64": null,
            "default_node_pool": [
              {
                "capacity_reservation_group_id": "",
                "custom_ca_trust_enabled": false,
                "enable_auto_scaling": false,
                "enable_host_encryption": false,
                "enable_node_public_ip": false,
                "fips_enabled": false,
                "gpu_instance": "",
                "host_group_id": "",
                "kubelet_config": [],
                "kubelet_disk_type": "OS",
                "linux_os_config": [],
                "max_count": 0,
                "max_pods": 30,
                "message_of_the_day": "",
                "min_count": 0,
                "name": "default",
                "node_count": 1,
                "node_labels": {},
                "node_network_profile": [],
                "node_public_ip_prefix_id": "",
                "node_taints": null,
                "only_critical_addons_enabled": false,
                "orchestrator_version": "1.34.4",
                "os_disk_size_gb": 128,
                "os_disk_type": "Managed",
                "os_sku": "Ubuntu",
                "pod_subnet_id": "",
                "proximity_placement_group_id": "",
                "scale_down_mode": "Delete",
                "snapshot_id": "",
                "tags": null,
                "temporary_name_for_rotation": "",
                "type": "VirtualMachineScaleSets",
                "ultra_ssd_enabled": false,
                "upgrade_settings": [
                  {
                    "drain_timeout_in_minutes": 0,
                    "max_surge": "10%",
                    "node_soak_duration_in_minutes": 0
                  }
                ],
                "vm_size": "Standard_D2s_v3",
                "vnet_subnet_id": "/subscriptions/fb89bb2a-64ce-44b2-8261-680f1192d822/resourceGroups/chillphim-rg/providers/Microsoft.Network/virtualNetworks/chillphim-vnet/subnets/chillphim-subnet",
                "workload_runtime": "",
                "zones": null
              }
            ],
            "disk_encryption_set_id": "",
            "dns_prefix": "chillphimaks",
            "dns_prefix_private_cluster": "",
            "edge_zone": "",
            "enable_pod_security_policy": false,
            "fqdn": "chillphimaks-24hje3c0.hcp.japaneast.azmk8s.io",
            "http_application_routing_enabled": false,
            "http_application_routing_zone_name": "",
            "http_proxy_config": [],
            "id": "/subscriptions/fb89bb2a-64ce-44b2-8261-680f1192d822/resourceGroups/chillphim-rg/providers/Microsoft.ContainerService/managedClusters/chillphim-aks",
            "identity": [
              {
                "identity_ids": null,
                "principal_id": "b235ac86-1274-40c8-854f-b31883ed34c1",
                "tenant_id": "14d5de2b-d212-4175-92d5-156ea5b7c037",
                "type": "SystemAssigned"
              }
            ],
            "image_cleaner_enabled": false,
            "image_cleaner_interval_hours": 48,
            "ingress_application_gateway": [
              {
                "effective_gateway_id": "/subscriptions/fb89bb2a-64ce-44b2-8261-680f1192d822/resourceGroups/MC_chillphim-rg_chillphim-aks_japaneast/providers/Microsoft.Network/applicationGateways/chillphim-appgw",
                "gateway_id": "",
                "gateway_name": "chillphim-appgw",
                "ingress_application_gateway_identity": [
                  {
                    "client_id": "1500fc48-15e0-4da8-b946-15baab547549",
                    "object_id": "fd9ff3c4-84d6-4b60-95b5-9e8fc689e907",
                    "user_assigned_identity_id": "/subscriptions/fb89bb2a-64ce-44b2-8261-680f1192d822/resourcegroups/MC_chillphim-rg_chillphim-aks_japaneast/providers/Microsoft.ManagedIdentity/userAssignedIdentities/ingressapplicationgateway-chillphim-aks"
                  }
                ],
                "subnet_cidr": "",
                "subnet_id": "/subscriptions/fb89bb2a-64ce-44b2-8261-680f1192d822/resourceGroups/chillphim-rg/providers/Microsoft.Network/virtualNetworks/chillphim-vnet/subnets/gateway-subnet"
              }
            ],
            "key_management_service": [],
            "key_vault_secrets_provider": [],
            "kube_admin_config": [],
            "kube_admin_config_raw": "",
            "kube_config": [
              {
                "client_certificate": "LS0tLS1CRUdJTiBDRVJUSUZJQ0FURS0tLS0tCk1JSUZIVENDQXdXZ0F3SUJBZ0lRVlNYZHhMdFJFV2FEdW5yZm8xY1h6REFOQmdrcWhraUc5dzBCQVFzRkFEQU4KTVFzd0NRWURWUVFERXdKallUQWVGdzB5TmpBME1qUXhNREEzTURSYUZ3MHlPREEwTWpReE1ERTNNRFJhTURBeApGekFWQmdOVkJBb1REbk41YzNSbGJUcHRZWE4wWlhKek1SVXdFd1lEVlFRREV3eHRZWE4wWlhKamJHbGxiblF3CmdnSWlNQTBHQ1NxR1NJYjNEUUVCQVFVQUE0SUNEd0F3Z2dJS0FvSUNBUUM3UmthTlZDMFlFeWdvZ0h2V1MyMHEKMUxFSTJVbklLVXZVd1JMSUNMWmdVa0o1eS9MQjAzT25Nc2pqM1RoamZQend1S1QzRkc5WGhpYUZ6THVGTm9LSgppeVJIemZlSWpBbVVGNmtldkRWcWh1blV1WURBVVdrd2hYRW9HcUYzVklWQ1c5ckg2cS9FMTRKZWw1di91RjJvCjBWUGFaQUlFVlRoajAvZ2gyMVR1TE1IYXpqamxCRlJ5NFkxOFg5cXlUbGJQNk9rb1F0WWxtczVCNTYvSk9pUDkKVXdrOVJhTXZpQjMwVXlqaUc5NEZ1a3FLWW5PTDJFeHFTZ3RJcFlYcVlSanhhMXpIS00zRU5keHlnTzArRVNGZwpkY0tIem94WU5oMGptM3RreVIyVnhTTWdZcDlxRVFjMkFHdmY3dkdORG14dE1aNGxrMERteWVsNlpNZnZPeFhwCld0cUpTWEUyOHdWSU9SL1lvdEFnRXRjWTBWcTJmRnEyZFF1S1BVTlQwS1FtUk1EdGU1OE92STFxUzk1MElOZksKMG9jd2xZKzJ1T3NVQmVmMjNvbTd1eWtzeFI4ZExKalZkYUx2MVBsWVlsajlsTUo5Ky91bEJsYkpqTExLNVR3Sgp2VExLSEFrMlJxWHRCeS9QOXh4MUxFWnBOQWtiYjl4blAvM09zR1dNMjEwd0REUXZVS0M3MUlFc0MvNUR5aUF2ClIvK01UUFNpeWJmNzVHSy8rNHFvak9JczE3dk4ySEFpbmQyVDhXUnZxd3FQanlNemU1WFRVNmlUOE42QjEvdjUKL2lqYzNYc3FnK0VCS1pRRlc4cFcveEtudW54M1Bwb0lMN3ltWmM1QkRLSW5HK0l5REVscUdsam5ybjJheURaUwpoTGxzdGR2MnMvOW16Z0RJUStDU0lRSURBUUFCbzFZd1ZEQU9CZ05WSFE4QkFmOEVCQU1DQmFBd0V3WURWUjBsCkJBd3dDZ1lJS3dZQkJRVUhBd0l3REFZRFZSMFRBUUgvQkFJd0FEQWZCZ05WSFNNRUdEQVdnQlJQNjVQZmF3clYKNi83Um9VRDRHNWExMkd5K1pUQU5CZ2txaGtpRzl3MEJBUXNGQUFPQ0FnRUF0SEF2UmxVc1pIaVhiaHFlWnNDZApEdXl6T01ocXh0cE9aOWdLOGRsSlFEUExYeHB6bTE5anlsZiszQ002QjFQbHVvY0NaT01Wb1RzbTBadjJ4ZmpMCjlpMldGMTU2RExBdEUyUGtVOGorYUJKY01wM3BhN29VN1hSY2JWR3ZTR3kwM09qcTI5QVIzNDJYN0RvZUF6L20KRWo4YXNsWmhGN0MwekhwTUVacTZGcW9jcndCL29tYXk1REp1Z09LWFB4ekFSSE94dW4zWU0rOFY3RVVNQ2ZicgplSDVXb2FzdVVWSGV0UURUTGNsb3JnU0RnQzhHbjhiQ3BQT1ZDRjZWY083WHdEY25weG1LV2prNTlUamN0QllPCkJBZFVwMDk0STJWUjAwMEhXZjBybWJySFhVb1JtZkw5dTdhbjdKTWpCSWpwdFV5V0VBMVJMTTZzdVRuZGdoWG4KMFpuSFV3MGRVMTRMNERDS0ZNNFdqUjNETTBraGI3SG5pckcrN3E5YnFES1p6N2hKdTJLb2FxTkRVWkRnM0UzSwpUQ1FGVHJaY2dtRGduYkNuNmFXY3N3MUlDSXFSKy9pWXJ3QUZoTUI3UGZ4cEk0dll2NlV4aFFxOE5DVTR0OEFBCmFlVmNqUWJ5K2pwb2FFQ3MyOGhqVzZPUW5ZbitmK1RNc0V4bERKaHh1Ym1CZitmRWRsTWx6WTEzUnFFVUE1ZE0KaUJDUVY3TGJPV0NNRkFjVHhXUkw0T0VXTWFpa09Sc3dDUVFJSVdwRzJNay9nZDVHSW5oNlRTbDhJSkIvNmMzMwpScVZnaVNDenJFUWVRY0dIWFA0alJNNW9RVklBWjUrREFCNlM2ZFAyZEJzY1k0QTBqbXlzdXZBUEFZdXpLU0JHCmNNTzJyL0c3VEl1YjgxZU11OXFJUGpZPQotLS0tLUVORCBDRVJUSUZJQ0FURS0tLS0tCg==",
                "client_key": "LS0tLS1CRUdJTiBSU0EgUFJJVkFURSBLRVktLS0tLQpNSUlKS1FJQkFBS0NBZ0VBdTBaR2pWUXRHQk1vS0lCNzFrdHRLdFN4Q05sSnlDbEwxTUVTeUFpMllGSkNlY3Z5CndkTnpwekxJNDkwNFkzejg4TGlrOXhSdlY0WW1oY3k3aFRhQ2lZc2tSODMzaUl3SmxCZXBIcncxYW9icDFMbUEKd0ZGcE1JVnhLQnFoZDFTRlFsdmF4K3F2eE5lQ1hwZWIvN2hkcU5GVDJtUUNCRlU0WTlQNElkdFU3aXpCMnM0NAo1UVJVY3VHTmZGL2FzazVXeitqcEtFTFdKWnJPUWVldnlUb2ovVk1KUFVXakw0Z2Q5Rk1vNGh2ZUJicEtpbUp6Cmk5aE1ha29MU0tXRjZtRVk4V3RjeHlqTnhEWGNjb0R0UGhFaFlIWENoODZNV0RZZEk1dDdaTWtkbGNVaklHS2YKYWhFSE5nQnIzKzd4alE1c2JUR2VKWk5BNXNucGVtVEg3enNWNlZyYWlVbHhOdk1GU0RrZjJLTFFJQkxYR05GYQp0bnhhdG5VTGlqMURVOUNrSmtUQTdYdWZEcnlOYWt2ZWRDRFh5dEtITUpXUHRyanJGQVhuOXQ2SnU3c3BMTVVmCkhTeVkxWFdpNzlUNVdHSlkvWlRDZmZ2N3BRWld5WXl5eXVVOENiMHl5aHdKTmthbDdRY3Z6L2NjZFN4R2FUUUoKRzIvY1p6Lzl6ckJsak50ZE1BdzBMMUNndTlTQkxBditROG9nTDBmL2pFejBvc20zKytSaXYvdUtxSXppTE5lNwp6ZGh3SXAzZGsvRmtiNnNLajQ4ak0zdVYwMU9vay9EZWdkZjcrZjRvM04xN0tvUGhBU21VQlZ2S1Z2OFNwN3A4CmR6NmFDQys4cG1YT1FReWlKeHZpTWd4SmFocFk1NjU5bXNnMlVvUzViTFhiOXJQL1pzNEF5RVBna2lFQ0F3RUEKQVFLQ0FnQWNTL21VR0VCNkQwYjFtN2hhZ0dvZDJ5Wm0xbUk2SHRkSTdlVjNHUzNwYnZTQmI4b2Q5R1BZd3lrcwptUHdRdUUyRjEvaUJKdkxOOEVTNDJkOEp1VnRQQ2htd3lkUFpxNE0wLzhBN2x5ZWhFWUthZEc4YVlCSzdWS1pzCjcxMHZhVE43ZStLYWE0RWtob1c1NGtHZGlZK0pWeHZLOTJxQW1obmJwNmNxQW5pYVJtUUNPai9KaHZaMXAxUVkKRTJtNW9IR29sNkpIUlpZUzk0bXIxcVN1akp6c2haUHpVS2JnSXpxWGRNdE1JdmJRdWIzU25CNm1aa2ZobFkrUAo2Z2JLaStKWGRDZ0FKYysxa29mZE8xTGRtbndIRmJRUGppdVJscGVmampvK1Y4OGpGcmNBaVRaYU1mbDdkT1BYCjRjUlkwbkdhckRFZnIxalNwbmFqV2tBRmkxRjdmMlEyRyttdmM1eUt3TWJhMC84c21JTndTSktpcTZtSVNrbnoKczRETGtLSGs1TCtxZVlzcE1aL3hjeU9DaTJhRkh4T3Qzanh0N3c0eHEzNTZqc2NGRVpnM29VQmhUUkJUc2dKZgpzZEdodnhMcUNMcW82NmNVeTdpNVo4V1FGMXhORXh0VmFEd2JORC85ZE15Y2Jad2NTSnBWUCtkQU5vR3RDRnZWCjgzQXRZOW5GVUpyV21GMmt6Y1ArTGVtdWhBd2lKMmNPZCt2TEIra0VMRjByNDhXZ0RobmRHaDlRMzJqS2FFSmcKVE5XTkJxcTRubUY2amNhOFNTRmxJK0kyNHg0c1NyTWNJWmowTXNTYnQzdjgvOEJBNnBpREprUGNrUVNWdFoxdAo3cFBuc1MwTEVxaGd3WFcvUlVpOFVDV2xZbURaWktNbmpIUUpRWXZabEZFZXRHQnFZd0tDQVFFQTNrVFNRelZvCmVHZzMyK2RlcFVFaFpHeXFRNGNqdWhWeDIvZThLQXVTN0dUc0dGQVFIVWlqb09qYVZtSFUwaU85SUh4OFdLQmIKREtoek5xa1ZxbzVKWHFMRzZsR0w2bEIxdCt6a0N2N3ZIcWpOb2FKZmVGVFRaUjQ4d25VTnQ0VGFDeG1HcTI1dwo1UnMzQndNejhaM3hlNU1Qb1VKVmtnaWcybllrZ0xtNWU1ZFlrTStXRGVzVUhUaXdZaE91bDNraG1ZYUV3MXl5Ck9YQzRydE1pTjF5bUJmcnNrcXhVK3VGVmJtZm9HVXM0UmN0WWNmeCt3MVlrUXZiQmM0T1lBcXhNTDRvcUEzTm0KUWlxUm1UNEFqYUxlb0ZWM3pkMHRyemRSbkNzU3FWcnRiZGxmc0JTMDBPU243dFdvUnFVd1Jyb2pPZHhWc2VkdQpYVGdJdFVXdTBadmpjd0tDQVFFQTE3SHJaYnlIQjNTcElPNUtsT1YrVWl5NmJmUDFxVURqSSt3cFFGYlFIczJPCkdUNkRGblBScDl4Z0FGSGlWTW94K2ZFSXpXTjdMSXc4YngrelprWi96VEdjT080WjB1aWpHbE1IQTZpWnhUM2QKNE83N3hpRlI5dWd5eitDemNuOXMwMFR0WFJsT05PM1pKdWx0VUdMNHlCZjdtNkY2Y3d4V21UWXJ6U1ZMeDROUgo4a2hab2lZeW04VFZON3M4a2pLcGl1dTJac0JJZDk5d1FuQjRqY0xCRUU4aDNqeHFnd0c3U0JPUHFQSzlQU2dzCmVSNE1GSVVzTGdHVTdjQXVqV2IyQnpNZW91LzVuMTNoUlkyNitvS0EvdUdsSzB6Y3h4c1ZqVDZHc1k3ZGNzcDYKa2hkQ29TeE45dE4yejBTQXI2MDdaRHgzWFFBYjMrSG14YW05TzI3WEd3S0NBUUF0WHhzVXdSZzhTL25yRjhYSQpNZzFnOUpXbEJ6Y1J5MExjeGl0UWVWeGFpUmR3dHhjekF4cnp3OVNlQVlaeUJ2MmFYZzc4QUcvVm02VTVLVGJWCkJBcVNHT1JGL0xOMDkwdXdhZGo3TGFNZVBSTU14WnA3YzhWYlJOcmVUd3FueGFURTAwY2NRNFVrSDNRU0tHTTQKRlNld05Bcml2aW05ajZsV0x2dXdremo3czU5T29ERmZVZmRmSjYxSnQvN1J5TlpGQXFLalJvN1REdUdFUG5FagpuL1A4RUlhdVFpTnV1d1MzYnRxQUgweXpZcGtCVzZ0OHNGN2lsSUJVMWkzM2piaFhrL3FUamNENERMeC83Wm9yClQyM21pTXZWNkNwbE5BT2l2MkFsMWZ2VmlxUHZ5NnBGWWdldHgwdDhjRWYwaUJhY3Z3OTNLMmpwK29BOGtLYm8KL3N0bEFvSUJBUURMRDJMdk9sZGN1NFZselRCRmtQQWxhSnB5WFJQUExaa28vbkd2Y29zb0ZKaE1SNytkYVpmZApFZWtISkErUmgzRVpQc1BzcUZVVGtVcHJ5MHBYWk5ONFY5WWMrbnN4UlhZWG1FYW9PUmZheXUyUmp5dFVVWllhCmZtc25yUUVETDlkQjVrZ1lOM1NhKzdoTm04QWZ4NjB5b3ZGcWlORUFjb01zWmdWQ2NuUXU5Z0ExdWNzNGpnRmoKQ0NFN0FIaDdvbHBld0ozTmlnUXZaaGtIVTE4TEJtZy9kR0FNR3BDam1RTzVUVUVYNnI0aFR5cmZNMXhvRFIrVQppRVN1dHhpY1ltd0lSeVgyZXpsandUd05BT3NnWDdBVlJGVDh1TFc0ZEZVTHpldDhTV1ZOWmpXU1IzZWd5RmIxCm9ncmVBajJzSmNnZUM1Ykw1UWhZOHhFUTBVV25LQ2cxQW9JQkFRQ2NpRTNSNmYwM1VPZGgzM0x1SEY5S2swYXQKT2hQWGlNTDVEdUpidkFJdmZ5R1haL0gxSDdYbEdlQjg2U3JFRlZrNmFUTSthYmNrajdpaVZ6L3RKKzI3bGJIcgpyekExZVRzUU1VQVFvTDlLcGlETDdYeHRrS094cElQN2VhNEZQOFR0U1RORFlaaUFvaktxVy9sY2pYM0R3L2RFCjMyTEdHSEhOK1ZDMTRJaHNyOHo5alN6ZzYyazBZMnVMTkZoZzVZRWZwY0c4T2ZHOXdrZWhEM1pMa2xydzJNbWcKSFNuWUV5OHJKWnk3eklYbTczM0lLU0ZjR3R1cSs3R2cyMDZKQW9sRnYxTTkvdW4zcFdNUFBxSzN1WmUrQ1JQcwpUL2ZVc1d6V0VKSm9aNHR4a2k5NmtVRGlzYkRoRFBVNlR2dkxIa1M4QmN3UzhUK21RYysrcWFYN0ZtazEKLS0tLS1FTkQgUlNBIFBSSVZBVEUgS0VZLS0tLS0K",
                "cluster_ca_certificate": "LS0tLS1CRUdJTiBDRVJUSUZJQ0FURS0tLS0tCk1JSUU2VENDQXRHZ0F3SUJBZ0lSQU1XNWdrOGpQNnRSTmFLYWJueHZ1THN3RFFZSktvWklodmNOQVFFTEJRQXcKRFRFTE1Ba0dBMVVFQXhNQ1kyRXdJQmNOTWpZd05ESTBNVEF3TnpBMFdoZ1BNakExTmpBME1qUXhNREUzTURSYQpNQTB4Q3pBSkJnTlZCQU1UQW1OaE1JSUNJakFOQmdrcWhraUc5dzBCQVFFRkFBT0NBZzhBTUlJQ0NnS0NBZ0VBCjFOS0NZQ2NUY2hYRnNJNUJpN0Zxd2hORFVKU2FKK2RKaEVYZjdyc05tM2dueEdsQ2F6REVIcXJhc292R2k1ODgKT3BjakNFLzBUS3ZMNFgxaGVBVVBHWEZXbnBaQWFNZ0dVdmxxZHIyeHZsTnpNYktKcllGeC9RLzRIcWxTLzVkNApNS2dmTVRBN2crNC91eEdsekwyVHBvV1dMSS83bzZqUkFHd2VwQytqMFBNTjdMTzErVG5TcFFvOXhpRlJRUmkyCjE5dnZoMm9EM3NHVXB4N0Y0LzNMMG1KZitjOC9GRTMxcC81T2szcjdyQ1pFRlhpMGJGV3g5b0xWdGVIUkNGaFAKRzBiK0hYOTlqdlBPaEgvTGZjRG9YNXU3b1AxZDFwcUtxc2EwSVQvUGxKb3hYaFgreEEvZlpCeXJ1WTdKMzZtUwpUMXVlbU4xUzl3TUxQVDRhZHFEV0FORENVK0w5VDZHOUtQOWxqa0ovUEtLdEFlMFE2Y0xGNG1HYXM3bFYwcHY4CmY3RVkyR1dsc01uNzU1QnJiaGtMQ0d1Y3pMS2QwenNvY2oyaFZzMGt4NjlvZHE4V0xqZkFKeGx4NzFSRTNEMTMKVVg4QnRLSjZiQktOUTg5WUxaM1VtU2JjcUNNQmpOSkVvMTdndXV3MVZVWmpxbUxWZjd5bEIzTmJPV2hWbjZWcgp5VDRGMXNjS3cya1JZNXk3NW5PMGRFUXlxR0RtM0hVQitiRDJkV1BuaU1MNXQ1ak5VZjhpRTYyMGgvbnZSTkhuCkcxM1RKSlYrRXVQZ3YxbERqdkNrWnZJVStiaFV6eE5wUTFnaWpUKzdoc3VWenlYcWtTKzVqV1pjOGdqT2g3dzIKdkQ1UjZxMjAvMFVFVDc5SGUvUHRyNHErYmtod0lmSnFYMkNaeWJyZUZlY0NBd0VBQWFOQ01FQXdEZ1lEVlIwUApBUUgvQkFRREFnS2tNQThHQTFVZEV3RUIvd1FGTUFNQkFmOHdIUVlEVlIwT0JCWUVGRS9yazk5ckN0WHIvdEdoClFQZ2JsclhZYkw1bE1BMEdDU3FHU0liM0RRRUJDd1VBQTRJQ0FRQ3BWcWVCQjd3ZVcwKzJ4dnVRdlRNTDExQmEKSU1HdU8rTTNEdkNEb2dhMUdKbnVhZVNLbGhhR3o5d25FSEo4K2Jldkw3MEF6Um5jVTJ0UkhheWtTb1IwNEhJcwpwYkthTXpScWkrREo0VnMyWUNTQkYvRHoyVWZzNGpJN1JUU2c0SWxWbGJxZ2VDRnRscGRMT0pUcjJOZVRXLzVwCitFTEFTNmVzNGdUZWZxWVpvLzJjYnVZYkNxWFdLdytLTnlXOHFTK2x2SmFISGRFd2hLNE5wblVpbUo5bHQ3NTQKd1ZNTmR1T3RBa2hxRjhzS04xSno4NmJ4em14eS9yNGhMSkpuTStHdTFpMkNpcDA0MDF5aVRiVk0wV3p2eWxJZgo3cTlmYVYvVXA2OUFiMjBLOXdoY2hZU3B4bjZFUUg4dHg0VENKT3NucHpEV1VhLzAraC85R091QkRqaXZLRUM3CmdNVXREV1RjZDUwdFFQN3pqVVdBRkZ4V1NONTFKV3dXNEFSVVEzWDV3RDhna0lvbkQrc1k3enNoa2ZlSUdud2UKZlhzb2l4Zm1JMXMzWmdYT1RPeVlLdGZtdzhXTU9nREx5QktHYXQvdjhFTjNlSG16Y1RCZy9taTcxVmMzYW5ndwpSWmxOYitMY1JlUWFXdVRYOStHenFrRnZtd2laWWswbHJhMWtuZ1h1SjdWSkJqS3VDZUR3Z0g1Z1BwM0Jwc2w0CmIwWk1zMzFhRjFseWM5TFZzbER6eWluMnZUbTlWdjBycld1cVpmMnZYNi9ZNllGZzFTTlhFc2Rya1pGemo0SEMKWXYxeXJ0ZHM3SkNYN0Zmckt5UVlWUE5UZCtpQXJCOE5xNjIwQ1JXR01FMHNpZGJZZ3lSWWpwYkFjcUU3Z3hpTwptVXlkdzU1eGt2WEVYellwMlE9PQotLS0tLUVORCBDRVJUSUZJQ0FURS0tLS0tCg==",
                "host": "https://chillphimaks-24hje3c0.hcp.japaneast.azmk8s.io:443",
                "password": "5em98vxmh9bbw7oiu9t8qhfc0jst7u65kme85yiqxhm2159q30f7fxpfwfb8bmu7rc9i6ae2ebngzc5i8fb61fhl53qz2ap2765v6sbklhuc9j9jvi33qsfgbpykekr8",
                "username": "clusterUser_chillphim-rg_chillphim-aks"
              }
            ],
            "kube_config_raw": "apiVersion: v1\nclusters:\n- cluster:\n    certificate-authority-data: LS0tLS1CRUdJTiBDRVJUSUZJQ0FURS0tLS0tCk1JSUU2VENDQXRHZ0F3SUJBZ0lSQU1XNWdrOGpQNnRSTmFLYWJueHZ1THN3RFFZSktvWklodmNOQVFFTEJRQXcKRFRFTE1Ba0dBMVVFQXhNQ1kyRXdJQmNOTWpZd05ESTBNVEF3TnpBMFdoZ1BNakExTmpBME1qUXhNREUzTURSYQpNQTB4Q3pBSkJnTlZCQU1UQW1OaE1JSUNJakFOQmdrcWhraUc5dzBCQVFFRkFBT0NBZzhBTUlJQ0NnS0NBZ0VBCjFOS0NZQ2NUY2hYRnNJNUJpN0Zxd2hORFVKU2FKK2RKaEVYZjdyc05tM2dueEdsQ2F6REVIcXJhc292R2k1ODgKT3BjakNFLzBUS3ZMNFgxaGVBVVBHWEZXbnBaQWFNZ0dVdmxxZHIyeHZsTnpNYktKcllGeC9RLzRIcWxTLzVkNApNS2dmTVRBN2crNC91eEdsekwyVHBvV1dMSS83bzZqUkFHd2VwQytqMFBNTjdMTzErVG5TcFFvOXhpRlJRUmkyCjE5dnZoMm9EM3NHVXB4N0Y0LzNMMG1KZitjOC9GRTMxcC81T2szcjdyQ1pFRlhpMGJGV3g5b0xWdGVIUkNGaFAKRzBiK0hYOTlqdlBPaEgvTGZjRG9YNXU3b1AxZDFwcUtxc2EwSVQvUGxKb3hYaFgreEEvZlpCeXJ1WTdKMzZtUwpUMXVlbU4xUzl3TUxQVDRhZHFEV0FORENVK0w5VDZHOUtQOWxqa0ovUEtLdEFlMFE2Y0xGNG1HYXM3bFYwcHY4CmY3RVkyR1dsc01uNzU1QnJiaGtMQ0d1Y3pMS2QwenNvY2oyaFZzMGt4NjlvZHE4V0xqZkFKeGx4NzFSRTNEMTMKVVg4QnRLSjZiQktOUTg5WUxaM1VtU2JjcUNNQmpOSkVvMTdndXV3MVZVWmpxbUxWZjd5bEIzTmJPV2hWbjZWcgp5VDRGMXNjS3cya1JZNXk3NW5PMGRFUXlxR0RtM0hVQitiRDJkV1BuaU1MNXQ1ak5VZjhpRTYyMGgvbnZSTkhuCkcxM1RKSlYrRXVQZ3YxbERqdkNrWnZJVStiaFV6eE5wUTFnaWpUKzdoc3VWenlYcWtTKzVqV1pjOGdqT2g3dzIKdkQ1UjZxMjAvMFVFVDc5SGUvUHRyNHErYmtod0lmSnFYMkNaeWJyZUZlY0NBd0VBQWFOQ01FQXdEZ1lEVlIwUApBUUgvQkFRREFnS2tNQThHQTFVZEV3RUIvd1FGTUFNQkFmOHdIUVlEVlIwT0JCWUVGRS9yazk5ckN0WHIvdEdoClFQZ2JsclhZYkw1bE1BMEdDU3FHU0liM0RRRUJDd1VBQTRJQ0FRQ3BWcWVCQjd3ZVcwKzJ4dnVRdlRNTDExQmEKSU1HdU8rTTNEdkNEb2dhMUdKbnVhZVNLbGhhR3o5d25FSEo4K2Jldkw3MEF6Um5jVTJ0UkhheWtTb1IwNEhJcwpwYkthTXpScWkrREo0VnMyWUNTQkYvRHoyVWZzNGpJN1JUU2c0SWxWbGJxZ2VDRnRscGRMT0pUcjJOZVRXLzVwCitFTEFTNmVzNGdUZWZxWVpvLzJjYnVZYkNxWFdLdytLTnlXOHFTK2x2SmFISGRFd2hLNE5wblVpbUo5bHQ3NTQKd1ZNTmR1T3RBa2hxRjhzS04xSno4NmJ4em14eS9yNGhMSkpuTStHdTFpMkNpcDA0MDF5aVRiVk0wV3p2eWxJZgo3cTlmYVYvVXA2OUFiMjBLOXdoY2hZU3B4bjZFUUg4dHg0VENKT3NucHpEV1VhLzAraC85R091QkRqaXZLRUM3CmdNVXREV1RjZDUwdFFQN3pqVVdBRkZ4V1NONTFKV3dXNEFSVVEzWDV3RDhna0lvbkQrc1k3enNoa2ZlSUdud2UKZlhzb2l4Zm1JMXMzWmdYT1RPeVlLdGZtdzhXTU9nREx5QktHYXQvdjhFTjNlSG16Y1RCZy9taTcxVmMzYW5ndwpSWmxOYitMY1JlUWFXdVRYOStHenFrRnZtd2laWWswbHJhMWtuZ1h1SjdWSkJqS3VDZUR3Z0g1Z1BwM0Jwc2w0CmIwWk1zMzFhRjFseWM5TFZzbER6eWluMnZUbTlWdjBycld1cVpmMnZYNi9ZNllGZzFTTlhFc2Rya1pGemo0SEMKWXYxeXJ0ZHM3SkNYN0Zmckt5UVlWUE5UZCtpQXJCOE5xNjIwQ1JXR01FMHNpZGJZZ3lSWWpwYkFjcUU3Z3hpTwptVXlkdzU1eGt2WEVYellwMlE9PQotLS0tLUVORCBDRVJUSUZJQ0FURS0tLS0tCg==\n    server: https://chillphimaks-24hje3c0.hcp.japaneast.azmk8s.io:443\n  name: chillphim-aks\ncontexts:\n- context:\n    cluster: chillphim-aks\n    user: clusterUser_chillphim-rg_chillphim-aks\n  name: chillphim-aks\ncurrent-context: chillphim-aks\nkind: Config\nusers:\n- name: clusterUser_chillphim-rg_chillphim-aks\n  user:\n    client-certificate-data: LS0tLS1CRUdJTiBDRVJUSUZJQ0FURS0tLS0tCk1JSUZIVENDQXdXZ0F3SUJBZ0lRVlNYZHhMdFJFV2FEdW5yZm8xY1h6REFOQmdrcWhraUc5dzBCQVFzRkFEQU4KTVFzd0NRWURWUVFERXdKallUQWVGdzB5TmpBME1qUXhNREEzTURSYUZ3MHlPREEwTWpReE1ERTNNRFJhTURBeApGekFWQmdOVkJBb1REbk41YzNSbGJUcHRZWE4wWlhKek1SVXdFd1lEVlFRREV3eHRZWE4wWlhKamJHbGxiblF3CmdnSWlNQTBHQ1NxR1NJYjNEUUVCQVFVQUE0SUNEd0F3Z2dJS0FvSUNBUUM3UmthTlZDMFlFeWdvZ0h2V1MyMHEKMUxFSTJVbklLVXZVd1JMSUNMWmdVa0o1eS9MQjAzT25Nc2pqM1RoamZQend1S1QzRkc5WGhpYUZ6THVGTm9LSgppeVJIemZlSWpBbVVGNmtldkRWcWh1blV1WURBVVdrd2hYRW9HcUYzVklWQ1c5ckg2cS9FMTRKZWw1di91RjJvCjBWUGFaQUlFVlRoajAvZ2gyMVR1TE1IYXpqamxCRlJ5NFkxOFg5cXlUbGJQNk9rb1F0WWxtczVCNTYvSk9pUDkKVXdrOVJhTXZpQjMwVXlqaUc5NEZ1a3FLWW5PTDJFeHFTZ3RJcFlYcVlSanhhMXpIS00zRU5keHlnTzArRVNGZwpkY0tIem94WU5oMGptM3RreVIyVnhTTWdZcDlxRVFjMkFHdmY3dkdORG14dE1aNGxrMERteWVsNlpNZnZPeFhwCld0cUpTWEUyOHdWSU9SL1lvdEFnRXRjWTBWcTJmRnEyZFF1S1BVTlQwS1FtUk1EdGU1OE92STFxUzk1MElOZksKMG9jd2xZKzJ1T3NVQmVmMjNvbTd1eWtzeFI4ZExKalZkYUx2MVBsWVlsajlsTUo5Ky91bEJsYkpqTExLNVR3Sgp2VExLSEFrMlJxWHRCeS9QOXh4MUxFWnBOQWtiYjl4blAvM09zR1dNMjEwd0REUXZVS0M3MUlFc0MvNUR5aUF2ClIvK01UUFNpeWJmNzVHSy8rNHFvak9JczE3dk4ySEFpbmQyVDhXUnZxd3FQanlNemU1WFRVNmlUOE42QjEvdjUKL2lqYzNYc3FnK0VCS1pRRlc4cFcveEtudW54M1Bwb0lMN3ltWmM1QkRLSW5HK0l5REVscUdsam5ybjJheURaUwpoTGxzdGR2MnMvOW16Z0RJUStDU0lRSURBUUFCbzFZd1ZEQU9CZ05WSFE4QkFmOEVCQU1DQmFBd0V3WURWUjBsCkJBd3dDZ1lJS3dZQkJRVUhBd0l3REFZRFZSMFRBUUgvQkFJd0FEQWZCZ05WSFNNRUdEQVdnQlJQNjVQZmF3clYKNi83Um9VRDRHNWExMkd5K1pUQU5CZ2txaGtpRzl3MEJBUXNGQUFPQ0FnRUF0SEF2UmxVc1pIaVhiaHFlWnNDZApEdXl6T01ocXh0cE9aOWdLOGRsSlFEUExYeHB6bTE5anlsZiszQ002QjFQbHVvY0NaT01Wb1RzbTBadjJ4ZmpMCjlpMldGMTU2RExBdEUyUGtVOGorYUJKY01wM3BhN29VN1hSY2JWR3ZTR3kwM09qcTI5QVIzNDJYN0RvZUF6L20KRWo4YXNsWmhGN0MwekhwTUVacTZGcW9jcndCL29tYXk1REp1Z09LWFB4ekFSSE94dW4zWU0rOFY3RVVNQ2ZicgplSDVXb2FzdVVWSGV0UURUTGNsb3JnU0RnQzhHbjhiQ3BQT1ZDRjZWY083WHdEY25weG1LV2prNTlUamN0QllPCkJBZFVwMDk0STJWUjAwMEhXZjBybWJySFhVb1JtZkw5dTdhbjdKTWpCSWpwdFV5V0VBMVJMTTZzdVRuZGdoWG4KMFpuSFV3MGRVMTRMNERDS0ZNNFdqUjNETTBraGI3SG5pckcrN3E5YnFES1p6N2hKdTJLb2FxTkRVWkRnM0UzSwpUQ1FGVHJaY2dtRGduYkNuNmFXY3N3MUlDSXFSKy9pWXJ3QUZoTUI3UGZ4cEk0dll2NlV4aFFxOE5DVTR0OEFBCmFlVmNqUWJ5K2pwb2FFQ3MyOGhqVzZPUW5ZbitmK1RNc0V4bERKaHh1Ym1CZitmRWRsTWx6WTEzUnFFVUE1ZE0KaUJDUVY3TGJPV0NNRkFjVHhXUkw0T0VXTWFpa09Sc3dDUVFJSVdwRzJNay9nZDVHSW5oNlRTbDhJSkIvNmMzMwpScVZnaVNDenJFUWVRY0dIWFA0alJNNW9RVklBWjUrREFCNlM2ZFAyZEJzY1k0QTBqbXlzdXZBUEFZdXpLU0JHCmNNTzJyL0c3VEl1YjgxZU11OXFJUGpZPQotLS0tLUVORCBDRVJUSUZJQ0FURS0tLS0tCg==\n    client-key-data: LS0tLS1CRUdJTiBSU0EgUFJJVkFURSBLRVktLS0tLQpNSUlKS1FJQkFBS0NBZ0VBdTBaR2pWUXRHQk1vS0lCNzFrdHRLdFN4Q05sSnlDbEwxTUVTeUFpMllGSkNlY3Z5CndkTnpwekxJNDkwNFkzejg4TGlrOXhSdlY0WW1oY3k3aFRhQ2lZc2tSODMzaUl3SmxCZXBIcncxYW9icDFMbUEKd0ZGcE1JVnhLQnFoZDFTRlFsdmF4K3F2eE5lQ1hwZWIvN2hkcU5GVDJtUUNCRlU0WTlQNElkdFU3aXpCMnM0NAo1UVJVY3VHTmZGL2FzazVXeitqcEtFTFdKWnJPUWVldnlUb2ovVk1KUFVXakw0Z2Q5Rk1vNGh2ZUJicEtpbUp6Cmk5aE1ha29MU0tXRjZtRVk4V3RjeHlqTnhEWGNjb0R0UGhFaFlIWENoODZNV0RZZEk1dDdaTWtkbGNVaklHS2YKYWhFSE5nQnIzKzd4alE1c2JUR2VKWk5BNXNucGVtVEg3enNWNlZyYWlVbHhOdk1GU0RrZjJLTFFJQkxYR05GYQp0bnhhdG5VTGlqMURVOUNrSmtUQTdYdWZEcnlOYWt2ZWRDRFh5dEtITUpXUHRyanJGQVhuOXQ2SnU3c3BMTVVmCkhTeVkxWFdpNzlUNVdHSlkvWlRDZmZ2N3BRWld5WXl5eXVVOENiMHl5aHdKTmthbDdRY3Z6L2NjZFN4R2FUUUoKRzIvY1p6Lzl6ckJsak50ZE1BdzBMMUNndTlTQkxBditROG9nTDBmL2pFejBvc20zKytSaXYvdUtxSXppTE5lNwp6ZGh3SXAzZGsvRmtiNnNLajQ4ak0zdVYwMU9vay9EZWdkZjcrZjRvM04xN0tvUGhBU21VQlZ2S1Z2OFNwN3A4CmR6NmFDQys4cG1YT1FReWlKeHZpTWd4SmFocFk1NjU5bXNnMlVvUzViTFhiOXJQL1pzNEF5RVBna2lFQ0F3RUEKQVFLQ0FnQWNTL21VR0VCNkQwYjFtN2hhZ0dvZDJ5Wm0xbUk2SHRkSTdlVjNHUzNwYnZTQmI4b2Q5R1BZd3lrcwptUHdRdUUyRjEvaUJKdkxOOEVTNDJkOEp1VnRQQ2htd3lkUFpxNE0wLzhBN2x5ZWhFWUthZEc4YVlCSzdWS1pzCjcxMHZhVE43ZStLYWE0RWtob1c1NGtHZGlZK0pWeHZLOTJxQW1obmJwNmNxQW5pYVJtUUNPai9KaHZaMXAxUVkKRTJtNW9IR29sNkpIUlpZUzk0bXIxcVN1akp6c2haUHpVS2JnSXpxWGRNdE1JdmJRdWIzU25CNm1aa2ZobFkrUAo2Z2JLaStKWGRDZ0FKYysxa29mZE8xTGRtbndIRmJRUGppdVJscGVmampvK1Y4OGpGcmNBaVRaYU1mbDdkT1BYCjRjUlkwbkdhckRFZnIxalNwbmFqV2tBRmkxRjdmMlEyRyttdmM1eUt3TWJhMC84c21JTndTSktpcTZtSVNrbnoKczRETGtLSGs1TCtxZVlzcE1aL3hjeU9DaTJhRkh4T3Qzanh0N3c0eHEzNTZqc2NGRVpnM29VQmhUUkJUc2dKZgpzZEdodnhMcUNMcW82NmNVeTdpNVo4V1FGMXhORXh0VmFEd2JORC85ZE15Y2Jad2NTSnBWUCtkQU5vR3RDRnZWCjgzQXRZOW5GVUpyV21GMmt6Y1ArTGVtdWhBd2lKMmNPZCt2TEIra0VMRjByNDhXZ0RobmRHaDlRMzJqS2FFSmcKVE5XTkJxcTRubUY2amNhOFNTRmxJK0kyNHg0c1NyTWNJWmowTXNTYnQzdjgvOEJBNnBpREprUGNrUVNWdFoxdAo3cFBuc1MwTEVxaGd3WFcvUlVpOFVDV2xZbURaWktNbmpIUUpRWXZabEZFZXRHQnFZd0tDQVFFQTNrVFNRelZvCmVHZzMyK2RlcFVFaFpHeXFRNGNqdWhWeDIvZThLQXVTN0dUc0dGQVFIVWlqb09qYVZtSFUwaU85SUh4OFdLQmIKREtoek5xa1ZxbzVKWHFMRzZsR0w2bEIxdCt6a0N2N3ZIcWpOb2FKZmVGVFRaUjQ4d25VTnQ0VGFDeG1HcTI1dwo1UnMzQndNejhaM3hlNU1Qb1VKVmtnaWcybllrZ0xtNWU1ZFlrTStXRGVzVUhUaXdZaE91bDNraG1ZYUV3MXl5Ck9YQzRydE1pTjF5bUJmcnNrcXhVK3VGVmJtZm9HVXM0UmN0WWNmeCt3MVlrUXZiQmM0T1lBcXhNTDRvcUEzTm0KUWlxUm1UNEFqYUxlb0ZWM3pkMHRyemRSbkNzU3FWcnRiZGxmc0JTMDBPU243dFdvUnFVd1Jyb2pPZHhWc2VkdQpYVGdJdFVXdTBadmpjd0tDQVFFQTE3SHJaYnlIQjNTcElPNUtsT1YrVWl5NmJmUDFxVURqSSt3cFFGYlFIczJPCkdUNkRGblBScDl4Z0FGSGlWTW94K2ZFSXpXTjdMSXc4YngrelprWi96VEdjT080WjB1aWpHbE1IQTZpWnhUM2QKNE83N3hpRlI5dWd5eitDemNuOXMwMFR0WFJsT05PM1pKdWx0VUdMNHlCZjdtNkY2Y3d4V21UWXJ6U1ZMeDROUgo4a2hab2lZeW04VFZON3M4a2pLcGl1dTJac0JJZDk5d1FuQjRqY0xCRUU4aDNqeHFnd0c3U0JPUHFQSzlQU2dzCmVSNE1GSVVzTGdHVTdjQXVqV2IyQnpNZW91LzVuMTNoUlkyNitvS0EvdUdsSzB6Y3h4c1ZqVDZHc1k3ZGNzcDYKa2hkQ29TeE45dE4yejBTQXI2MDdaRHgzWFFBYjMrSG14YW05TzI3WEd3S0NBUUF0WHhzVXdSZzhTL25yRjhYSQpNZzFnOUpXbEJ6Y1J5MExjeGl0UWVWeGFpUmR3dHhjekF4cnp3OVNlQVlaeUJ2MmFYZzc4QUcvVm02VTVLVGJWCkJBcVNHT1JGL0xOMDkwdXdhZGo3TGFNZVBSTU14WnA3YzhWYlJOcmVUd3FueGFURTAwY2NRNFVrSDNRU0tHTTQKRlNld05Bcml2aW05ajZsV0x2dXdremo3czU5T29ERmZVZmRmSjYxSnQvN1J5TlpGQXFLalJvN1REdUdFUG5FagpuL1A4RUlhdVFpTnV1d1MzYnRxQUgweXpZcGtCVzZ0OHNGN2lsSUJVMWkzM2piaFhrL3FUamNENERMeC83Wm9yClQyM21pTXZWNkNwbE5BT2l2MkFsMWZ2VmlxUHZ5NnBGWWdldHgwdDhjRWYwaUJhY3Z3OTNLMmpwK29BOGtLYm8KL3N0bEFvSUJBUURMRDJMdk9sZGN1NFZselRCRmtQQWxhSnB5WFJQUExaa28vbkd2Y29zb0ZKaE1SNytkYVpmZApFZWtISkErUmgzRVpQc1BzcUZVVGtVcHJ5MHBYWk5ONFY5WWMrbnN4UlhZWG1FYW9PUmZheXUyUmp5dFVVWllhCmZtc25yUUVETDlkQjVrZ1lOM1NhKzdoTm04QWZ4NjB5b3ZGcWlORUFjb01zWmdWQ2NuUXU5Z0ExdWNzNGpnRmoKQ0NFN0FIaDdvbHBld0ozTmlnUXZaaGtIVTE4TEJtZy9kR0FNR3BDam1RTzVUVUVYNnI0aFR5cmZNMXhvRFIrVQppRVN1dHhpY1ltd0lSeVgyZXpsandUd05BT3NnWDdBVlJGVDh1TFc0ZEZVTHpldDhTV1ZOWmpXU1IzZWd5RmIxCm9ncmVBajJzSmNnZUM1Ykw1UWhZOHhFUTBVV25LQ2cxQW9JQkFRQ2NpRTNSNmYwM1VPZGgzM0x1SEY5S2swYXQKT2hQWGlNTDVEdUpidkFJdmZ5R1haL0gxSDdYbEdlQjg2U3JFRlZrNmFUTSthYmNrajdpaVZ6L3RKKzI3bGJIcgpyekExZVRzUU1VQVFvTDlLcGlETDdYeHRrS094cElQN2VhNEZQOFR0U1RORFlaaUFvaktxVy9sY2pYM0R3L2RFCjMyTEdHSEhOK1ZDMTRJaHNyOHo5alN6ZzYyazBZMnVMTkZoZzVZRWZwY0c4T2ZHOXdrZWhEM1pMa2xydzJNbWcKSFNuWUV5OHJKWnk3eklYbTczM0lLU0ZjR3R1cSs3R2cyMDZKQW9sRnYxTTkvdW4zcFdNUFBxSzN1WmUrQ1JQcwpUL2ZVc1d6V0VKSm9aNHR4a2k5NmtVRGlzYkRoRFBVNlR2dkxIa1M4QmN3UzhUK21RYysrcWFYN0ZtazEKLS0tLS1FTkQgUlNBIFBSSVZBVEUgS0VZLS0tLS0K\n    token: 5em98vxmh9bbw7oiu9t8qhfc0jst7u65kme85yiqxhm2159q30f7fxpfwfb8bmu7rc9i6ae2ebngzc5i8fb61fhl53qz2ap2765v6sbklhuc9j9jvi33qsfgbpykekr8\n",
            "kubelet_identity": [
              {
                "client_id": "944dbd5c-4edc-4da0-b9b7-51e8f34b3a60",
                "object_id": "678bc700-366b-4f97-9ef9-72ea89b6790b",
                "user_assigned_identity_id": "/subscriptions/fb89bb2a-64ce-44b2-8261-680f1192d822/resourceGroups/MC_chillphim-rg_chillphim-aks_japaneast/providers/Microsoft.ManagedIdentity/userAssignedIdentities/chillphim-aks-agentpool"
              }
            ],
            "kubernetes_version": "1.34.4",
            "linux_profile": [],
            "local_account_disabled": false,
            "location": "japaneast",
            "maintenance_window": [],
            "maintenance_window_auto_upgrade": [],
            "maintenance_window_node_os": [],
            "microsoft_defender": [],
            "monitor_metrics": [],
            "name": "chillphim-aks",
            "network_profile": [
              {
                "dns_service_ip": "10.1.0.10",
                "docker_bridge_cidr": "",
                "ebpf_data_plane": "",
                "ip_versions": [
                  "IPv4"
                ],
                "load_balancer_profile": [
                  {
                    "effective_outbound_ips": [
                      "/subscriptions/fb89bb2a-64ce-44b2-8261-680f1192d822/resourceGroups/MC_chillphim-rg_chillphim-aks_japaneast/providers/Microsoft.Network/publicIPAddresses/9f895381-89db-470f-9774-89917cb223c1"
                    ],
                    "idle_timeout_in_minutes": 0,
                    "managed_outbound_ip_count": 1,
                    "managed_outbound_ipv6_count": 0,
                    "outbound_ip_address_ids": [],
                    "outbound_ip_prefix_ids": [],
                    "outbound_ports_allocated": 0
                  }
                ],
                "load_balancer_sku": "standard",
                "nat_gateway_profile": [],
                "network_data_plane": "azure",
                "network_mode": "",
                "network_plugin": "azure",
                "network_plugin_mode": "",
                "network_policy": "azure",
                "outbound_ip_address_ids": [],
                "outbound_ip_prefix_ids": [],
                "outbound_type": "loadBalancer",
                "pod_cidr": "",
                "pod_cidrs": [],
                "service_cidr": "10.1.0.0/16",
                "service_cidrs": [
                  "10.1.0.0/16"
                ]
              }
            ],
            "node_os_channel_upgrade": null,
            "node_resource_group": "MC_chillphim-rg_chillphim-aks_japaneast",
            "node_resource_group_id": "/subscriptions/fb89bb2a-64ce-44b2-8261-680f1192d822/resourceGroups/MC_chillphim-rg_chillphim-aks_japaneast",
            "oidc_issuer_enabled": true,
            "oidc_issuer_url": "https://japaneast.oic.prod-aks.azure.com/14d5de2b-d212-4175-92d5-156ea5b7c037/d034a455-ebcb-4f18-93a3-871b2795b97a/",
            "oms_agent": [
              {
                "log_analytics_workspace_id": "/subscriptions/fb89bb2a-64ce-44b2-8261-680f1192d822/resourceGroups/chillphim-rg/providers/Microsoft.OperationalInsights/workspaces/chillphim-log",
                "msi_auth_for_monitoring_enabled": false,
                "oms_agent_identity": [
                  {
                    "client_id": "a3121fdb-ac02-43a0-a98a-d0955dc5c606",
                    "object_id": "d2d14d78-2804-4a98-abbd-0c2964509fa6",
                    "user_assigned_identity_id": "/subscriptions/fb89bb2a-64ce-44b2-8261-680f1192d822/resourcegroups/MC_chillphim-rg_chillphim-aks_japaneast/providers/Microsoft.ManagedIdentity/userAssignedIdentities/omsagent-chillphim-aks"
                  }
                ]
              }
            ],
            "open_service_mesh_enabled": false,
            "portal_fqdn": "chillphimaks-24hje3c0.portal.hcp.japaneast.azmk8s.io",
            "private_cluster_enabled": false,
            "private_cluster_public_fqdn_enabled": false,
            "private_dns_zone_id": "",
            "private_fqdn": "",
            "public_network_access_enabled": true,
            "resource_group_name": "chillphim-rg",
            "role_based_access_control_enabled": true,
            "run_command_enabled": true,
            "service_mesh_profile": [],
            "service_principal": [],
            "sku_tier": "Free",
            "storage_profile": [],
            "support_plan": "KubernetesOfficial",
            "tags": {
              "Environment": "Development",
              "Project": "chillphim"
            },
            "timeouts": null,
            "web_app_routing": [],
            "windows_profile": [
              {
                "admin_password": "",
                "admin_username": "azureuser",
                "gmsa": [],
                "license": ""
              }
            ],
            "workload_autoscaler_profile": [],
            "workload_identity_enabled": false
          },
          "sensitive_attributes": [
            [
              {
                "type": "get_attr",
                "value": "kube_admin_config"
              }
            ],
            [
              {
                "type": "get_attr",
                "value": "kube_admin_config_raw"
              }
            ],
            [
              {
                "type": "get_attr",
                "value": "kube_config"
              }
            ],
            [
              {
                "type": "get_attr",
                "value": "kube_config_raw"
              }
            ],
            [
              {
                "type": "get_attr",
                "value": "windows_profile"
              },
              {
                "type": "index",
                "value": {
                  "value": 0,
                  "type": "number"
                }
              },
              {
                "type": "get_attr",
                "value": "admin_password"
              }
            ]
          ],
          "identity_schema_version": 0,
          "private": "eyJlMmJmYjczMC1lY2FhLTExZTYtOGY4OC0zNDM2M2JjN2M0YzAiOnsiY3JlYXRlIjo1NDAwMDAwMDAwMDAwLCJkZWxldGUiOjU0MDAwMDAwMDAwMDAsInJlYWQiOjMwMDAwMDAwMDAwMCwidXBkYXRlIjo1NDAwMDAwMDAwMDAwfSwic2NoZW1hX3ZlcnNpb24iOiIyIn0=",
          "dependencies": [
            "azurerm_log_analytics_workspace.log",
            "azurerm_resource_group.rg",
            "azurerm_subnet.gw_subnet",
            "azurerm_subnet.subnet",
            "azurerm_virtual_network.vnet"
          ]
        }
      ]
    },
    {
      "mode": "managed",
      "type": "azurerm_log_analytics_workspace",
      "name": "log",
      "provider": "provider[\"registry.terraform.io/hashicorp/azurerm\"]",
      "instances": [
        {
          "schema_version": 3,
          "attributes": {
            "allow_resource_only_permissions": true,
            "cmk_for_query_forced": false,
            "daily_quota_gb": -1,
            "data_collection_rule_id": "",
            "id": "/subscriptions/fb89bb2a-64ce-44b2-8261-680f1192d822/resourceGroups/chillphim-rg/providers/Microsoft.OperationalInsights/workspaces/chillphim-log",
            "identity": [],
            "immediate_data_purge_on_30_days_enabled": false,
            "internet_ingestion_enabled": true,
            "internet_query_enabled": true,
            "local_authentication_disabled": false,
            "location": "japaneast",
            "name": "chillphim-log",
            "primary_shared_key": "b9unZuNA0ugurGka+S4HCdoylhQStpC9muPhBmykIfA62li8CvmCro1mSB9HmHT8ZobR8ICbPHD/9t8+yF9jUw==",
            "reservation_capacity_in_gb_per_day": null,
            "resource_group_name": "chillphim-rg",
            "retention_in_days": 30,
            "secondary_shared_key": "HmFHbhtR8W19eVvC48JkH3FNJ1C+EjK8udkdeWyBtwT+zjVsWEs/Y9RrCccykdl+W7PaUWx0XiVA+OavqCwipQ==",
            "sku": "PerGB2018",
            "tags": {},
            "timeouts": null,
            "workspace_id": "697a7f10-450b-41eb-9379-be2c89c81775"
          },
          "sensitive_attributes": [
            [
              {
                "type": "get_attr",
                "value": "primary_shared_key"
              }
            ],
            [
              {
                "type": "get_attr",
                "value": "secondary_shared_key"
              }
            ]
          ],
          "identity_schema_version": 0,
          "private": "eyJlMmJmYjczMC1lY2FhLTExZTYtOGY4OC0zNDM2M2JjN2M0YzAiOnsiY3JlYXRlIjoxODAwMDAwMDAwMDAwLCJkZWxldGUiOjE4MDAwMDAwMDAwMDAsInJlYWQiOjMwMDAwMDAwMDAwMCwidXBkYXRlIjoxODAwMDAwMDAwMDAwfSwic2NoZW1hX3ZlcnNpb24iOiIzIn0=",
          "dependencies": [
            "azurerm_resource_group.rg"
          ]
        }
      ]
    },
    {
      "mode": "managed",
      "type": "azurerm_network_security_group",
      "name": "aks_nsg",
      "provider": "provider[\"registry.terraform.io/hashicorp/azurerm\"]",
      "instances": [
        {
          "schema_version": 0,
          "attributes": {
            "id": "/subscriptions/fb89bb2a-64ce-44b2-8261-680f1192d822/resourceGroups/chillphim-rg/providers/Microsoft.Network/networkSecurityGroups/chillphim-aks-nsg",
            "location": "japaneast",
            "name": "chillphim-aks-nsg",
            "resource_group_name": "chillphim-rg",
            "security_rule": [
              {
                "access": "Allow",
                "description": "",
                "destination_address_prefix": "*",
                "destination_address_prefixes": [],
                "destination_application_security_group_ids": [],
                "destination_port_range": "*",
                "destination_port_ranges": [],
                "direction": "Inbound",
                "name": "AllowAzureLoadBalancerInbound",
                "priority": 110,
                "protocol": "*",
                "source_address_prefix": "AzureLoadBalancer",
                "source_address_prefixes": [],
                "source_application_security_group_ids": [],
                "source_port_range": "*",
                "source_port_ranges": []
              },
              {
                "access": "Allow",
                "description": "",
                "destination_address_prefix": "10.0.1.0/24",
                "destination_address_prefixes": [],
                "destination_application_security_group_ids": [],
                "destination_port_range": "*",
                "destination_port_ranges": [],
                "direction": "Inbound",
                "name": "AllowInternalSubnetInbound",
                "priority": 120,
                "protocol": "*",
                "source_address_prefix": "10.0.1.0/24",
                "source_address_prefixes": [],
                "source_application_security_group_ids": [],
                "source_port_range": "*",
                "source_port_ranges": []
              },
              {
                "access": "Allow",
                "description": "",
                "destination_address_prefix": "10.0.1.0/24",
                "destination_address_prefixes": [],
                "destination_application_security_group_ids": [],
                "destination_port_range": "3000",
                "destination_port_ranges": [],
                "direction": "Inbound",
                "name": "AllowAGWToAKS",
                "priority": 100,
                "protocol": "Tcp",
                "source_address_prefix": "10.0.2.0/24",
                "source_address_prefixes": [],
                "source_application_security_group_ids": [],
                "source_port_range": "*",
                "source_port_ranges": []
              },
              {
                "access": "Deny",
                "description": "",
                "destination_address_prefix": "*",
                "destination_address_prefixes": [],
                "destination_application_security_group_ids": [],
                "destination_port_range": "*",
                "destination_port_ranges": [],
                "direction": "Inbound",
                "name": "DenyInternetInbound",
                "priority": 1000,
                "protocol": "*",
                "source_address_prefix": "Internet",
                "source_address_prefixes": [],
                "source_application_security_group_ids": [],
                "source_port_range": "*",
                "source_port_ranges": []
              }
            ],
            "tags": {
              "Project": "chillphim",
              "Security": "ZeroTrust"
            },
            "timeouts": null
          },
          "sensitive_attributes": [],
          "identity_schema_version": 0,
          "private": "eyJlMmJmYjczMC1lY2FhLTExZTYtOGY4OC0zNDM2M2JjN2M0YzAiOnsiY3JlYXRlIjoxODAwMDAwMDAwMDAwLCJkZWxldGUiOjE4MDAwMDAwMDAwMDAsInJlYWQiOjMwMDAwMDAwMDAwMCwidXBkYXRlIjoxODAwMDAwMDAwMDAwfX0=",
          "dependencies": [
            "azurerm_resource_group.rg"
          ]
        }
      ]
    },
    {
      "mode": "managed",
      "type": "azurerm_public_ip",
      "name": "gw_pip",
      "provider": "provider[\"registry.terraform.io/hashicorp/azurerm\"]",
      "instances": [
        {
          "schema_version": 0,
          "attributes": {
            "allocation_method": "Static",
            "ddos_protection_mode": "VirtualNetworkInherited",
            "ddos_protection_plan_id": null,
            "domain_name_label": null,
            "edge_zone": "",
            "fqdn": null,
            "id": "/subscriptions/fb89bb2a-64ce-44b2-8261-680f1192d822/resourceGroups/chillphim-rg/providers/Microsoft.Network/publicIPAddresses/chillphim-gw-ip",
            "idle_timeout_in_minutes": 4,
            "ip_address": "20.46.167.203",
            "ip_tags": {},
            "ip_version": "IPv4",
            "location": "japaneast",
            "name": "chillphim-gw-ip",
            "public_ip_prefix_id": null,
            "resource_group_name": "chillphim-rg",
            "reverse_fqdn": null,
            "sku": "Standard",
            "sku_tier": "Regional",
            "tags": {},
            "timeouts": null,
            "zones": []
          },
          "sensitive_attributes": [],
          "identity_schema_version": 0,
          "private": "eyJlMmJmYjczMC1lY2FhLTExZTYtOGY4OC0zNDM2M2JjN2M0YzAiOnsiY3JlYXRlIjoxODAwMDAwMDAwMDAwLCJkZWxldGUiOjE4MDAwMDAwMDAwMDAsInJlYWQiOjMwMDAwMDAwMDAwMCwidXBkYXRlIjoxODAwMDAwMDAwMDAwfX0=",
          "dependencies": [
            "azurerm_resource_group.rg"
          ]
        }
      ]
    },
    {
      "mode": "managed",
      "type": "azurerm_resource_group",
      "name": "rg",
      "provider": "provider[\"registry.terraform.io/hashicorp/azurerm\"]",
      "instances": [
        {
          "schema_version": 0,
          "attributes": {
            "id": "/subscriptions/fb89bb2a-64ce-44b2-8261-680f1192d822/resourceGroups/chillphim-rg",
            "location": "japaneast",
            "managed_by": "",
            "name": "chillphim-rg",
            "tags": {
              "Owner": "Phat",
              "Project": "chillphim"
            },
            "timeouts": null
          },
          "sensitive_attributes": [],
          "identity_schema_version": 0,
          "private": "eyJlMmJmYjczMC1lY2FhLTExZTYtOGY4OC0zNDM2M2JjN2M0YzAiOnsiY3JlYXRlIjo1NDAwMDAwMDAwMDAwLCJkZWxldGUiOjU0MDAwMDAwMDAwMDAsInJlYWQiOjMwMDAwMDAwMDAwMCwidXBkYXRlIjo1NDAwMDAwMDAwMDAwfX0="
        }
      ]
    },
    {
      "mode": "managed",
      "type": "azurerm_role_assignment",
      "name": "aks_to_acr",
      "provider": "provider[\"registry.terraform.io/hashicorp/azurerm\"]",
      "instances": [
        {
          "schema_version": 0,
          "attributes": {
            "condition": "",
            "condition_version": "",
            "delegated_managed_identity_resource_id": "",
            "description": "",
            "id": "/subscriptions/fb89bb2a-64ce-44b2-8261-680f1192d822/resourceGroups/chillphim-rg/providers/Microsoft.ContainerRegistry/registries/chillphimacr2026phat/providers/Microsoft.Authorization/roleAssignments/9a51e511-1f89-580b-9c43-fbd120a19448",
            "name": "9a51e511-1f89-580b-9c43-fbd120a19448",
            "principal_id": "678bc700-366b-4f97-9ef9-72ea89b6790b",
            "principal_type": "ServicePrincipal",
            "role_definition_id": "/subscriptions/fb89bb2a-64ce-44b2-8261-680f1192d822/providers/Microsoft.Authorization/roleDefinitions/7f951dda-4ed3-4680-a7ca-43fe172d538d",
            "role_definition_name": "AcrPull",
            "scope": "/subscriptions/fb89bb2a-64ce-44b2-8261-680f1192d822/resourceGroups/chillphim-rg/providers/Microsoft.ContainerRegistry/registries/chillphimacr2026phat",
            "skip_service_principal_aad_check": true,
            "timeouts": null
          },
          "sensitive_attributes": [],
          "identity_schema_version": 0,
          "private": "eyJlMmJmYjczMC1lY2FhLTExZTYtOGY4OC0zNDM2M2JjN2M0YzAiOnsiY3JlYXRlIjoxODAwMDAwMDAwMDAwLCJkZWxldGUiOjE4MDAwMDAwMDAwMDAsInJlYWQiOjMwMDAwMDAwMDAwMH19",
          "dependencies": [
            "azurerm_container_registry.acr",
            "azurerm_kubernetes_cluster.aks",
            "azurerm_log_analytics_workspace.log",
            "azurerm_resource_group.rg",
            "azurerm_subnet.gw_subnet",
            "azurerm_subnet.subnet",
            "azurerm_virtual_network.vnet"
          ]
        }
      ]
    },
    {
      "mode": "managed",
      "type": "azurerm_subnet",
      "name": "gw_subnet",
      "provider": "provider[\"registry.terraform.io/hashicorp/azurerm\"]",
      "instances": [
        {
          "schema_version": 0,
          "attributes": {
            "address_prefixes": [
              "10.0.2.0/24"
            ],
            "default_outbound_access_enabled": true,
            "delegation": [],
            "enforce_private_link_endpoint_network_policies": false,
            "enforce_private_link_service_network_policies": false,
            "id": "/subscriptions/fb89bb2a-64ce-44b2-8261-680f1192d822/resourceGroups/chillphim-rg/providers/Microsoft.Network/virtualNetworks/chillphim-vnet/subnets/gateway-subnet",
            "name": "gateway-subnet",
            "private_endpoint_network_policies": "Enabled",
            "private_endpoint_network_policies_enabled": true,
            "private_link_service_network_policies_enabled": true,
            "resource_group_name": "chillphim-rg",
            "service_endpoint_policy_ids": [],
            "service_endpoints": [],
            "timeouts": null,
            "virtual_network_name": "chillphim-vnet"
          },
          "sensitive_attributes": [],
          "identity_schema_version": 0,
          "private": "eyJlMmJmYjczMC1lY2FhLTExZTYtOGY4OC0zNDM2M2JjN2M0YzAiOnsiY3JlYXRlIjoxODAwMDAwMDAwMDAwLCJkZWxldGUiOjE4MDAwMDAwMDAwMDAsInJlYWQiOjMwMDAwMDAwMDAwMCwidXBkYXRlIjoxODAwMDAwMDAwMDAwfX0=",
          "dependencies": [
            "azurerm_resource_group.rg",
            "azurerm_virtual_network.vnet"
          ]
        }
      ]
    },
    {
      "mode": "managed",
      "type": "azurerm_subnet",
      "name": "subnet",
      "provider": "provider[\"registry.terraform.io/hashicorp/azurerm\"]",
      "instances": [
        {
          "schema_version": 0,
          "attributes": {
            "address_prefixes": [
              "10.0.1.0/24"
            ],
            "default_outbound_access_enabled": true,
            "delegation": [],
            "enforce_private_link_endpoint_network_policies": false,
            "enforce_private_link_service_network_policies": false,
            "id": "/subscriptions/fb89bb2a-64ce-44b2-8261-680f1192d822/resourceGroups/chillphim-rg/providers/Microsoft.Network/virtualNetworks/chillphim-vnet/subnets/chillphim-subnet",
            "name": "chillphim-subnet",
            "private_endpoint_network_policies": "Enabled",
            "private_endpoint_network_policies_enabled": true,
            "private_link_service_network_policies_enabled": true,
            "resource_group_name": "chillphim-rg",
            "service_endpoint_policy_ids": [],
            "service_endpoints": [],
            "timeouts": null,
            "virtual_network_name": "chillphim-vnet"
          },
          "sensitive_attributes": [],
          "identity_schema_version": 0,
          "private": "eyJlMmJmYjczMC1lY2FhLTExZTYtOGY4OC0zNDM2M2JjN2M0YzAiOnsiY3JlYXRlIjoxODAwMDAwMDAwMDAwLCJkZWxldGUiOjE4MDAwMDAwMDAwMDAsInJlYWQiOjMwMDAwMDAwMDAwMCwidXBkYXRlIjoxODAwMDAwMDAwMDAwfX0=",
          "dependencies": [
            "azurerm_resource_group.rg",
            "azurerm_virtual_network.vnet"
          ]
        }
      ]
    },
    {
      "mode": "managed",
      "type": "azurerm_subnet_network_security_group_association",
      "name": "aks_nsg_assoc",
      "provider": "provider[\"registry.terraform.io/hashicorp/azurerm\"]",
      "instances": [
        {
          "schema_version": 0,
          "attributes": {
            "id": "/subscriptions/fb89bb2a-64ce-44b2-8261-680f1192d822/resourceGroups/chillphim-rg/providers/Microsoft.Network/virtualNetworks/chillphim-vnet/subnets/chillphim-subnet",
            "network_security_group_id": "/subscriptions/fb89bb2a-64ce-44b2-8261-680f1192d822/resourceGroups/chillphim-rg/providers/Microsoft.Network/networkSecurityGroups/chillphim-aks-nsg",
            "subnet_id": "/subscriptions/fb89bb2a-64ce-44b2-8261-680f1192d822/resourceGroups/chillphim-rg/providers/Microsoft.Network/virtualNetworks/chillphim-vnet/subnets/chillphim-subnet",
            "timeouts": null
          },
          "sensitive_attributes": [],
          "identity_schema_version": 0,
          "private": "eyJlMmJmYjczMC1lY2FhLTExZTYtOGY4OC0zNDM2M2JjN2M0YzAiOnsiY3JlYXRlIjoxODAwMDAwMDAwMDAwLCJkZWxldGUiOjE4MDAwMDAwMDAwMDAsInJlYWQiOjMwMDAwMDAwMDAwMH19",
          "dependencies": [
            "azurerm_network_security_group.aks_nsg",
            "azurerm_resource_group.rg",
            "azurerm_subnet.subnet",
            "azurerm_virtual_network.vnet"
          ]
        }
      ]
    },
    {
      "mode": "managed",
      "type": "azurerm_virtual_network",
      "name": "vnet",
      "provider": "provider[\"registry.terraform.io/hashicorp/azurerm\"]",
      "instances": [
        {
          "schema_version": 0,
          "attributes": {
            "address_space": [
              "10.0.0.0/16"
            ],
            "bgp_community": "",
            "ddos_protection_plan": [],
            "dns_servers": [],
            "edge_zone": "",
            "encryption": [],
            "flow_timeout_in_minutes": 0,
            "guid": "5e8a80c4-8968-414d-ade6-50a708f0718a",
            "id": "/subscriptions/fb89bb2a-64ce-44b2-8261-680f1192d822/resourceGroups/chillphim-rg/providers/Microsoft.Network/virtualNetworks/chillphim-vnet",
            "location": "japaneast",
            "name": "chillphim-vnet",
            "resource_group_name": "chillphim-rg",
            "subnet": [
              {
                "address_prefix": "10.0.1.0/24",
                "id": "/subscriptions/fb89bb2a-64ce-44b2-8261-680f1192d822/resourceGroups/chillphim-rg/providers/Microsoft.Network/virtualNetworks/chillphim-vnet/subnets/chillphim-subnet",
                "name": "chillphim-subnet",
                "security_group": "/subscriptions/fb89bb2a-64ce-44b2-8261-680f1192d822/resourceGroups/chillphim-rg/providers/Microsoft.Network/networkSecurityGroups/chillphim-aks-nsg"
              },
              {
                "address_prefix": "10.0.2.0/24",
                "id": "/subscriptions/fb89bb2a-64ce-44b2-8261-680f1192d822/resourceGroups/chillphim-rg/providers/Microsoft.Network/virtualNetworks/chillphim-vnet/subnets/gateway-subnet",
                "name": "gateway-subnet",
                "security_group": ""
              }
            ],
            "tags": {},
            "timeouts": null
          },
          "sensitive_attributes": [],
          "identity_schema_version": 0,
          "private": "eyJlMmJmYjczMC1lY2FhLTExZTYtOGY4OC0zNDM2M2JjN2M0YzAiOnsiY3JlYXRlIjoxODAwMDAwMDAwMDAwLCJkZWxldGUiOjE4MDAwMDAwMDAwMDAsInJlYWQiOjMwMDAwMDAwMDAwMCwidXBkYXRlIjoxODAwMDAwMDAwMDAwfX0=",
          "dependencies": [
            "azurerm_resource_group.rg"
          ]
        }
      ]
    }
  ],
  "check_results": null
}
