{
  "version": 4,
  "terraform_version": "1.14.8",
  "serial": 59,
  "lineage": "30a1d037-404c-86bf-4605-df2896d3081b",
  "outputs": {
    "acr_admin_username": {
      "value": "chillphimacr2026phat",
      "type": "string"
    },
    "acr_login_server": {
      "value": "chillphimacr2026phat.azurecr.io",
      "type": "string"
    },
    "aks_cluster_name": {
      "value": "chillphim-aks",
      "type": "string"
    },
    "aks_kube_config_command": {
      "value": "az aks get-credentials --resource-group chillphim-rg --name chillphim-aks",
      "type": "string"
    },
    "resource_group_name": {
      "value": "chillphim-rg",
      "type": "string"
    }
  },
  "resources": [
    {
      "mode": "managed",
      "type": "azurerm_container_registry",
      "name": "acr",
      "provider": "provider[\"registry.terraform.io/hashicorp/azurerm\"]",
      "instances": [
        {
          "schema_version": 2,
          "attributes": {
            "admin_enabled": true,
            "admin_password": "8f6TFeZnkEUuZHEUFUF7VrcVXcwdncF6z48SZDxofcLRZ55DVeRTJQQJ99CDACi0881Eqg7NAAACAZCRLPTb",
            "admin_username": "chillphimacr2026phat",
            "anonymous_pull_enabled": false,
            "data_endpoint_enabled": false,
            "encryption": [
              {
                "enabled": false,
                "identity_client_id": "",
                "key_vault_key_id": ""
              }
            ],
            "export_policy_enabled": true,
            "georeplications": [],
            "id": "/subscriptions/fb89bb2a-64ce-44b2-8261-680f1192d822/resourceGroups/chillphim-rg/providers/Microsoft.ContainerRegistry/registries/chillphimacr2026phat",
            "identity": [],
            "location": "japaneast",
            "login_server": "chillphimacr2026phat.azurecr.io",
            "name": "chillphimacr2026phat",
            "network_rule_bypass_option": "AzureServices",
            "network_rule_set": [],
            "public_network_access_enabled": true,
            "quarantine_policy_enabled": false,
            "resource_group_name": "chillphim-rg",
            "retention_policy": [
              {
                "days": 7,
                "enabled": false
              }
            ],
            "sku": "Basic",
            "tags": {},
            "timeouts": null,
            "trust_policy": [
              {
                "enabled": false
              }
            ],
            "zone_redundancy_enabled": false
          },
          "sensitive_attributes": [
            [
              {
                "type": "get_attr",
                "value": "admin_password"
              }
            ]
          ],
          "identity_schema_version": 0,
          "private": "eyJlMmJmYjczMC1lY2FhLTExZTYtOGY4OC0zNDM2M2JjN2M0YzAiOnsiY3JlYXRlIjoxODAwMDAwMDAwMDAwLCJkZWxldGUiOjE4MDAwMDAwMDAwMDAsInJlYWQiOjMwMDAwMDAwMDAwMCwidXBkYXRlIjoxODAwMDAwMDAwMDAwfSwic2NoZW1hX3ZlcnNpb24iOiIyIn0=",
          "dependencies": [
            "azurerm_resource_group.rg"
          ]
        }
      ]
    },
    {
      "mode": "managed",
      "type": "azurerm_kubernetes_cluster",
      "name": "aks",
      "provider": "provider[\"registry.terraform.io/hashicorp/azurerm\"]",
      "instances": [
        {
          "schema_version": 2,
          "attributes": {
            "aci_connector_linux": [],
            "api_server_access_profile": [],
            "api_server_authorized_ip_ranges": [],
            "auto_scaler_profile": [],
            "automatic_channel_upgrade": "",
            "azure_active_directory_role_based_access_control": [],
            "azure_policy_enabled": false,
            "confidential_computing": [],
            "cost_analysis_enabled": false,
            "current_kubernetes_version": "1.32.11",
            "custom_ca_trust_certificates_base64": [],
            "default_node_pool": [
              {
                "capacity_reservation_group_id": "",
                "custom_ca_trust_enabled": false,
                "enable_auto_scaling": false,
                "enable_host_encryption": false,
                "enable_node_public_ip": false,
                "fips_enabled": false,
                "gpu_instance": "",
                "host_group_id": "",
                "kubelet_config": [],
                "kubelet_disk_type": "OS",
                "linux_os_config": [],
                "max_count": 0,
                "max_pods": 30,
                "message_of_the_day": "",
                "min_count": 0,
                "name": "default",
                "node_count": 1,
                "node_labels": {},
                "node_network_profile": [],
                "node_public_ip_prefix_id": "",
                "node_taints": [],
                "only_critical_addons_enabled": false,
                "orchestrator_version": "1.32.11",
                "os_disk_size_gb": 128,
                "os_disk_type": "Managed",
                "os_sku": "Ubuntu",
                "pod_subnet_id": "",
                "proximity_placement_group_id": "",
                "scale_down_mode": "Delete",
                "snapshot_id": "",
                "tags": {},
                "temporary_name_for_rotation": "",
                "type": "VirtualMachineScaleSets",
                "ultra_ssd_enabled": false,
                "upgrade_settings": [
                  {
                    "drain_timeout_in_minutes": 0,
                    "max_surge": "10%",
                    "node_soak_duration_in_minutes": 0
                  }
                ],
                "vm_size": "Standard_D2s_v3",
                "vnet_subnet_id": "/subscriptions/fb89bb2a-64ce-44b2-8261-680f1192d822/resourceGroups/chillphim-rg/providers/Microsoft.Network/virtualNetworks/chillphim-vnet/subnets/chillphim-subnet",
                "workload_runtime": "",
                "zones": []
              }
            ],
            "disk_encryption_set_id": "",
            "dns_prefix": "chillphimaks",
            "dns_prefix_private_cluster": "",
            "edge_zone": "",
            "enable_pod_security_policy": false,
            "fqdn": "chillphimaks-0fdxtm1e.hcp.japaneast.azmk8s.io",
            "http_application_routing_enabled": false,
            "http_application_routing_zone_name": "",
            "http_proxy_config": [],
            "id": "/subscriptions/fb89bb2a-64ce-44b2-8261-680f1192d822/resourceGroups/chillphim-rg/providers/Microsoft.ContainerService/managedClusters/chillphim-aks",
            "identity": [
              {
                "identity_ids": [],
                "principal_id": "d6dc54a2-4989-46d1-b91b-19c4819a85df",
                "tenant_id": "14d5de2b-d212-4175-92d5-156ea5b7c037",
                "type": "SystemAssigned"
              }
            ],
            "image_cleaner_enabled": false,
            "image_cleaner_interval_hours": 48,
            "ingress_application_gateway": [
              {
                "effective_gateway_id": "/subscriptions/fb89bb2a-64ce-44b2-8261-680f1192d822/resourceGroups/MC_chillphim-rg_chillphim-aks_japaneast/providers/Microsoft.Network/applicationGateways/chillphim-appgw",
                "gateway_id": "",
                "gateway_name": "chillphim-appgw",
                "ingress_application_gateway_identity": [
                  {
                    "client_id": "56fcd9ae-adb2-4514-8b47-1e30afa72a25",
                    "object_id": "ec8bb027-f664-4517-a97d-a2c994fe35f5",
                    "user_assigned_identity_id": "/subscriptions/fb89bb2a-64ce-44b2-8261-680f1192d822/resourcegroups/MC_chillphim-rg_chillphim-aks_japaneast/providers/Microsoft.ManagedIdentity/userAssignedIdentities/ingressapplicationgateway-chillphim-aks"
                  }
                ],
                "subnet_cidr": "",
                "subnet_id": "/subscriptions/fb89bb2a-64ce-44b2-8261-680f1192d822/resourceGroups/chillphim-rg/providers/Microsoft.Network/virtualNetworks/chillphim-vnet/subnets/gateway-subnet"
              }
            ],
            "key_management_service": [],
            "key_vault_secrets_provider": [],
            "kube_admin_config": [],
            "kube_admin_config_raw": "",
            "kube_config": [
              {
                "client_certificate": "LS0tLS1CRUdJTiBDRVJUSUZJQ0FURS0tLS0tCk1JSUZIVENDQXdXZ0F3SUJBZ0lRYVo4VUVidFV0cmtPYlR4NHZVNXNTVEFOQmdrcWhraUc5dzBCQVFzRkFEQU4KTVFzd0NRWURWUVFERXdKallUQWVGdzB5TmpBME1UVXdNek14TXpsYUZ3MHlPREEwTVRVd016UXhNemxhTURBeApGekFWQmdOVkJBb1REbk41YzNSbGJUcHRZWE4wWlhKek1SVXdFd1lEVlFRREV3eHRZWE4wWlhKamJHbGxiblF3CmdnSWlNQTBHQ1NxR1NJYjNEUUVCQVFVQUE0SUNEd0F3Z2dJS0FvSUNBUUQxYTJHRm1Ed2pZMDhsSXdvQlJiWEUKZ1BYMjRNZHJqRGg4MFFKTVgvVDNVQ25yV29MeUpIWk9xaXJFYzRGb0ZEUWt6dXRVMGNxSGdnbmQwdUpnWUs4agpXbGQwOG1ZZGV5aTEwZCtmWjRBbDV5QzhzZlE0RlllVS9pOTVrQjZLdE92bEtTRGhzd28wOWx6bk5vL3o2WklsCkNsZ1V1SStqenpEaXVld0ZtN3VjNXlycjlXMHVCdnlDaUUvV05YUDdqWDNWNktKSDJUYUN2aE9MckgvY2cwNm4KS0IyK0FjT2ZSNnZKK3BLZWpOdjgvbUt3T0tKTmp2SHB6ZFExTXJqWW1WV0FNMlBLdFU0THZNRjZieS9teVhzZwp2UitlRXoybkxuMHJTZWRqN0VScXkvdStFcGtoN0hkd1l2dWgrZCtPdDJSWk1IU25aQ3I0ZVJ2bWxranBNMHdqCk5RSnVOdWdqL1I1NEVHcmJCSlZWdTNWYmNoTkRIaHdiZDBjME51RjAwSTh2UTBpUTBvb3Zvakl0SlhhZ2U5NVQKOWVkRVUzYm92czdXS3lZODE1djdrUkppRXh0S3FNVHVlcDZ2cWhYOXNXNHdXRzR4dzBjd0thS1RJRzlhdVBMLwpBUXFueWlLUWlNUVlYSUFEdFl4QXBpa0hhemxrMWY5bTMzdy9SN3lXZ014N2VWMk5yeE95U1p5aUVTN0EydWNjClNaRmt5Q1pYcUpHcmhDZmwySnhiQnRnTDNIbERGV2trUUVsbWhVL3M5NGhhWlp3N01rbUU1Z2JCc2pPWXM3ZDYKZnBvY2ZYOThERFp4T09wUHdEWGpxbVp3Y2VpS01zTzJQWlNaK29Sc2djUWY1T01PczJqVnJtYldVckhuSlZqTQpwUWhITnNkWVJJWTJEZytFSUFqaGVRSURBUUFCbzFZd1ZEQU9CZ05WSFE4QkFmOEVCQU1DQmFBd0V3WURWUjBsCkJBd3dDZ1lJS3dZQkJRVUhBd0l3REFZRFZSMFRBUUgvQkFJd0FEQWZCZ05WSFNNRUdEQVdnQlJQU3BUeEQzdzAKL0o5SjNjWENYR2JvN3NkbDVqQU5CZ2txaGtpRzl3MEJBUXNGQUFPQ0FnRUExRWpyL2d4bkNJMlh6SDROQklXWgovenYxamowSW93Ukx2ekx0Zk1VTnk1UE5OckY3eU5mRHFjVm9MNnlkd1VocXRkUG1LOG00SDNjd3drS1diQnFWCnljUnQvTERpcU1nSnBjbVVWNU05RjdKakY5ZzJKY1Zmb1ZCYlVLMUc1bk10N0sxTUlxVGZGeVlZVmU2TUJmVVAKczgyYTJmMjZtQmFJT1RKRDNoTm9kWFdUWnhoMDFPWk5MRWQrb01pTWRVeitSc2tvMnE4UkxEdUVGQ2lTaGhCbQoxNFNIV0pQcUxkZkNjSjdYVlZBMHJCejlhQnRFZU5kS1BIOHh2WFNBUGxEejA2c0xDMWR6eWtjelhBR3BGVk90CnRTZmRyRnlSNzhzTVJCc0JlRmxXZ0xiTloxb2liRHY3ZXBOK25uRkdQMEw1cURic3E2Vjl4U05kaGxZT3JQcDQKcGNVNVEvdVQyV2p6N2RWeHdJc1l6ajFjalp4WDNURnkyT0IyRlBWZjMrcGxidkJYM2o2dXd2d2ErUWI4V0M5UAp0MVM1ZHM2VlV1UnljTFdobXl0TGdLRzY4TkFSWHNLM1ZKdjgwMW1lSHVLTmg5aDR1UmFOZHpyOWlFYnhOeUdRCkl0WjlpNWFvNytyV2xjekdaRjZCRTRaZ2J0cGRRdmRSUURPaW5vK0l4WWdnb3R1UEx5cXBsK0VHMWxxcXZzTDQKckNvczg4eWY4cTJuZktLcndDOUl3MnIyYURxVXl1UnBoL3J3eHRwNmsvNjloU3VlN1FkcmQ3ekFtWFNHdzlyMApVb3pOOExIc3hqcHJ5dUtjMmtLcWp0ZFZXQjMvQmhPOVhvV2w0VU9VN2ZjUnB4Um9vWDZydDQ2SWxUSkEzUm5ICjJtM3RKOGdhVmRzYnV6ZTA5RmthUHpZPQotLS0tLUVORCBDRVJUSUZJQ0FURS0tLS0tCg==",
                "client_key": "LS0tLS1CRUdJTiBSU0EgUFJJVkFURSBLRVktLS0tLQpNSUlKS1FJQkFBS0NBZ0VBOVd0aGhaZzhJMk5QSlNNS0FVVzF4SUQxOXVESGE0dzRmTkVDVEYvMDkxQXA2MXFDCjhpUjJUcW9xeEhPQmFCUTBKTTdyVk5IS2g0SUozZExpWUdDdkkxcFhkUEptSFhzb3RkSGZuMmVBSmVjZ3ZMSDAKT0JXSGxQNHZlWkFlaXJUcjVTa2c0Yk1LTlBaYzV6YVA4K21TSlFwWUZMaVBvODh3NHJuc0JadTduT2NxNi9WdApMZ2I4Z29oUDFqVnorNDE5MWVpaVI5azJncjRUaTZ4LzNJTk9weWdkdmdIRG4wZXJ5ZnFTbm96Yi9QNWlzRGlpClRZN3g2YzNVTlRLNDJKbFZnRE5qeXJWT0M3ekJlbTh2NXNsN0lMMGZuaE05cHk1OUswbm5ZK3hFYXN2N3ZoS1oKSWV4M2NHTDdvZm5manJka1dUQjBwMlFxK0hrYjVwWkk2VE5NSXpVQ2JqYm9JLzBlZUJCcTJ3U1ZWYnQxVzNJVApReDRjRzNkSE5EYmhkTkNQTDBOSWtOS0tMNkl5TFNWMm9IdmVVL1huUkZOMjZMN08xaXNtUE5lYis1RVNZaE1iClNxakU3bnFlcjZvVi9iRnVNRmh1TWNOSE1DbWlreUJ2V3JqeS93RUtwOG9pa0lqRUdGeUFBN1dNUUtZcEIyczUKWk5YL1p0OThQMGU4bG9ETWUzbGRqYThUc2ttY29oRXV3TnJuSEVtUlpNZ21WNmlScTRRbjVkaWNXd2JZQzl4NQpReFZwSkVCSlpvVlA3UGVJV21XY096SkpoT1lHd2JJem1MTzNlbjZhSEgxL2ZBdzJjVGpxVDhBMTQ2cG1jSEhvCmlqTER0ajJVbWZxRWJJSEVIK1RqRHJObzFhNW0xbEt4NXlWWXpLVUlSemJIV0VTR05nNFBoQ0FJNFhrQ0F3RUEKQVFLQ0FnQWlLMzBFeVlVb0JUSDJFUHFaNGorVVdFTkd5QldqOVA1QmJLVm1CbDg0VnVZN1FWc2xoU3VldU1VagpISlRxTFpQMEF3WlRoVEV1YkUzYzMzbUs0ek5IV0JNQXNxWkNtUXo2UWJvaHV0cW1ERmZyeGRnanZlV21lanlZCmI1YzlCME1uNFRIVmt1VExLbmtWYlN5ZVVJazdWSVVlZjNMcVl4VGlvSEhLOXh1b1ZTeE45Wm9wdENuUXI5TnoKMXZYcTBwQ3dhWWM4dXpMQ2dkMzlUcnR2czYyT0N3RVhIUzVFUFVtZklkN3JxZCtRU2tmcDByelFVU1NBQWRzMwp1L1B1SG0wLzRBZlhKNmF4N2lvL0ZuK0VJYzNkcVU5ZlpqenBpOGk4TC9wQ1dKbFBDRThvNy9SM3UzR0d5WlZSCkFGWWV6QXh4K1pQb1lZTTFITUdrZVl5MXdXRnFhSytNWDVCUXhuNmUrOW1HamlsWmlLRmZoZWIwWUNpZ3paZ20KRVZvbnJ0YWNZYlNVWldaVGxnb2tRVGs0SzVaYk5kYzNhYm5FeDBydXpmaURJQWVvMDNZTTZQaXpEL2hGVDRZYwoxT2twcjVaaWVpbzVuUVRrVktXMEl3MURJaUpsaWxzM0J6VG5YTTY2M3JocmlqeWVTRmxLQnVwM2I1dFpNK3NCCkxUYXJkckpUQy9hckZPY2JFSlFaeHE5TEhXNTA3aENYZDBJQ3lwQTJsa21tMTQ2K1piUVA5VWNYM2JDdmlxZWEKOFRLWnpqaW9GL2tNNFpqRTJ5ZjlqSkZEMFhUUWtxNmlqWmNPSy9leHlqY2dmazRTVVpRRnJma1AvR3NYUUI4UAo3UDBma0NkZENwbTdNdHBBWjBWRFlaTnBGaEg5eGliZFZObTM5dVJCa1MyYmUycHR2UUtDQVFFQTk1aE11RTEyCjlMNjFGaHdGdFN6R1c0Vm5RSXpEeHNiaXJtUUhuOXJxbU9mM0tyLy9GNHBxbFVlZUZpeDFZZWJ6OWFhK3RzTU8Kb2ZmMnZ1TzBlUFNqdld1dVpNcE43Rm9JU0VRYWRBb016d1BENUkwL0pVN3BLTHMwOEQraGVQZkQxRzhxR2p3RgpVejgwNFRmSnp5WnM3cHBiSXdGd0p6OHZjUU9kOUNJK20zUDR1V0ZjRWZmYWl2MTUwQ3ZRbGFGK1RZS09kWUo2CkVVWDlNdjNabHFKa2grQ1hHa0hUODNNaFQrRVFIaVdBc2NxSkhkbDk4MWRqM1NZdFFBZEk4cG5NZnNpR2owVmQKSEdaaHJiQzFkWHRVYTREZzU5K2k5Ri9YbmJpVjhYbDBVWHRUQ1hQWkhKWVpGVFdUdUgzcmFvdWdZVGd5NytDaAorV3ErSXB3SHJPOXJQUUtDQVFFQS9jQXM4N3ptdE15bzc1NVducnN2YXhQM1JaZSthZlJsYUdtbG55Smw2ZWNxClpWWXZoY1Y5NEpNMnJuVG9ML1JBb3VmK0U4c1d3cEpZSkVSM1FUSENYVWY5YXRiem5QcWV0NFdQbnRIL0dnRisKZUU1SlZrUkZJd0VkYmNjNXVleU5uWTFLaEJZeHVFd3BpM0t4NnRON1RRT3BRTngydDlVMjVlUVN4U2UwRGgzTgovbkFUZDB4ekxtbFdNM0hWY3o3NHl2ZVYxWlZFcjZRR0Q1Qks4U2NubG5GNDR5Yi9IT1Uvc04xWExFd0RLdER6CkZ6VGR5VVVCcWVSM2dVc1NGc3M4MHIrbEFRNW84bHNEUUVOTUMvNmowZnVEa3RuNWVTMnJKb3VnMUZVRGdGSnEKOVZKeHFTaXRnUDh3MVd1UVdQbisvSGg3c3FCTVBZSVl5c3ZyZHY2aTdRS0NBUUVBaG9vL3hqWngyWFIzdWxmbgowaGRPZ2hUdmttZnJTbXh3YVFyNkNhZFBxMThCTkQyNFEvWjNERDhxYkNva2J0cXMzbU9KWm81L3VRdWhEUUYyCjQvTXJ0cFo0NFZQOUc5Mmdlb1JuUzM3YWp2TWcwMlRkVjB5VjdnZ3NNQkNqa2JRd3VaTGVjZnNEZWNUeTJ4OFIKam5yMjNvRUozTysvSGRSNzF4RjhGMWswWkF5VXIwZDBYRjh1WmpCdXJPdmlJQ3p0RVBsTXFCWUtkckJ0Y2ZQMgo5Sit4dVJRVmg3TVZsVWlPWlhXSzZKYkFZOXdHdmkyYy8wb1JmZTVzMEVvbEhZN3RURWR5dHcrZUZQeWRQMkN5CmVmQldZMFJZOGliWHlhcjY0ejJXWE96K2cvaGJtdHRVc3UvdEdWVlB2QVRRazhqamtYQ1VYVHpYUjB6MW5LRGsKbXRoT2tRS0NBUUVBazdNL3R5UVdXZGppNEk4V3RsQVllc2hsWHdIRG1TTGp3Qkgya0psU0h3TXFYMC82VzNBbwpKQWNzaGdHUWdSRTRhbHFGUHZvd3BsTE9zVldVNE1MWThya0xuaHUrTTNxQjFpc00vUklZM2dkT21USmdaN0ZYCldOZTJUSWJ4Wi9KMFArZlZIdXRZUjRFMWtYRFNkUEJpVGVLNnF3Rm9yUHFUZU43M3VnQ3hRcUpBbkVDYVpBK0EKMzl2NmkvbFBtRVJvUnFRMGQ5enAzUjZwVkhmVjEyYkdHVUMxYityc0JlSyszdkVIWThaZTlaWW9XVEt4Z2cwRAp1ZU05V0duYy9wMlFLcy9ZZUxQdGpGeERtUzFTMzR4NXlLa1EzZks0enJzeGF6OU0veXI0M2NHYmRtNWxzR1A0CkVpVDRSTkhXZEtRWHN0ZGlrUWZUT040NEZocjZWUXBFeFFLQ0FRQlh6cTdYR3J3Q0F6b1RReitGRWY4VU1NekoKRTFQWnlDTk1Vb0xtVnZ5QXVmc0FOQk9GK1FxMzg5VFNaNmRzVDdpUFVNNHFhdmdlclBTS3BxalRELzZuZEtHRwppQ0hpWllrKzVBZkFsNXd2RnhZeTRwWUNKOHpybWFoVEd4ZEo2b0NmaitlUTJjbUNOM2pmMlVkRWgzLzJaeW1UCkMvdFJCemQrWDRaZmVjdDd1RkkxeVViek5NL05zL3RscEhhWk5QSG0zV1RLV1ovTWhzSVF4WkNYWXRHb244VEYKOUUxVmVBdWVsVVFWUFE4MkpMUG16ZlFCWkJpNHFIUGJJWTZDNExYQms1WVM1YXRjZlpjVC9qRDE1Zi8xanFpdQprTWxEajE3Q3A3cDVFM0tmelBMM282VE5PYzN1LzA1SERRQTU0aXBJZE5ucHJLZXpDUHBmWmdsTFkwaVIKLS0tLS1FTkQgUlNBIFBSSVZBVEUgS0VZLS0tLS0K",
                "cluster_ca_certificate": "LS0tLS1CRUdJTiBDRVJUSUZJQ0FURS0tLS0tCk1JSUU2VENDQXRHZ0F3SUJBZ0lSQUxENHZReGlZRWhTQmo1NW9tVi9rWFF3RFFZSktvWklodmNOQVFFTEJRQXcKRFRFTE1Ba0dBMVVFQXhNQ1kyRXdJQmNOTWpZd05ERTFNRE16TVRNNVdoZ1BNakExTmpBME1UVXdNelF4TXpsYQpNQTB4Q3pBSkJnTlZCQU1UQW1OaE1JSUNJakFOQmdrcWhraUc5dzBCQVFFRkFBT0NBZzhBTUlJQ0NnS0NBZ0VBCjJKWDhXSkRYUjdtMHFscVNZQ3hYamo3ZUpkQnlRL2pScDhSeVVJOW9ONlc2YlVnRFRkSUlxMjhNdlBHWTJGa3AKR1ZOOUVGaVhSczZWQmc5K1QvUHltZFVYS1MxNzRKQjBja3ZDS3l4QUp2cUVaQlhGMVZiMVpqVmpqa3lXQnY4MgorODhtZHl4ZDk4ZWRzLy8xQTM3UE1wNlZOZlJQd0JxaFBmWmpudkNSY2YyWDNwT3N4Z0JIbldYN0dubEdXZmtFClZ0SFhNSFR3QTkwZVdneE1zQU1VM2NkL2M3UmU3QSsvRWpsRkhvRXpuVE1yMnBDVkxuaUdJTmRvNDVOWW1Wc0MKaHo0bGRoZm83bEVSYlgrZFRTS1pqVm1UdVBtTjMyL0FML1lxK05wM0c4NHYvcGJSQTlVTzQzSmEyMVJqeGtBSgpxaERDRHArR0h1eXVrWHN2OVEvMlBxaVYyQ2pORmhKTk4xWUFNQzlMWEd4S3dMeW9nd0prU1RlMTZkK1VUdGJzClU0amZoMms0ZDBmVTJncDl3RDNrVHJJTXdWZjhwczlPTllRemVQUlE4bFNBM2ZvbWQ4UFR4czhjOWhDd3VlbW0KamdFWE5JS1ZVSERLbzFhRGhkb0JvUTVoSnhMVVh5Uks3dG5WTG4rNkR6YW5jd2gvMzBCS2FtZDdEUHh0NENmcApBR0xHejJZUmdkZTBFSTVoeWxsTXhuWjRpSWViVFAvVEUyOHFxUytrbjYzWWoyTXppSnF1ZXJBaHh6K1ovSEdKCk9iUTZJMERITmdXdG1haWdPNzhVRzdKUkI5dkF5RGhwZlBablFRYlI2a1Q2VkJyT3Nhc2Nxa2RTT0NReUQ5NGQKK011Mlg1Vm9xV3pGZk1PaFExOURmK20wbkovSThBelo2WGFZS1FUQWJsRUNBd0VBQWFOQ01FQXdEZ1lEVlIwUApBUUgvQkFRREFnS2tNQThHQTFVZEV3RUIvd1FGTUFNQkFmOHdIUVlEVlIwT0JCWUVGRTlLbFBFUGZEVDhuMG5kCnhjSmNadWp1eDJYbU1BMEdDU3FHU0liM0RRRUJDd1VBQTRJQ0FRQ3lrZ01BNytBUG1XUG4xakhRUWZUZUpMQmMKZEtrSUZ6aUdValFhSVA1eGpDN3RRTkgwNkVKLzZLRzZlRUR2TTM2NTVpeTJHVHc3TjZxWGtDOGY2MHFCdWNsWQp1MmFwSUtJaitEYmpCUlRJL1duV0Fic3dqbjk2S2RWc1RybjlFK0xJaklESFE4ZDI2MldFRmQ4a0VNbDlWZzczCkZFcC95c0hpRFpTRTRPZDhnM2VPcXNWQXZqbStxd0RMT3hVMHlBSXE4azJsckJXUkgzbnJqUzdFWVo4cGwzb20KOVFKcWxlQzh1WkRuQ0RmclF1U25xcEhad3FXM1ZuaGlMbWJrdzBwbTFFTU1hNlcrTmNXbkF0ZTYya1Y1a3l6NApsLy9KWlg5YkdyWCtVdGpLUCtlTTJCTW1XaDFtdlBTQ1VlNVFvVlp6T3U2RmdZSlNmVWlLc0ExL3dCVG5oQlJ5CjRVWDNVV2R4R0hsUHpWTDRScldENVd0cm5lcmVJMmlyY0hqVm5sZWNPMXRoWWZOTmFMUDRmSkJJTFE0M3hxZEQKNGRFWU5wbGZqdkZQNGt0TkJPa0FYK3NqWml5Z1ErNTkxQnhMZ0NNR3JOekczeHk2d3Y5RjcwWUdPRkFIbEJ3cApkV2VmWGJKZTFxUXd5c1JsTnJwd3Jxb0ZGSFk2VDlzS1VyUm55L2pBaUxtWEpadWY5YlNsMWh4UHUrMWlJeEp1CmZJWkdSMWtIakUyNGg3dnhTT0ZIakhJS3pFT2hRdVZJa0VLNWJ0RWltRUtOKzFYbmFnNzY0aWVjNTlTRTN2d2oKN09QTzMyaUFXVDJ0UGdFSklLUlE5YzduODhaM09aSmZacDFDN0hNamErYWdVb0MydUZ2TGtQTDJLam1IY2JpSwpLZ3JtL1JNMUJiWFNMenpEVVE9PQotLS0tLUVORCBDRVJUSUZJQ0FURS0tLS0tCg==",
                "host": "https://chillphimaks-0fdxtm1e.hcp.japaneast.azmk8s.io:443",
                "password": "jp4bv5o5ufjxbz727jqb8a6wk4ygnievgrc1pfdgd8lfiiftea1mnbtpl597tnw3nc0u9uegt99tz4oyc62c0946pvv6bz28tmv1zz247bq5qjhu5jtuq6g1dvld9vzp",
                "username": "clusterUser_chillphim-rg_chillphim-aks"
              }
            ],
            "kube_config_raw": "apiVersion: v1\nclusters:\n- cluster:\n    certificate-authority-data: LS0tLS1CRUdJTiBDRVJUSUZJQ0FURS0tLS0tCk1JSUU2VENDQXRHZ0F3SUJBZ0lSQUxENHZReGlZRWhTQmo1NW9tVi9rWFF3RFFZSktvWklodmNOQVFFTEJRQXcKRFRFTE1Ba0dBMVVFQXhNQ1kyRXdJQmNOTWpZd05ERTFNRE16TVRNNVdoZ1BNakExTmpBME1UVXdNelF4TXpsYQpNQTB4Q3pBSkJnTlZCQU1UQW1OaE1JSUNJakFOQmdrcWhraUc5dzBCQVFFRkFBT0NBZzhBTUlJQ0NnS0NBZ0VBCjJKWDhXSkRYUjdtMHFscVNZQ3hYamo3ZUpkQnlRL2pScDhSeVVJOW9ONlc2YlVnRFRkSUlxMjhNdlBHWTJGa3AKR1ZOOUVGaVhSczZWQmc5K1QvUHltZFVYS1MxNzRKQjBja3ZDS3l4QUp2cUVaQlhGMVZiMVpqVmpqa3lXQnY4MgorODhtZHl4ZDk4ZWRzLy8xQTM3UE1wNlZOZlJQd0JxaFBmWmpudkNSY2YyWDNwT3N4Z0JIbldYN0dubEdXZmtFClZ0SFhNSFR3QTkwZVdneE1zQU1VM2NkL2M3UmU3QSsvRWpsRkhvRXpuVE1yMnBDVkxuaUdJTmRvNDVOWW1Wc0MKaHo0bGRoZm83bEVSYlgrZFRTS1pqVm1UdVBtTjMyL0FML1lxK05wM0c4NHYvcGJSQTlVTzQzSmEyMVJqeGtBSgpxaERDRHArR0h1eXVrWHN2OVEvMlBxaVYyQ2pORmhKTk4xWUFNQzlMWEd4S3dMeW9nd0prU1RlMTZkK1VUdGJzClU0amZoMms0ZDBmVTJncDl3RDNrVHJJTXdWZjhwczlPTllRemVQUlE4bFNBM2ZvbWQ4UFR4czhjOWhDd3VlbW0KamdFWE5JS1ZVSERLbzFhRGhkb0JvUTVoSnhMVVh5Uks3dG5WTG4rNkR6YW5jd2gvMzBCS2FtZDdEUHh0NENmcApBR0xHejJZUmdkZTBFSTVoeWxsTXhuWjRpSWViVFAvVEUyOHFxUytrbjYzWWoyTXppSnF1ZXJBaHh6K1ovSEdKCk9iUTZJMERITmdXdG1haWdPNzhVRzdKUkI5dkF5RGhwZlBablFRYlI2a1Q2VkJyT3Nhc2Nxa2RTT0NReUQ5NGQKK011Mlg1Vm9xV3pGZk1PaFExOURmK20wbkovSThBelo2WGFZS1FUQWJsRUNBd0VBQWFOQ01FQXdEZ1lEVlIwUApBUUgvQkFRREFnS2tNQThHQTFVZEV3RUIvd1FGTUFNQkFmOHdIUVlEVlIwT0JCWUVGRTlLbFBFUGZEVDhuMG5kCnhjSmNadWp1eDJYbU1BMEdDU3FHU0liM0RRRUJDd1VBQTRJQ0FRQ3lrZ01BNytBUG1XUG4xakhRUWZUZUpMQmMKZEtrSUZ6aUdValFhSVA1eGpDN3RRTkgwNkVKLzZLRzZlRUR2TTM2NTVpeTJHVHc3TjZxWGtDOGY2MHFCdWNsWQp1MmFwSUtJaitEYmpCUlRJL1duV0Fic3dqbjk2S2RWc1RybjlFK0xJaklESFE4ZDI2MldFRmQ4a0VNbDlWZzczCkZFcC95c0hpRFpTRTRPZDhnM2VPcXNWQXZqbStxd0RMT3hVMHlBSXE4azJsckJXUkgzbnJqUzdFWVo4cGwzb20KOVFKcWxlQzh1WkRuQ0RmclF1U25xcEhad3FXM1ZuaGlMbWJrdzBwbTFFTU1hNlcrTmNXbkF0ZTYya1Y1a3l6NApsLy9KWlg5YkdyWCtVdGpLUCtlTTJCTW1XaDFtdlBTQ1VlNVFvVlp6T3U2RmdZSlNmVWlLc0ExL3dCVG5oQlJ5CjRVWDNVV2R4R0hsUHpWTDRScldENVd0cm5lcmVJMmlyY0hqVm5sZWNPMXRoWWZOTmFMUDRmSkJJTFE0M3hxZEQKNGRFWU5wbGZqdkZQNGt0TkJPa0FYK3NqWml5Z1ErNTkxQnhMZ0NNR3JOekczeHk2d3Y5RjcwWUdPRkFIbEJ3cApkV2VmWGJKZTFxUXd5c1JsTnJwd3Jxb0ZGSFk2VDlzS1VyUm55L2pBaUxtWEpadWY5YlNsMWh4UHUrMWlJeEp1CmZJWkdSMWtIakUyNGg3dnhTT0ZIakhJS3pFT2hRdVZJa0VLNWJ0RWltRUtOKzFYbmFnNzY0aWVjNTlTRTN2d2oKN09QTzMyaUFXVDJ0UGdFSklLUlE5YzduODhaM09aSmZacDFDN0hNamErYWdVb0MydUZ2TGtQTDJLam1IY2JpSwpLZ3JtL1JNMUJiWFNMenpEVVE9PQotLS0tLUVORCBDRVJUSUZJQ0FURS0tLS0tCg==\n    server: https://chillphimaks-0fdxtm1e.hcp.japaneast.azmk8s.io:443\n  name: chillphim-aks\ncontexts:\n- context:\n    cluster: chillphim-aks\n    user: clusterUser_chillphim-rg_chillphim-aks\n  name: chillphim-aks\ncurrent-context: chillphim-aks\nkind: Config\nusers:\n- name: clusterUser_chillphim-rg_chillphim-aks\n  user:\n    client-certificate-data: LS0tLS1CRUdJTiBDRVJUSUZJQ0FURS0tLS0tCk1JSUZIVENDQXdXZ0F3SUJBZ0lRYVo4VUVidFV0cmtPYlR4NHZVNXNTVEFOQmdrcWhraUc5dzBCQVFzRkFEQU4KTVFzd0NRWURWUVFERXdKallUQWVGdzB5TmpBME1UVXdNek14TXpsYUZ3MHlPREEwTVRVd016UXhNemxhTURBeApGekFWQmdOVkJBb1REbk41YzNSbGJUcHRZWE4wWlhKek1SVXdFd1lEVlFRREV3eHRZWE4wWlhKamJHbGxiblF3CmdnSWlNQTBHQ1NxR1NJYjNEUUVCQVFVQUE0SUNEd0F3Z2dJS0FvSUNBUUQxYTJHRm1Ed2pZMDhsSXdvQlJiWEUKZ1BYMjRNZHJqRGg4MFFKTVgvVDNVQ25yV29MeUpIWk9xaXJFYzRGb0ZEUWt6dXRVMGNxSGdnbmQwdUpnWUs4agpXbGQwOG1ZZGV5aTEwZCtmWjRBbDV5QzhzZlE0RlllVS9pOTVrQjZLdE92bEtTRGhzd28wOWx6bk5vL3o2WklsCkNsZ1V1SStqenpEaXVld0ZtN3VjNXlycjlXMHVCdnlDaUUvV05YUDdqWDNWNktKSDJUYUN2aE9MckgvY2cwNm4KS0IyK0FjT2ZSNnZKK3BLZWpOdjgvbUt3T0tKTmp2SHB6ZFExTXJqWW1WV0FNMlBLdFU0THZNRjZieS9teVhzZwp2UitlRXoybkxuMHJTZWRqN0VScXkvdStFcGtoN0hkd1l2dWgrZCtPdDJSWk1IU25aQ3I0ZVJ2bWxranBNMHdqCk5RSnVOdWdqL1I1NEVHcmJCSlZWdTNWYmNoTkRIaHdiZDBjME51RjAwSTh2UTBpUTBvb3Zvakl0SlhhZ2U5NVQKOWVkRVUzYm92czdXS3lZODE1djdrUkppRXh0S3FNVHVlcDZ2cWhYOXNXNHdXRzR4dzBjd0thS1RJRzlhdVBMLwpBUXFueWlLUWlNUVlYSUFEdFl4QXBpa0hhemxrMWY5bTMzdy9SN3lXZ014N2VWMk5yeE95U1p5aUVTN0EydWNjClNaRmt5Q1pYcUpHcmhDZmwySnhiQnRnTDNIbERGV2trUUVsbWhVL3M5NGhhWlp3N01rbUU1Z2JCc2pPWXM3ZDYKZnBvY2ZYOThERFp4T09wUHdEWGpxbVp3Y2VpS01zTzJQWlNaK29Sc2djUWY1T01PczJqVnJtYldVckhuSlZqTQpwUWhITnNkWVJJWTJEZytFSUFqaGVRSURBUUFCbzFZd1ZEQU9CZ05WSFE4QkFmOEVCQU1DQmFBd0V3WURWUjBsCkJBd3dDZ1lJS3dZQkJRVUhBd0l3REFZRFZSMFRBUUgvQkFJd0FEQWZCZ05WSFNNRUdEQVdnQlJQU3BUeEQzdzAKL0o5SjNjWENYR2JvN3NkbDVqQU5CZ2txaGtpRzl3MEJBUXNGQUFPQ0FnRUExRWpyL2d4bkNJMlh6SDROQklXWgovenYxamowSW93Ukx2ekx0Zk1VTnk1UE5OckY3eU5mRHFjVm9MNnlkd1VocXRkUG1LOG00SDNjd3drS1diQnFWCnljUnQvTERpcU1nSnBjbVVWNU05RjdKakY5ZzJKY1Zmb1ZCYlVLMUc1bk10N0sxTUlxVGZGeVlZVmU2TUJmVVAKczgyYTJmMjZtQmFJT1RKRDNoTm9kWFdUWnhoMDFPWk5MRWQrb01pTWRVeitSc2tvMnE4UkxEdUVGQ2lTaGhCbQoxNFNIV0pQcUxkZkNjSjdYVlZBMHJCejlhQnRFZU5kS1BIOHh2WFNBUGxEejA2c0xDMWR6eWtjelhBR3BGVk90CnRTZmRyRnlSNzhzTVJCc0JlRmxXZ0xiTloxb2liRHY3ZXBOK25uRkdQMEw1cURic3E2Vjl4U05kaGxZT3JQcDQKcGNVNVEvdVQyV2p6N2RWeHdJc1l6ajFjalp4WDNURnkyT0IyRlBWZjMrcGxidkJYM2o2dXd2d2ErUWI4V0M5UAp0MVM1ZHM2VlV1UnljTFdobXl0TGdLRzY4TkFSWHNLM1ZKdjgwMW1lSHVLTmg5aDR1UmFOZHpyOWlFYnhOeUdRCkl0WjlpNWFvNytyV2xjekdaRjZCRTRaZ2J0cGRRdmRSUURPaW5vK0l4WWdnb3R1UEx5cXBsK0VHMWxxcXZzTDQKckNvczg4eWY4cTJuZktLcndDOUl3MnIyYURxVXl1UnBoL3J3eHRwNmsvNjloU3VlN1FkcmQ3ekFtWFNHdzlyMApVb3pOOExIc3hqcHJ5dUtjMmtLcWp0ZFZXQjMvQmhPOVhvV2w0VU9VN2ZjUnB4Um9vWDZydDQ2SWxUSkEzUm5ICjJtM3RKOGdhVmRzYnV6ZTA5RmthUHpZPQotLS0tLUVORCBDRVJUSUZJQ0FURS0tLS0tCg==\n    client-key-data: LS0tLS1CRUdJTiBSU0EgUFJJVkFURSBLRVktLS0tLQpNSUlKS1FJQkFBS0NBZ0VBOVd0aGhaZzhJMk5QSlNNS0FVVzF4SUQxOXVESGE0dzRmTkVDVEYvMDkxQXA2MXFDCjhpUjJUcW9xeEhPQmFCUTBKTTdyVk5IS2g0SUozZExpWUdDdkkxcFhkUEptSFhzb3RkSGZuMmVBSmVjZ3ZMSDAKT0JXSGxQNHZlWkFlaXJUcjVTa2c0Yk1LTlBaYzV6YVA4K21TSlFwWUZMaVBvODh3NHJuc0JadTduT2NxNi9WdApMZ2I4Z29oUDFqVnorNDE5MWVpaVI5azJncjRUaTZ4LzNJTk9weWdkdmdIRG4wZXJ5ZnFTbm96Yi9QNWlzRGlpClRZN3g2YzNVTlRLNDJKbFZnRE5qeXJWT0M3ekJlbTh2NXNsN0lMMGZuaE05cHk1OUswbm5ZK3hFYXN2N3ZoS1oKSWV4M2NHTDdvZm5manJka1dUQjBwMlFxK0hrYjVwWkk2VE5NSXpVQ2JqYm9JLzBlZUJCcTJ3U1ZWYnQxVzNJVApReDRjRzNkSE5EYmhkTkNQTDBOSWtOS0tMNkl5TFNWMm9IdmVVL1huUkZOMjZMN08xaXNtUE5lYis1RVNZaE1iClNxakU3bnFlcjZvVi9iRnVNRmh1TWNOSE1DbWlreUJ2V3JqeS93RUtwOG9pa0lqRUdGeUFBN1dNUUtZcEIyczUKWk5YL1p0OThQMGU4bG9ETWUzbGRqYThUc2ttY29oRXV3TnJuSEVtUlpNZ21WNmlScTRRbjVkaWNXd2JZQzl4NQpReFZwSkVCSlpvVlA3UGVJV21XY096SkpoT1lHd2JJem1MTzNlbjZhSEgxL2ZBdzJjVGpxVDhBMTQ2cG1jSEhvCmlqTER0ajJVbWZxRWJJSEVIK1RqRHJObzFhNW0xbEt4NXlWWXpLVUlSemJIV0VTR05nNFBoQ0FJNFhrQ0F3RUEKQVFLQ0FnQWlLMzBFeVlVb0JUSDJFUHFaNGorVVdFTkd5QldqOVA1QmJLVm1CbDg0VnVZN1FWc2xoU3VldU1VagpISlRxTFpQMEF3WlRoVEV1YkUzYzMzbUs0ek5IV0JNQXNxWkNtUXo2UWJvaHV0cW1ERmZyeGRnanZlV21lanlZCmI1YzlCME1uNFRIVmt1VExLbmtWYlN5ZVVJazdWSVVlZjNMcVl4VGlvSEhLOXh1b1ZTeE45Wm9wdENuUXI5TnoKMXZYcTBwQ3dhWWM4dXpMQ2dkMzlUcnR2czYyT0N3RVhIUzVFUFVtZklkN3JxZCtRU2tmcDByelFVU1NBQWRzMwp1L1B1SG0wLzRBZlhKNmF4N2lvL0ZuK0VJYzNkcVU5ZlpqenBpOGk4TC9wQ1dKbFBDRThvNy9SM3UzR0d5WlZSCkFGWWV6QXh4K1pQb1lZTTFITUdrZVl5MXdXRnFhSytNWDVCUXhuNmUrOW1HamlsWmlLRmZoZWIwWUNpZ3paZ20KRVZvbnJ0YWNZYlNVWldaVGxnb2tRVGs0SzVaYk5kYzNhYm5FeDBydXpmaURJQWVvMDNZTTZQaXpEL2hGVDRZYwoxT2twcjVaaWVpbzVuUVRrVktXMEl3MURJaUpsaWxzM0J6VG5YTTY2M3JocmlqeWVTRmxLQnVwM2I1dFpNK3NCCkxUYXJkckpUQy9hckZPY2JFSlFaeHE5TEhXNTA3aENYZDBJQ3lwQTJsa21tMTQ2K1piUVA5VWNYM2JDdmlxZWEKOFRLWnpqaW9GL2tNNFpqRTJ5ZjlqSkZEMFhUUWtxNmlqWmNPSy9leHlqY2dmazRTVVpRRnJma1AvR3NYUUI4UAo3UDBma0NkZENwbTdNdHBBWjBWRFlaTnBGaEg5eGliZFZObTM5dVJCa1MyYmUycHR2UUtDQVFFQTk1aE11RTEyCjlMNjFGaHdGdFN6R1c0Vm5RSXpEeHNiaXJtUUhuOXJxbU9mM0tyLy9GNHBxbFVlZUZpeDFZZWJ6OWFhK3RzTU8Kb2ZmMnZ1TzBlUFNqdld1dVpNcE43Rm9JU0VRYWRBb016d1BENUkwL0pVN3BLTHMwOEQraGVQZkQxRzhxR2p3RgpVejgwNFRmSnp5WnM3cHBiSXdGd0p6OHZjUU9kOUNJK20zUDR1V0ZjRWZmYWl2MTUwQ3ZRbGFGK1RZS09kWUo2CkVVWDlNdjNabHFKa2grQ1hHa0hUODNNaFQrRVFIaVdBc2NxSkhkbDk4MWRqM1NZdFFBZEk4cG5NZnNpR2owVmQKSEdaaHJiQzFkWHRVYTREZzU5K2k5Ri9YbmJpVjhYbDBVWHRUQ1hQWkhKWVpGVFdUdUgzcmFvdWdZVGd5NytDaAorV3ErSXB3SHJPOXJQUUtDQVFFQS9jQXM4N3ptdE15bzc1NVducnN2YXhQM1JaZSthZlJsYUdtbG55Smw2ZWNxClpWWXZoY1Y5NEpNMnJuVG9ML1JBb3VmK0U4c1d3cEpZSkVSM1FUSENYVWY5YXRiem5QcWV0NFdQbnRIL0dnRisKZUU1SlZrUkZJd0VkYmNjNXVleU5uWTFLaEJZeHVFd3BpM0t4NnRON1RRT3BRTngydDlVMjVlUVN4U2UwRGgzTgovbkFUZDB4ekxtbFdNM0hWY3o3NHl2ZVYxWlZFcjZRR0Q1Qks4U2NubG5GNDR5Yi9IT1Uvc04xWExFd0RLdER6CkZ6VGR5VVVCcWVSM2dVc1NGc3M4MHIrbEFRNW84bHNEUUVOTUMvNmowZnVEa3RuNWVTMnJKb3VnMUZVRGdGSnEKOVZKeHFTaXRnUDh3MVd1UVdQbisvSGg3c3FCTVBZSVl5c3ZyZHY2aTdRS0NBUUVBaG9vL3hqWngyWFIzdWxmbgowaGRPZ2hUdmttZnJTbXh3YVFyNkNhZFBxMThCTkQyNFEvWjNERDhxYkNva2J0cXMzbU9KWm81L3VRdWhEUUYyCjQvTXJ0cFo0NFZQOUc5Mmdlb1JuUzM3YWp2TWcwMlRkVjB5VjdnZ3NNQkNqa2JRd3VaTGVjZnNEZWNUeTJ4OFIKam5yMjNvRUozTysvSGRSNzF4RjhGMWswWkF5VXIwZDBYRjh1WmpCdXJPdmlJQ3p0RVBsTXFCWUtkckJ0Y2ZQMgo5Sit4dVJRVmg3TVZsVWlPWlhXSzZKYkFZOXdHdmkyYy8wb1JmZTVzMEVvbEhZN3RURWR5dHcrZUZQeWRQMkN5CmVmQldZMFJZOGliWHlhcjY0ejJXWE96K2cvaGJtdHRVc3UvdEdWVlB2QVRRazhqamtYQ1VYVHpYUjB6MW5LRGsKbXRoT2tRS0NBUUVBazdNL3R5UVdXZGppNEk4V3RsQVllc2hsWHdIRG1TTGp3Qkgya0psU0h3TXFYMC82VzNBbwpKQWNzaGdHUWdSRTRhbHFGUHZvd3BsTE9zVldVNE1MWThya0xuaHUrTTNxQjFpc00vUklZM2dkT21USmdaN0ZYCldOZTJUSWJ4Wi9KMFArZlZIdXRZUjRFMWtYRFNkUEJpVGVLNnF3Rm9yUHFUZU43M3VnQ3hRcUpBbkVDYVpBK0EKMzl2NmkvbFBtRVJvUnFRMGQ5enAzUjZwVkhmVjEyYkdHVUMxYityc0JlSyszdkVIWThaZTlaWW9XVEt4Z2cwRAp1ZU05V0duYy9wMlFLcy9ZZUxQdGpGeERtUzFTMzR4NXlLa1EzZks0enJzeGF6OU0veXI0M2NHYmRtNWxzR1A0CkVpVDRSTkhXZEtRWHN0ZGlrUWZUT040NEZocjZWUXBFeFFLQ0FRQlh6cTdYR3J3Q0F6b1RReitGRWY4VU1NekoKRTFQWnlDTk1Vb0xtVnZ5QXVmc0FOQk9GK1FxMzg5VFNaNmRzVDdpUFVNNHFhdmdlclBTS3BxalRELzZuZEtHRwppQ0hpWllrKzVBZkFsNXd2RnhZeTRwWUNKOHpybWFoVEd4ZEo2b0NmaitlUTJjbUNOM2pmMlVkRWgzLzJaeW1UCkMvdFJCemQrWDRaZmVjdDd1RkkxeVViek5NL05zL3RscEhhWk5QSG0zV1RLV1ovTWhzSVF4WkNYWXRHb244VEYKOUUxVmVBdWVsVVFWUFE4MkpMUG16ZlFCWkJpNHFIUGJJWTZDNExYQms1WVM1YXRjZlpjVC9qRDE1Zi8xanFpdQprTWxEajE3Q3A3cDVFM0tmelBMM282VE5PYzN1LzA1SERRQTU0aXBJZE5ucHJLZXpDUHBmWmdsTFkwaVIKLS0tLS1FTkQgUlNBIFBSSVZBVEUgS0VZLS0tLS0K\n    token: jp4bv5o5ufjxbz727jqb8a6wk4ygnievgrc1pfdgd8lfiiftea1mnbtpl597tnw3nc0u9uegt99tz4oyc62c0946pvv6bz28tmv1zz247bq5qjhu5jtuq6g1dvld9vzp\n",
            "kubelet_identity": [
              {
                "client_id": "830d392b-e16f-4f22-900e-8268f3dad846",
                "object_id": "c4165776-338d-429d-b47a-89a522a5e3d5",
                "user_assigned_identity_id": "/subscriptions/fb89bb2a-64ce-44b2-8261-680f1192d822/resourceGroups/MC_chillphim-rg_chillphim-aks_japaneast/providers/Microsoft.ManagedIdentity/userAssignedIdentities/chillphim-aks-agentpool"
              }
            ],
            "kubernetes_version": "1.32.11",
            "linux_profile": [],
            "local_account_disabled": false,
            "location": "japaneast",
            "maintenance_window": [],
            "maintenance_window_auto_upgrade": [],
            "maintenance_window_node_os": [],
            "microsoft_defender": [],
            "monitor_metrics": [],
            "name": "chillphim-aks",
            "network_profile": [
              {
                "dns_service_ip": "10.1.0.10",
                "docker_bridge_cidr": "172.17.0.1/16",
                "ebpf_data_plane": "",
                "ip_versions": [
                  "IPv4"
                ],
                "load_balancer_profile": [
                  {
                    "effective_outbound_ips": [
                      "/subscriptions/fb89bb2a-64ce-44b2-8261-680f1192d822/resourceGroups/MC_chillphim-rg_chillphim-aks_japaneast/providers/Microsoft.Network/publicIPAddresses/82c0f21a-c3aa-4c05-86f2-a4bfcac3df3d"
                    ],
                    "idle_timeout_in_minutes": 0,
                    "managed_outbound_ip_count": 1,
                    "managed_outbound_ipv6_count": 0,
                    "outbound_ip_address_ids": [],
                    "outbound_ip_prefix_ids": [],
                    "outbound_ports_allocated": 0
                  }
                ],
                "load_balancer_sku": "standard",
                "nat_gateway_profile": [],
                "network_data_plane": "azure",
                "network_mode": "",
                "network_plugin": "azure",
                "network_plugin_mode": "",
                "network_policy": "azure",
                "outbound_ip_address_ids": [],
                "outbound_ip_prefix_ids": [],
                "outbound_type": "loadBalancer",
                "pod_cidr": "",
                "pod_cidrs": [],
                "service_cidr": "10.1.0.0/16",
                "service_cidrs": [
                  "10.1.0.0/16"
                ]
              }
            ],
            "node_os_channel_upgrade": null,
            "node_resource_group": "MC_chillphim-rg_chillphim-aks_japaneast",
            "node_resource_group_id": "/subscriptions/fb89bb2a-64ce-44b2-8261-680f1192d822/resourceGroups/MC_chillphim-rg_chillphim-aks_japaneast",
            "oidc_issuer_enabled": false,
            "oidc_issuer_url": "",
            "oms_agent": [
              {
                "log_analytics_workspace_id": "/subscriptions/fb89bb2a-64ce-44b2-8261-680f1192d822/resourceGroups/chillphim-rg/providers/Microsoft.OperationalInsights/workspaces/chillphim-log",
                "msi_auth_for_monitoring_enabled": false,
                "oms_agent_identity": [
                  {
                    "client_id": "e16cc0e3-7e0a-4f90-a8cb-ff082dd7d0ad",
                    "object_id": "85c62870-2c9f-432e-9251-b95ed142fd2f",
                    "user_assigned_identity_id": "/subscriptions/fb89bb2a-64ce-44b2-8261-680f1192d822/resourcegroups/MC_chillphim-rg_chillphim-aks_japaneast/providers/Microsoft.ManagedIdentity/userAssignedIdentities/omsagent-chillphim-aks"
                  }
                ]
              }
            ],
            "open_service_mesh_enabled": false,
            "portal_fqdn": "chillphimaks-0fdxtm1e.portal.hcp.japaneast.azmk8s.io",
            "private_cluster_enabled": false,
            "private_cluster_public_fqdn_enabled": false,
            "private_dns_zone_id": "",
            "private_fqdn": "",
            "public_network_access_enabled": true,
            "resource_group_name": "chillphim-rg",
            "role_based_access_control_enabled": true,
            "run_command_enabled": true,
            "service_mesh_profile": [],
            "service_principal": [],
            "sku_tier": "Free",
            "storage_profile": [],
            "support_plan": "KubernetesOfficial",
            "tags": {
              "Environment": "Development",
              "Project": "chillphim"
            },
            "timeouts": null,
            "web_app_routing": [],
            "windows_profile": [
              {
                "admin_password": "",
                "admin_username": "azureuser",
                "gmsa": [],
                "license": ""
              }
            ],
            "workload_autoscaler_profile": [],
            "workload_identity_enabled": false
          },
          "sensitive_attributes": [
            [
              {
                "type": "get_attr",
                "value": "kube_admin_config"
              }
            ],
            [
              {
                "type": "get_attr",
                "value": "kube_admin_config_raw"
              }
            ],
            [
              {
                "type": "get_attr",
                "value": "kube_config"
              }
            ],
            [
              {
                "type": "get_attr",
                "value": "kube_config_raw"
              }
            ],
            [
              {
                "type": "get_attr",
                "value": "windows_profile"
              },
              {
                "type": "index",
                "value": {
                  "value": 0,
                  "type": "number"
                }
              },
              {
                "type": "get_attr",
                "value": "admin_password"
              }
            ]
          ],
          "identity_schema_version": 0,
          "private": "eyJlMmJmYjczMC1lY2FhLTExZTYtOGY4OC0zNDM2M2JjN2M0YzAiOnsiY3JlYXRlIjo1NDAwMDAwMDAwMDAwLCJkZWxldGUiOjU0MDAwMDAwMDAwMDAsInJlYWQiOjMwMDAwMDAwMDAwMCwidXBkYXRlIjo1NDAwMDAwMDAwMDAwfSwic2NoZW1hX3ZlcnNpb24iOiIyIn0=",
          "dependencies": [
            "azurerm_log_analytics_workspace.log",
            "azurerm_resource_group.rg",
            "azurerm_subnet.gw_subnet",
            "azurerm_subnet.subnet",
            "azurerm_virtual_network.vnet"
          ]
        }
      ]
    },
    {
      "mode": "managed",
      "type": "azurerm_log_analytics_workspace",
      "name": "log",
      "provider": "provider[\"registry.terraform.io/hashicorp/azurerm\"]",
      "instances": [
        {
          "schema_version": 3,
          "attributes": {
            "allow_resource_only_permissions": true,
            "cmk_for_query_forced": false,
            "daily_quota_gb": -1,
            "data_collection_rule_id": "",
            "id": "/subscriptions/fb89bb2a-64ce-44b2-8261-680f1192d822/resourceGroups/chillphim-rg/providers/Microsoft.OperationalInsights/workspaces/chillphim-log",
            "identity": [],
            "immediate_data_purge_on_30_days_enabled": false,
            "internet_ingestion_enabled": true,
            "internet_query_enabled": true,
            "local_authentication_disabled": false,
            "location": "japaneast",
            "name": "chillphim-log",
            "primary_shared_key": "b9unZuNA0ugurGka+S4HCdoylhQStpC9muPhBmykIfA62li8CvmCro1mSB9HmHT8ZobR8ICbPHD/9t8+yF9jUw==",
            "reservation_capacity_in_gb_per_day": null,
            "resource_group_name": "chillphim-rg",
            "retention_in_days": 30,
            "secondary_shared_key": "HmFHbhtR8W19eVvC48JkH3FNJ1C+EjK8udkdeWyBtwT+zjVsWEs/Y9RrCccykdl+W7PaUWx0XiVA+OavqCwipQ==",
            "sku": "PerGB2018",
            "tags": {},
            "timeouts": null,
            "workspace_id": "697a7f10-450b-41eb-9379-be2c89c81775"
          },
          "sensitive_attributes": [
            [
              {
                "type": "get_attr",
                "value": "primary_shared_key"
              }
            ],
            [
              {
                "type": "get_attr",
                "value": "secondary_shared_key"
              }
            ]
          ],
          "identity_schema_version": 0,
          "private": "eyJlMmJmYjczMC1lY2FhLTExZTYtOGY4OC0zNDM2M2JjN2M0YzAiOnsiY3JlYXRlIjoxODAwMDAwMDAwMDAwLCJkZWxldGUiOjE4MDAwMDAwMDAwMDAsInJlYWQiOjMwMDAwMDAwMDAwMCwidXBkYXRlIjoxODAwMDAwMDAwMDAwfSwic2NoZW1hX3ZlcnNpb24iOiIzIn0=",
          "dependencies": [
            "azurerm_resource_group.rg"
          ]
        }
      ]
    },
    {
      "mode": "managed",
      "type": "azurerm_network_security_group",
      "name": "aks_nsg",
      "provider": "provider[\"registry.terraform.io/hashicorp/azurerm\"]",
      "instances": [
        {
          "schema_version": 0,
          "attributes": {
            "id": "/subscriptions/fb89bb2a-64ce-44b2-8261-680f1192d822/resourceGroups/chillphim-rg/providers/Microsoft.Network/networkSecurityGroups/chillphim-aks-nsg",
            "location": "japaneast",
            "name": "chillphim-aks-nsg",
            "resource_group_name": "chillphim-rg",
            "security_rule": [
              {
                "access": "Allow",
                "description": "",
                "destination_address_prefix": "*",
                "destination_address_prefixes": [],
                "destination_application_security_group_ids": [],
                "destination_port_range": "*",
                "destination_port_ranges": [],
                "direction": "Inbound",
                "name": "AllowAzureLoadBalancerInbound",
                "priority": 110,
                "protocol": "*",
                "source_address_prefix": "AzureLoadBalancer",
                "source_address_prefixes": [],
                "source_application_security_group_ids": [],
                "source_port_range": "*",
                "source_port_ranges": []
              },
              {
                "access": "Allow",
                "description": "",
                "destination_address_prefix": "10.0.1.0/24",
                "destination_address_prefixes": [],
                "destination_application_security_group_ids": [],
                "destination_port_range": "*",
                "destination_port_ranges": [],
                "direction": "Inbound",
                "name": "AllowInternalSubnetInbound",
                "priority": 120,
                "protocol": "*",
                "source_address_prefix": "10.0.1.0/24",
                "source_address_prefixes": [],
                "source_application_security_group_ids": [],
                "source_port_range": "*",
                "source_port_ranges": []
              },
              {
                "access": "Allow",
                "description": "",
                "destination_address_prefix": "10.0.1.0/24",
                "destination_address_prefixes": [],
                "destination_application_security_group_ids": [],
                "destination_port_range": "3000",
                "destination_port_ranges": [],
                "direction": "Inbound",
                "name": "AllowAGWToAKS",
                "priority": 100,
                "protocol": "Tcp",
                "source_address_prefix": "10.0.2.0/24",
                "source_address_prefixes": [],
                "source_application_security_group_ids": [],
                "source_port_range": "*",
                "source_port_ranges": []
              },
              {
                "access": "Deny",
                "description": "",
                "destination_address_prefix": "*",
                "destination_address_prefixes": [],
                "destination_application_security_group_ids": [],
                "destination_port_range": "*",
                "destination_port_ranges": [],
                "direction": "Inbound",
                "name": "DenyInternetInbound",
                "priority": 1000,
                "protocol": "*",
                "source_address_prefix": "Internet",
                "source_address_prefixes": [],
                "source_application_security_group_ids": [],
                "source_port_range": "*",
                "source_port_ranges": []
              }
            ],
            "tags": {
              "Project": "chillphim",
              "Security": "ZeroTrust"
            },
            "timeouts": null
          },
          "sensitive_attributes": [],
          "identity_schema_version": 0,
          "private": "eyJlMmJmYjczMC1lY2FhLTExZTYtOGY4OC0zNDM2M2JjN2M0YzAiOnsiY3JlYXRlIjoxODAwMDAwMDAwMDAwLCJkZWxldGUiOjE4MDAwMDAwMDAwMDAsInJlYWQiOjMwMDAwMDAwMDAwMCwidXBkYXRlIjoxODAwMDAwMDAwMDAwfX0=",
          "dependencies": [
            "azurerm_resource_group.rg"
          ]
        }
      ]
    },
    {
      "mode": "managed",
      "type": "azurerm_public_ip",
      "name": "gw_pip",
      "provider": "provider[\"registry.terraform.io/hashicorp/azurerm\"]",
      "instances": [
        {
          "schema_version": 0,
          "attributes": {
            "allocation_method": "Static",
            "ddos_protection_mode": "VirtualNetworkInherited",
            "ddos_protection_plan_id": null,
            "domain_name_label": null,
            "edge_zone": "",
            "fqdn": null,
            "id": "/subscriptions/fb89bb2a-64ce-44b2-8261-680f1192d822/resourceGroups/chillphim-rg/providers/Microsoft.Network/publicIPAddresses/chillphim-gw-ip",
            "idle_timeout_in_minutes": 4,
            "ip_address": "20.89.41.79",
            "ip_tags": null,
            "ip_version": "IPv4",
            "location": "japaneast",
            "name": "chillphim-gw-ip",
            "public_ip_prefix_id": null,
            "resource_group_name": "chillphim-rg",
            "reverse_fqdn": null,
            "sku": "Standard",
            "sku_tier": "Regional",
            "tags": null,
            "timeouts": null,
            "zones": null
          },
          "sensitive_attributes": [],
          "identity_schema_version": 0,
          "private": "eyJlMmJmYjczMC1lY2FhLTExZTYtOGY4OC0zNDM2M2JjN2M0YzAiOnsiY3JlYXRlIjoxODAwMDAwMDAwMDAwLCJkZWxldGUiOjE4MDAwMDAwMDAwMDAsInJlYWQiOjMwMDAwMDAwMDAwMCwidXBkYXRlIjoxODAwMDAwMDAwMDAwfX0=",
          "dependencies": [
            "azurerm_resource_group.rg"
          ]
        }
      ]
    },
    {
      "mode": "managed",
      "type": "azurerm_resource_group",
      "name": "rg",
      "provider": "provider[\"registry.terraform.io/hashicorp/azurerm\"]",
      "instances": [
        {
          "schema_version": 0,
          "attributes": {
            "id": "/subscriptions/fb89bb2a-64ce-44b2-8261-680f1192d822/resourceGroups/chillphim-rg",
            "location": "japaneast",
            "managed_by": "",
            "name": "chillphim-rg",
            "tags": {
              "Owner": "Phat",
              "Project": "chillphim"
            },
            "timeouts": null
          },
          "sensitive_attributes": [],
          "identity_schema_version": 0,
          "private": "eyJlMmJmYjczMC1lY2FhLTExZTYtOGY4OC0zNDM2M2JjN2M0YzAiOnsiY3JlYXRlIjo1NDAwMDAwMDAwMDAwLCJkZWxldGUiOjU0MDAwMDAwMDAwMDAsInJlYWQiOjMwMDAwMDAwMDAwMCwidXBkYXRlIjo1NDAwMDAwMDAwMDAwfX0="
        }
      ]
    },
    {
      "mode": "managed",
      "type": "azurerm_role_assignment",
      "name": "aks_to_acr",
      "provider": "provider[\"registry.terraform.io/hashicorp/azurerm\"]",
      "instances": [
        {
          "schema_version": 0,
          "attributes": {
            "condition": "",
            "condition_version": "",
            "delegated_managed_identity_resource_id": "",
            "description": "",
            "id": "/subscriptions/fb89bb2a-64ce-44b2-8261-680f1192d822/resourceGroups/chillphim-rg/providers/Microsoft.ContainerRegistry/registries/chillphimacr2026phat/providers/Microsoft.Authorization/roleAssignments/e1e073ef-8848-0ae5-ee84-5ebdd2437893",
            "name": "e1e073ef-8848-0ae5-ee84-5ebdd2437893",
            "principal_id": "c4165776-338d-429d-b47a-89a522a5e3d5",
            "principal_type": "ServicePrincipal",
            "role_definition_id": "/subscriptions/fb89bb2a-64ce-44b2-8261-680f1192d822/providers/Microsoft.Authorization/roleDefinitions/7f951dda-4ed3-4680-a7ca-43fe172d538d",
            "role_definition_name": "AcrPull",
            "scope": "/subscriptions/fb89bb2a-64ce-44b2-8261-680f1192d822/resourceGroups/chillphim-rg/providers/Microsoft.ContainerRegistry/registries/chillphimacr2026phat",
            "skip_service_principal_aad_check": true,
            "timeouts": null
          },
          "sensitive_attributes": [],
          "identity_schema_version": 0,
          "private": "eyJlMmJmYjczMC1lY2FhLTExZTYtOGY4OC0zNDM2M2JjN2M0YzAiOnsiY3JlYXRlIjoxODAwMDAwMDAwMDAwLCJkZWxldGUiOjE4MDAwMDAwMDAwMDAsInJlYWQiOjMwMDAwMDAwMDAwMH19",
          "dependencies": [
            "azurerm_container_registry.acr",
            "azurerm_kubernetes_cluster.aks",
            "azurerm_log_analytics_workspace.log",
            "azurerm_resource_group.rg",
            "azurerm_subnet.gw_subnet",
            "azurerm_subnet.subnet",
            "azurerm_virtual_network.vnet"
          ]
        }
      ]
    },
    {
      "mode": "managed",
      "type": "azurerm_subnet",
      "name": "gw_subnet",
      "provider": "provider[\"registry.terraform.io/hashicorp/azurerm\"]",
      "instances": [
        {
          "schema_version": 0,
          "attributes": {
            "address_prefixes": [
              "10.0.2.0/24"
            ],
            "default_outbound_access_enabled": true,
            "delegation": [],
            "enforce_private_link_endpoint_network_policies": false,
            "enforce_private_link_service_network_policies": false,
            "id": "/subscriptions/fb89bb2a-64ce-44b2-8261-680f1192d822/resourceGroups/chillphim-rg/providers/Microsoft.Network/virtualNetworks/chillphim-vnet/subnets/gateway-subnet",
            "name": "gateway-subnet",
            "private_endpoint_network_policies": "Enabled",
            "private_endpoint_network_policies_enabled": true,
            "private_link_service_network_policies_enabled": true,
            "resource_group_name": "chillphim-rg",
            "service_endpoint_policy_ids": [],
            "service_endpoints": [],
            "timeouts": null,
            "virtual_network_name": "chillphim-vnet"
          },
          "sensitive_attributes": [],
          "identity_schema_version": 0,
          "private": "eyJlMmJmYjczMC1lY2FhLTExZTYtOGY4OC0zNDM2M2JjN2M0YzAiOnsiY3JlYXRlIjoxODAwMDAwMDAwMDAwLCJkZWxldGUiOjE4MDAwMDAwMDAwMDAsInJlYWQiOjMwMDAwMDAwMDAwMCwidXBkYXRlIjoxODAwMDAwMDAwMDAwfX0=",
          "dependencies": [
            "azurerm_resource_group.rg",
            "azurerm_virtual_network.vnet"
          ]
        }
      ]
    },
    {
      "mode": "managed",
      "type": "azurerm_subnet",
      "name": "subnet",
      "provider": "provider[\"registry.terraform.io/hashicorp/azurerm\"]",
      "instances": [
        {
          "schema_version": 0,
          "attributes": {
            "address_prefixes": [
              "10.0.1.0/24"
            ],
            "default_outbound_access_enabled": true,
            "delegation": [],
            "enforce_private_link_endpoint_network_policies": false,
            "enforce_private_link_service_network_policies": false,
            "id": "/subscriptions/fb89bb2a-64ce-44b2-8261-680f1192d822/resourceGroups/chillphim-rg/providers/Microsoft.Network/virtualNetworks/chillphim-vnet/subnets/chillphim-subnet",
            "name": "chillphim-subnet",
            "private_endpoint_network_policies": "Enabled",
            "private_endpoint_network_policies_enabled": true,
            "private_link_service_network_policies_enabled": true,
            "resource_group_name": "chillphim-rg",
            "service_endpoint_policy_ids": [],
            "service_endpoints": [],
            "timeouts": null,
            "virtual_network_name": "chillphim-vnet"
          },
          "sensitive_attributes": [],
          "identity_schema_version": 0,
          "private": "eyJlMmJmYjczMC1lY2FhLTExZTYtOGY4OC0zNDM2M2JjN2M0YzAiOnsiY3JlYXRlIjoxODAwMDAwMDAwMDAwLCJkZWxldGUiOjE4MDAwMDAwMDAwMDAsInJlYWQiOjMwMDAwMDAwMDAwMCwidXBkYXRlIjoxODAwMDAwMDAwMDAwfX0=",
          "dependencies": [
            "azurerm_resource_group.rg",
            "azurerm_virtual_network.vnet"
          ]
        }
      ]
    },
    {
      "mode": "managed",
      "type": "azurerm_subnet_network_security_group_association",
      "name": "aks_nsg_assoc",
      "provider": "provider[\"registry.terraform.io/hashicorp/azurerm\"]",
      "instances": [
        {
          "schema_version": 0,
          "attributes": {
            "id": "/subscriptions/fb89bb2a-64ce-44b2-8261-680f1192d822/resourceGroups/chillphim-rg/providers/Microsoft.Network/virtualNetworks/chillphim-vnet/subnets/chillphim-subnet",
            "network_security_group_id": "/subscriptions/fb89bb2a-64ce-44b2-8261-680f1192d822/resourceGroups/chillphim-rg/providers/Microsoft.Network/networkSecurityGroups/chillphim-aks-nsg",
            "subnet_id": "/subscriptions/fb89bb2a-64ce-44b2-8261-680f1192d822/resourceGroups/chillphim-rg/providers/Microsoft.Network/virtualNetworks/chillphim-vnet/subnets/chillphim-subnet",
            "timeouts": null
          },
          "sensitive_attributes": [],
          "identity_schema_version": 0,
          "private": "eyJlMmJmYjczMC1lY2FhLTExZTYtOGY4OC0zNDM2M2JjN2M0YzAiOnsiY3JlYXRlIjoxODAwMDAwMDAwMDAwLCJkZWxldGUiOjE4MDAwMDAwMDAwMDAsInJlYWQiOjMwMDAwMDAwMDAwMH19",
          "dependencies": [
            "azurerm_network_security_group.aks_nsg",
            "azurerm_resource_group.rg",
            "azurerm_subnet.subnet",
            "azurerm_virtual_network.vnet"
          ]
        }
      ]
    },
    {
      "mode": "managed",
      "type": "azurerm_virtual_network",
      "name": "vnet",
      "provider": "provider[\"registry.terraform.io/hashicorp/azurerm\"]",
      "instances": [
        {
          "schema_version": 0,
          "attributes": {
            "address_space": [
              "10.0.0.0/16"
            ],
            "bgp_community": "",
            "ddos_protection_plan": [],
            "dns_servers": [],
            "edge_zone": "",
            "encryption": [],
            "flow_timeout_in_minutes": 0,
            "guid": "01a08def-231a-4020-92ec-99bed612f366",
            "id": "/subscriptions/fb89bb2a-64ce-44b2-8261-680f1192d822/resourceGroups/chillphim-rg/providers/Microsoft.Network/virtualNetworks/chillphim-vnet",
            "location": "japaneast",
            "name": "chillphim-vnet",
            "resource_group_name": "chillphim-rg",
            "subnet": [
              {
                "address_prefix": "10.0.1.0/24",
                "id": "/subscriptions/fb89bb2a-64ce-44b2-8261-680f1192d822/resourceGroups/chillphim-rg/providers/Microsoft.Network/virtualNetworks/chillphim-vnet/subnets/chillphim-subnet",
                "name": "chillphim-subnet",
                "security_group": ""
              },
              {
                "address_prefix": "10.0.2.0/24",
                "id": "/subscriptions/fb89bb2a-64ce-44b2-8261-680f1192d822/resourceGroups/chillphim-rg/providers/Microsoft.Network/virtualNetworks/chillphim-vnet/subnets/gateway-subnet",
                "name": "gateway-subnet",
                "security_group": ""
              }
            ],
            "tags": {},
            "timeouts": null
          },
          "sensitive_attributes": [],
          "identity_schema_version": 0,
          "private": "eyJlMmJmYjczMC1lY2FhLTExZTYtOGY4OC0zNDM2M2JjN2M0YzAiOnsiY3JlYXRlIjoxODAwMDAwMDAwMDAwLCJkZWxldGUiOjE4MDAwMDAwMDAwMDAsInJlYWQiOjMwMDAwMDAwMDAwMCwidXBkYXRlIjoxODAwMDAwMDAwMDAwfX0=",
          "dependencies": [
            "azurerm_resource_group.rg"
          ]
        }
      ]
    }
  ],
  "check_results": null
}
